
Microsoft Visual Studio Solution File, Format Version 12.00
# Visual Studio Version 17
VisualStudioVersion = 17.4.33213.308
MinimumVisualStudioVersion = 10.0.40219.1
Project("{2150E333-8FDC-42A3-9474-1A3956D46DE8}") = "C2201PLING", "C2201PLING", "{07001D15-5FE2-43B1-ABA7-86C007FF03BF}"
EndProject
Project("{2150E333-8FDC-42A3-9474-1A3956D46DE8}") = "C2202ParallClass", "C2202ParallClass", "{4EA2242A-D9CC-41EF-9010-5F940B028E5A}"
EndProject
Project("{2150E333-8FDC-42A3-9474-1A3956D46DE8}") = "C2203TaskParallelism", "C2203TaskParallelism", "{1B3401EA-E0D5-4961-90EB-C77273F3E03B}"
EndProject
Project("{2150E333-8FDC-42A3-9474-1A3956D46DE8}") = "C2204AggregationException", "C2204AggregationException", "{CE3D5E4B-8C69-4D9D-820D-19217FCEA478}"
EndProject
Project("{2150E333-8FDC-42A3-9474-1A3956D46DE8}") = "C2205ConcurrentCollections", "C2205ConcurrentCollections", "{414E2C9E-7D98-4981-A628-18A1105CAE0D}"
EndProject
Project("{2150E333-8FDC-42A3-9474-1A3956D46DE8}") = "C2206Channels", "C2206Channels", "{123C3E12-12FB-45BE-8504-EDCF2ACC0FE8}"
EndProject
Project("{2150E333-8FDC-42A3-9474-1A3956D46DE8}") = "C2207Spins", "C2207Spins", "{60E34960-32CC-466D-8CB6-5161981E6AA4}"
EndProject
Project("{FAE04EC0-301F-11D3-BF4B-00C04F79EFBC}") = "C2201", "C2201PLING\C2201\C2201.csproj", "{99E189E6-6655-4C15-8988-FABF0E8C325E}"
EndProject
Project("{FAE04EC0-301F-11D3-BF4B-00C04F79EFBC}") = "C2202", "C2201PLING\C2202\C2202.csproj", "{EAEA8FD5-4CEE-43C1-A5B6-C047F93D52F7}"
EndProject
Global
	GlobalSection(SolutionConfigurationPlatforms) = preSolution
		Debug|Any CPU = Debug|Any CPU
		Release|Any CPU = Release|Any CPU
	EndGlobalSection
	GlobalSection(ProjectConfigurationPlatforms) = postSolution
		{99E189E6-6655-4C15-8988-FABF0E8C325E}.Debug|Any CPU.ActiveCfg = Debug|Any CPU
		{99E189E6-6655-4C15-8988-FABF0E8C325E}.Debug|Any CPU.Build.0 = Debug|Any CPU
		{99E189E6-6655-4C15-8988-FABF0E8C325E}.Release|Any CPU.ActiveCfg = Release|Any CPU
		{99E189E6-6655-4C15-8988-FABF0E8C325E}.Release|Any CPU.Build.0 = Release|Any CPU
		{EAEA8FD5-4CEE-43C1-A5B6-C047F93D52F7}.Debug|Any CPU.ActiveCfg = Debug|Any CPU
		{EAEA8FD5-4CEE-43C1-A5B6-C047F93D52F7}.Debug|Any CPU.Build.0 = Debug|Any CPU
		{EAEA8FD5-4CEE-43C1-A5B6-C047F93D52F7}.Release|Any CPU.ActiveCfg = Release|Any CPU
		{EAEA8FD5-4CEE-43C1-A5B6-C047F93D52F7}.Release|Any CPU.Build.0 = Release|Any CPU
	EndGlobalSection
	GlobalSection(SolutionProperties) = preSolution
		HideSolutionNode = FALSE
	EndGlobalSection
	GlobalSection(NestedProjects) = preSolution
		{99E189E6-6655-4C15-8988-FABF0E8C325E} = {07001D15-5FE2-43B1-ABA7-86C007FF03BF}
		{EAEA8FD5-4CEE-43C1-A5B6-C047F93D52F7} = {07001D15-5FE2-43B1-ABA7-86C007FF03BF}
	EndGlobalSection
	GlobalSection(ExtensibilityGlobals) = postSolution
		SolutionGuid = {62528A90-CA84-4399-A301-EE35C9181FAA}
	EndGlobalSection
EndGlobal
