
Microsoft Visual Studio Solution File, Format Version 12.00
# Visual Studio Version 17
VisualStudioVersion = 17.5.33530.505
MinimumVisualStudioVersion = 10.0.40219.1
Project("{8BC9CEB8-8B4A-11D0-8D11-00A0C91BC942}") = "P031", "P031\P031.vcxproj", "{61B75B39-AC84-42D5-A82C-8B9E26ED1629}"
EndProject
Project("{8BC9CEB8-8B4A-11D0-8D11-00A0C91BC942}") = "P033", "P033\P033.vcxproj", "{EDC6A49C-4D9C-4BD5-B56A-A4FDA2B2EB35}"
EndProject
Project("{8BC9CEB8-8B4A-11D0-8D11-00A0C91BC942}") = "P036", "P036\P036.vcxproj", "{2EA8B346-8C99-4A71-A590-75B7FE4BA2DE}"
EndProject
Project("{8BC9CEB8-8B4A-11D0-8D11-00A0C91BC942}") = "P037", "P037\P037.vcxproj", "{CEDDF0D6-3A28-4347-9412-EC2534EE5090}"
EndProject
Project("{8BC9CEB8-8B4A-11D0-8D11-00A0C91BC942}") = "P038", "P038\P038.vcxproj", "{D9610662-FA12-4DB3-AC92-D972C15C1031}"
EndProject
Project("{8BC9CEB8-8B4A-11D0-8D11-00A0C91BC942}") = "P035", "P035\P035.vcxproj", "{2C810FEF-CE2B-42E1-AA11-53B61F349F61}"
EndProject
Project("{8BC9CEB8-8B4A-11D0-8D11-00A0C91BC942}") = "P039", "P039\P039.vcxproj", "{B382A248-6A01-4F8E-AC4E-947F4B1693B8}"
EndProject
Project("{8BC9CEB8-8B4A-11D0-8D11-00A0C91BC942}") = "P041", "P041\P041.vcxproj", "{DF65573A-5AE1-4581-9D8E-C01A9DF954F7}"
EndProject
Project("{8BC9CEB8-8B4A-11D0-8D11-00A0C91BC942}") = "P029", "P029\P029.vcxproj", "{6F933A15-177D-4734-A45B-AD5312BEC4AD}"
EndProject
Global
	GlobalSection(SolutionConfigurationPlatforms) = preSolution
		Debug|x64 = Debug|x64
		Debug|x86 = Debug|x86
		Release|x64 = Release|x64
		Release|x86 = Release|x86
	EndGlobalSection
	GlobalSection(ProjectConfigurationPlatforms) = postSolution
		{61B75B39-AC84-42D5-A82C-8B9E26ED1629}.Debug|x64.ActiveCfg = Debug|x64
		{61B75B39-AC84-42D5-A82C-8B9E26ED1629}.Debug|x64.Build.0 = Debug|x64
		{61B75B39-AC84-42D5-A82C-8B9E26ED1629}.Debug|x86.ActiveCfg = Debug|Win32
		{61B75B39-AC84-42D5-A82C-8B9E26ED1629}.Debug|x86.Build.0 = Debug|Win32
		{61B75B39-AC84-42D5-A82C-8B9E26ED1629}.Release|x64.ActiveCfg = Release|x64
		{61B75B39-AC84-42D5-A82C-8B9E26ED1629}.Release|x64.Build.0 = Release|x64
		{61B75B39-AC84-42D5-A82C-8B9E26ED1629}.Release|x86.ActiveCfg = Release|Win32
		{61B75B39-AC84-42D5-A82C-8B9E26ED1629}.Release|x86.Build.0 = Release|Win32
		{EDC6A49C-4D9C-4BD5-B56A-A4FDA2B2EB35}.Debug|x64.ActiveCfg = Debug|x64
		{EDC6A49C-4D9C-4BD5-B56A-A4FDA2B2EB35}.Debug|x64.Build.0 = Debug|x64
		{EDC6A49C-4D9C-4BD5-B56A-A4FDA2B2EB35}.Debug|x86.ActiveCfg = Debug|Win32
		{EDC6A49C-4D9C-4BD5-B56A-A4FDA2B2EB35}.Debug|x86.Build.0 = Debug|Win32
		{EDC6A49C-4D9C-4BD5-B56A-A4FDA2B2EB35}.Release|x64.ActiveCfg = Release|x64
		{EDC6A49C-4D9C-4BD5-B56A-A4FDA2B2EB35}.Release|x64.Build.0 = Release|x64
		{EDC6A49C-4D9C-4BD5-B56A-A4FDA2B2EB35}.Release|x86.ActiveCfg = Release|Win32
		{EDC6A49C-4D9C-4BD5-B56A-A4FDA2B2EB35}.Release|x86.Build.0 = Release|Win32
		{2EA8B346-8C99-4A71-A590-75B7FE4BA2DE}.Debug|x64.ActiveCfg = Debug|x64
		{2EA8B346-8C99-4A71-A590-75B7FE4BA2DE}.Debug|x64.Build.0 = Debug|x64
		{2EA8B346-8C99-4A71-A590-75B7FE4BA2DE}.Debug|x86.ActiveCfg = Debug|Win32
		{2EA8B346-8C99-4A71-A590-75B7FE4BA2DE}.Debug|x86.Build.0 = Debug|Win32
		{2EA8B346-8C99-4A71-A590-75B7FE4BA2DE}.Release|x64.ActiveCfg = Release|x64
		{2EA8B346-8C99-4A71-A590-75B7FE4BA2DE}.Release|x64.Build.0 = Release|x64
		{2EA8B346-8C99-4A71-A590-75B7FE4BA2DE}.Release|x86.ActiveCfg = Release|Win32
		{2EA8B346-8C99-4A71-A590-75B7FE4BA2DE}.Release|x86.Build.0 = Release|Win32
		{CEDDF0D6-3A28-4347-9412-EC2534EE5090}.Debug|x64.ActiveCfg = Debug|x64
		{CEDDF0D6-3A28-4347-9412-EC2534EE5090}.Debug|x64.Build.0 = Debug|x64
		{CEDDF0D6-3A28-4347-9412-EC2534EE5090}.Debug|x86.ActiveCfg = Debug|Win32
		{CEDDF0D6-3A28-4347-9412-EC2534EE5090}.Debug|x86.Build.0 = Debug|Win32
		{CEDDF0D6-3A28-4347-9412-EC2534EE5090}.Release|x64.ActiveCfg = Release|x64
		{CEDDF0D6-3A28-4347-9412-EC2534EE5090}.Release|x64.Build.0 = Release|x64
		{CEDDF0D6-3A28-4347-9412-EC2534EE5090}.Release|x86.ActiveCfg = Release|Win32
		{CEDDF0D6-3A28-4347-9412-EC2534EE5090}.Release|x86.Build.0 = Release|Win32
		{D9610662-FA12-4DB3-AC92-D972C15C1031}.Debug|x64.ActiveCfg = Debug|x64
		{D9610662-FA12-4DB3-AC92-D972C15C1031}.Debug|x64.Build.0 = Debug|x64
		{D9610662-FA12-4DB3-AC92-D972C15C1031}.Debug|x86.ActiveCfg = Debug|Win32
		{D9610662-FA12-4DB3-AC92-D972C15C1031}.Debug|x86.Build.0 = Debug|Win32
		{D9610662-FA12-4DB3-AC92-D972C15C1031}.Release|x64.ActiveCfg = Release|x64
		{D9610662-FA12-4DB3-AC92-D972C15C1031}.Release|x64.Build.0 = Release|x64
		{D9610662-FA12-4DB3-AC92-D972C15C1031}.Release|x86.ActiveCfg = Release|Win32
		{D9610662-FA12-4DB3-AC92-D972C15C1031}.Release|x86.Build.0 = Release|Win32
		{2C810FEF-CE2B-42E1-AA11-53B61F349F61}.Debug|x64.ActiveCfg = Debug|x64
		{2C810FEF-CE2B-42E1-AA11-53B61F349F61}.Debug|x64.Build.0 = Debug|x64
		{2C810FEF-CE2B-42E1-AA11-53B61F349F61}.Debug|x86.ActiveCfg = Debug|Win32
		{2C810FEF-CE2B-42E1-AA11-53B61F349F61}.Debug|x86.Build.0 = Debug|Win32
		{2C810FEF-CE2B-42E1-AA11-53B61F349F61}.Release|x64.ActiveCfg = Release|x64
		{2C810FEF-CE2B-42E1-AA11-53B61F349F61}.Release|x64.Build.0 = Release|x64
		{2C810FEF-CE2B-42E1-AA11-53B61F349F61}.Release|x86.ActiveCfg = Release|Win32
		{2C810FEF-CE2B-42E1-AA11-53B61F349F61}.Release|x86.Build.0 = Release|Win32
		{B382A248-6A01-4F8E-AC4E-947F4B1693B8}.Debug|x64.ActiveCfg = Debug|x64
		{B382A248-6A01-4F8E-AC4E-947F4B1693B8}.Debug|x64.Build.0 = Debug|x64
		{B382A248-6A01-4F8E-AC4E-947F4B1693B8}.Debug|x86.ActiveCfg = Debug|Win32
		{B382A248-6A01-4F8E-AC4E-947F4B1693B8}.Debug|x86.Build.0 = Debug|Win32
		{B382A248-6A01-4F8E-AC4E-947F4B1693B8}.Release|x64.ActiveCfg = Release|x64
		{B382A248-6A01-4F8E-AC4E-947F4B1693B8}.Release|x64.Build.0 = Release|x64
		{B382A248-6A01-4F8E-AC4E-947F4B1693B8}.Release|x86.ActiveCfg = Release|Win32
		{B382A248-6A01-4F8E-AC4E-947F4B1693B8}.Release|x86.Build.0 = Release|Win32
		{DF65573A-5AE1-4581-9D8E-C01A9DF954F7}.Debug|x64.ActiveCfg = Debug|x64
		{DF65573A-5AE1-4581-9D8E-C01A9DF954F7}.Debug|x64.Build.0 = Debug|x64
		{DF65573A-5AE1-4581-9D8E-C01A9DF954F7}.Debug|x86.ActiveCfg = Debug|Win32
		{DF65573A-5AE1-4581-9D8E-C01A9DF954F7}.Debug|x86.Build.0 = Debug|Win32
		{DF65573A-5AE1-4581-9D8E-C01A9DF954F7}.Release|x64.ActiveCfg = Release|x64
		{DF65573A-5AE1-4581-9D8E-C01A9DF954F7}.Release|x64.Build.0 = Release|x64
		{DF65573A-5AE1-4581-9D8E-C01A9DF954F7}.Release|x86.ActiveCfg = Release|Win32
		{DF65573A-5AE1-4581-9D8E-C01A9DF954F7}.Release|x86.Build.0 = Release|Win32
		{6F933A15-177D-4734-A45B-AD5312BEC4AD}.Debug|x64.ActiveCfg = Debug|x64
		{6F933A15-177D-4734-A45B-AD5312BEC4AD}.Debug|x64.Build.0 = Debug|x64
		{6F933A15-177D-4734-A45B-AD5312BEC4AD}.Debug|x86.ActiveCfg = Debug|Win32
		{6F933A15-177D-4734-A45B-AD5312BEC4AD}.Debug|x86.Build.0 = Debug|Win32
		{6F933A15-177D-4734-A45B-AD5312BEC4AD}.Release|x64.ActiveCfg = Release|x64
		{6F933A15-177D-4734-A45B-AD5312BEC4AD}.Release|x64.Build.0 = Release|x64
		{6F933A15-177D-4734-A45B-AD5312BEC4AD}.Release|x86.ActiveCfg = Release|Win32
		{6F933A15-177D-4734-A45B-AD5312BEC4AD}.Release|x86.Build.0 = Release|Win32
	EndGlobalSection
	GlobalSection(SolutionProperties) = preSolution
		HideSolutionNode = FALSE
	EndGlobalSection
	GlobalSection(ExtensibilityGlobals) = postSolution
		SolutionGuid = {D7F0440E-B5E9-4F60-B48B-C71D7C7ABEC7}
	EndGlobalSection
EndGlobal
