
Microsoft Visual Studio Solution File, Format Version 12.00
# Visual Studio Version 17
VisualStudioVersion = 17.7.34009.444
MinimumVisualStudioVersion = 10.0.40219.1
Project("{8BC9CEB8-8B4A-11D0-8D11-00A0C91BC942}") = "P139", "P139\P139.vcxproj", "{1BEB514D-5B36-4EDE-9778-574E11A99214}"
EndProject
Project("{8BC9CEB8-8B4A-11D0-8D11-00A0C91BC942}") = "P140", "P140\P140.vcxproj", "{2A33888B-7588-4892-9898-809772D7031F}"
EndProject
Project("{8BC9CEB8-8B4A-11D0-8D11-00A0C91BC942}") = "P141", "P141\P141.vcxproj", "{3A5BFFC2-A30B-4751-A4AB-9F9488C13792}"
EndProject
Project("{8BC9CEB8-8B4A-11D0-8D11-00A0C91BC942}") = "P142", "P142\P142.vcxproj", "{5C5EF0F6-24A4-4EC3-B44F-54211EF16DFC}"
EndProject
Project("{8BC9CEB8-8B4A-11D0-8D11-00A0C91BC942}") = "P143", "P143\P143.vcxproj", "{88C9BFB3-77B5-490A-9591-17F4DF498D18}"
EndProject
Project("{8BC9CEB8-8B4A-11D0-8D11-00A0C91BC942}") = "P148", "P148\P148.vcxproj", "{F4C5A7DD-E37F-4890-80E1-10E38F3F4845}"
EndProject
Project("{8BC9CEB8-8B4A-11D0-8D11-00A0C91BC942}") = "P150", "P150\P150.vcxproj", "{1E7037E7-F7EB-4C98-AE0A-EF821450263F}"
EndProject
Project("{8BC9CEB8-8B4A-11D0-8D11-00A0C91BC942}") = "C1101Output", "C1101Output\C1101.vcxproj", "{D13C3A4B-60BB-4137-B154-6F22A8B800E3}"
EndProject
Project("{8BC9CEB8-8B4A-11D0-8D11-00A0C91BC942}") = "C1102Input", "C1102Input\C1102.vcxproj", "{1EF53E14-799C-4EBC-8117-E2A4BEE10DE2}"
EndProject
Project("{8BC9CEB8-8B4A-11D0-8D11-00A0C91BC942}") = "C1103State", "C1103State\C1103State.vcxproj", "{B5711F7B-39C2-4AED-9CC1-77F217542413}"
EndProject
Global
	GlobalSection(SolutionConfigurationPlatforms) = preSolution
		Debug|x64 = Debug|x64
		Debug|x86 = Debug|x86
		Release|x64 = Release|x64
		Release|x86 = Release|x86
	EndGlobalSection
	GlobalSection(ProjectConfigurationPlatforms) = postSolution
		{1BEB514D-5B36-4EDE-9778-574E11A99214}.Debug|x64.ActiveCfg = Debug|x64
		{1BEB514D-5B36-4EDE-9778-574E11A99214}.Debug|x64.Build.0 = Debug|x64
		{1BEB514D-5B36-4EDE-9778-574E11A99214}.Debug|x86.ActiveCfg = Debug|Win32
		{1BEB514D-5B36-4EDE-9778-574E11A99214}.Debug|x86.Build.0 = Debug|Win32
		{1BEB514D-5B36-4EDE-9778-574E11A99214}.Release|x64.ActiveCfg = Release|x64
		{1BEB514D-5B36-4EDE-9778-574E11A99214}.Release|x64.Build.0 = Release|x64
		{1BEB514D-5B36-4EDE-9778-574E11A99214}.Release|x86.ActiveCfg = Release|Win32
		{1BEB514D-5B36-4EDE-9778-574E11A99214}.Release|x86.Build.0 = Release|Win32
		{2A33888B-7588-4892-9898-809772D7031F}.Debug|x64.ActiveCfg = Debug|x64
		{2A33888B-7588-4892-9898-809772D7031F}.Debug|x64.Build.0 = Debug|x64
		{2A33888B-7588-4892-9898-809772D7031F}.Debug|x86.ActiveCfg = Debug|Win32
		{2A33888B-7588-4892-9898-809772D7031F}.Debug|x86.Build.0 = Debug|Win32
		{2A33888B-7588-4892-9898-809772D7031F}.Release|x64.ActiveCfg = Release|x64
		{2A33888B-7588-4892-9898-809772D7031F}.Release|x64.Build.0 = Release|x64
		{2A33888B-7588-4892-9898-809772D7031F}.Release|x86.ActiveCfg = Release|Win32
		{2A33888B-7588-4892-9898-809772D7031F}.Release|x86.Build.0 = Release|Win32
		{3A5BFFC2-A30B-4751-A4AB-9F9488C13792}.Debug|x64.ActiveCfg = Debug|x64
		{3A5BFFC2-A30B-4751-A4AB-9F9488C13792}.Debug|x64.Build.0 = Debug|x64
		{3A5BFFC2-A30B-4751-A4AB-9F9488C13792}.Debug|x86.ActiveCfg = Debug|Win32
		{3A5BFFC2-A30B-4751-A4AB-9F9488C13792}.Debug|x86.Build.0 = Debug|Win32
		{3A5BFFC2-A30B-4751-A4AB-9F9488C13792}.Release|x64.ActiveCfg = Release|x64
		{3A5BFFC2-A30B-4751-A4AB-9F9488C13792}.Release|x64.Build.0 = Release|x64
		{3A5BFFC2-A30B-4751-A4AB-9F9488C13792}.Release|x86.ActiveCfg = Release|Win32
		{3A5BFFC2-A30B-4751-A4AB-9F9488C13792}.Release|x86.Build.0 = Release|Win32
		{5C5EF0F6-24A4-4EC3-B44F-54211EF16DFC}.Debug|x64.ActiveCfg = Debug|x64
		{5C5EF0F6-24A4-4EC3-B44F-54211EF16DFC}.Debug|x64.Build.0 = Debug|x64
		{5C5EF0F6-24A4-4EC3-B44F-54211EF16DFC}.Debug|x86.ActiveCfg = Debug|Win32
		{5C5EF0F6-24A4-4EC3-B44F-54211EF16DFC}.Debug|x86.Build.0 = Debug|Win32
		{5C5EF0F6-24A4-4EC3-B44F-54211EF16DFC}.Release|x64.ActiveCfg = Release|x64
		{5C5EF0F6-24A4-4EC3-B44F-54211EF16DFC}.Release|x64.Build.0 = Release|x64
		{5C5EF0F6-24A4-4EC3-B44F-54211EF16DFC}.Release|x86.ActiveCfg = Release|Win32
		{5C5EF0F6-24A4-4EC3-B44F-54211EF16DFC}.Release|x86.Build.0 = Release|Win32
		{88C9BFB3-77B5-490A-9591-17F4DF498D18}.Debug|x64.ActiveCfg = Debug|x64
		{88C9BFB3-77B5-490A-9591-17F4DF498D18}.Debug|x64.Build.0 = Debug|x64
		{88C9BFB3-77B5-490A-9591-17F4DF498D18}.Debug|x86.ActiveCfg = Debug|Win32
		{88C9BFB3-77B5-490A-9591-17F4DF498D18}.Debug|x86.Build.0 = Debug|Win32
		{88C9BFB3-77B5-490A-9591-17F4DF498D18}.Release|x64.ActiveCfg = Release|x64
		{88C9BFB3-77B5-490A-9591-17F4DF498D18}.Release|x64.Build.0 = Release|x64
		{88C9BFB3-77B5-490A-9591-17F4DF498D18}.Release|x86.ActiveCfg = Release|Win32
		{88C9BFB3-77B5-490A-9591-17F4DF498D18}.Release|x86.Build.0 = Release|Win32
		{F4C5A7DD-E37F-4890-80E1-10E38F3F4845}.Debug|x64.ActiveCfg = Debug|x64
		{F4C5A7DD-E37F-4890-80E1-10E38F3F4845}.Debug|x64.Build.0 = Debug|x64
		{F4C5A7DD-E37F-4890-80E1-10E38F3F4845}.Debug|x86.ActiveCfg = Debug|Win32
		{F4C5A7DD-E37F-4890-80E1-10E38F3F4845}.Debug|x86.Build.0 = Debug|Win32
		{F4C5A7DD-E37F-4890-80E1-10E38F3F4845}.Release|x64.ActiveCfg = Release|x64
		{F4C5A7DD-E37F-4890-80E1-10E38F3F4845}.Release|x64.Build.0 = Release|x64
		{F4C5A7DD-E37F-4890-80E1-10E38F3F4845}.Release|x86.ActiveCfg = Release|Win32
		{F4C5A7DD-E37F-4890-80E1-10E38F3F4845}.Release|x86.Build.0 = Release|Win32
		{1E7037E7-F7EB-4C98-AE0A-EF821450263F}.Debug|x64.ActiveCfg = Debug|x64
		{1E7037E7-F7EB-4C98-AE0A-EF821450263F}.Debug|x64.Build.0 = Debug|x64
		{1E7037E7-F7EB-4C98-AE0A-EF821450263F}.Debug|x86.ActiveCfg = Debug|Win32
		{1E7037E7-F7EB-4C98-AE0A-EF821450263F}.Debug|x86.Build.0 = Debug|Win32
		{1E7037E7-F7EB-4C98-AE0A-EF821450263F}.Release|x64.ActiveCfg = Release|x64
		{1E7037E7-F7EB-4C98-AE0A-EF821450263F}.Release|x64.Build.0 = Release|x64
		{1E7037E7-F7EB-4C98-AE0A-EF821450263F}.Release|x86.ActiveCfg = Release|Win32
		{1E7037E7-F7EB-4C98-AE0A-EF821450263F}.Release|x86.Build.0 = Release|Win32
		{D13C3A4B-60BB-4137-B154-6F22A8B800E3}.Debug|x64.ActiveCfg = Debug|x64
		{D13C3A4B-60BB-4137-B154-6F22A8B800E3}.Debug|x64.Build.0 = Debug|x64
		{D13C3A4B-60BB-4137-B154-6F22A8B800E3}.Debug|x86.ActiveCfg = Debug|Win32
		{D13C3A4B-60BB-4137-B154-6F22A8B800E3}.Debug|x86.Build.0 = Debug|Win32
		{D13C3A4B-60BB-4137-B154-6F22A8B800E3}.Release|x64.ActiveCfg = Release|x64
		{D13C3A4B-60BB-4137-B154-6F22A8B800E3}.Release|x64.Build.0 = Release|x64
		{D13C3A4B-60BB-4137-B154-6F22A8B800E3}.Release|x86.ActiveCfg = Release|Win32
		{D13C3A4B-60BB-4137-B154-6F22A8B800E3}.Release|x86.Build.0 = Release|Win32
		{1EF53E14-799C-4EBC-8117-E2A4BEE10DE2}.Debug|x64.ActiveCfg = Debug|x64
		{1EF53E14-799C-4EBC-8117-E2A4BEE10DE2}.Debug|x64.Build.0 = Debug|x64
		{1EF53E14-799C-4EBC-8117-E2A4BEE10DE2}.Debug|x86.ActiveCfg = Debug|Win32
		{1EF53E14-799C-4EBC-8117-E2A4BEE10DE2}.Debug|x86.Build.0 = Debug|Win32
		{1EF53E14-799C-4EBC-8117-E2A4BEE10DE2}.Release|x64.ActiveCfg = Release|x64
		{1EF53E14-799C-4EBC-8117-E2A4BEE10DE2}.Release|x64.Build.0 = Release|x64
		{1EF53E14-799C-4EBC-8117-E2A4BEE10DE2}.Release|x86.ActiveCfg = Release|Win32
		{1EF53E14-799C-4EBC-8117-E2A4BEE10DE2}.Release|x86.Build.0 = Release|Win32
		{B5711F7B-39C2-4AED-9CC1-77F217542413}.Debug|x64.ActiveCfg = Debug|x64
		{B5711F7B-39C2-4AED-9CC1-77F217542413}.Debug|x64.Build.0 = Debug|x64
		{B5711F7B-39C2-4AED-9CC1-77F217542413}.Debug|x86.ActiveCfg = Debug|Win32
		{B5711F7B-39C2-4AED-9CC1-77F217542413}.Debug|x86.Build.0 = Debug|Win32
		{B5711F7B-39C2-4AED-9CC1-77F217542413}.Release|x64.ActiveCfg = Release|x64
		{B5711F7B-39C2-4AED-9CC1-77F217542413}.Release|x64.Build.0 = Release|x64
		{B5711F7B-39C2-4AED-9CC1-77F217542413}.Release|x86.ActiveCfg = Release|Win32
		{B5711F7B-39C2-4AED-9CC1-77F217542413}.Release|x86.Build.0 = Release|Win32
	EndGlobalSection
	GlobalSection(SolutionProperties) = preSolution
		HideSolutionNode = FALSE
	EndGlobalSection
	GlobalSection(ExtensibilityGlobals) = postSolution
		SolutionGuid = {5B775D57-71B7-4699-94E7-1D2825B51AD3}
	EndGlobalSection
EndGlobal
