
Microsoft Visual Studio Solution File, Format Version 12.00
# Visual Studio Version 17
VisualStudioVersion = 17.14.36511.14
MinimumVisualStudioVersion = 10.0.40219.1
Project("{8BC9CEB8-8B4A-11D0-8D11-00A0C91BC942}") = "C060201_Sequence_containers", "C060201_Sequence_containers\C060201_Sequence_containers.vcxproj", "{5B08B55F-2E71-4479-887D-A65EF04CFFBC}"
EndProject
Project("{8BC9CEB8-8B4A-11D0-8D11-00A0C91BC942}") = "C060202_Associative_containers", "C060202_Associative_containers\C060202_Associative_containers.vcxproj", "{8AA6447E-1D05-49AF-A8F6-0BA260BF27F1}"
EndProject
Project("{8BC9CEB8-8B4A-11D0-8D11-00A0C91BC942}") = "C060203_Unordered_containers", "C060203_Unordered_containers\C060203_Unordered_containers.vcxproj", "{50D65266-C7F6-4515-BF1C-3C41E1F0E02E}"
EndProject
Project("{8BC9CEB8-8B4A-11D0-8D11-00A0C91BC942}") = "C060204_Associative_arrays", "C060204_Associative_arrays\C060204_Associative_arrays.vcxproj", "{C0EE5D1A-FD29-46C2-857E-9EF530FA8539}"
EndProject
Project("{8BC9CEB8-8B4A-11D0-8D11-00A0C91BC942}") = "C060205_Other_containers", "C060205_Other_containers\C060205_Other_containers.vcxproj", "{DBF85DF3-3E04-44CD-9D33-AC609D2D5BBF}"
EndProject
Project("{8BC9CEB8-8B4A-11D0-8D11-00A0C91BC942}") = "C060206_Container_Adapters", "C060206_Container_Adapters\C060206_Container_Adapters.vcxproj", "{A4DD976E-369F-4A08-99F4-BC9F26AEDDFA}"
EndProject
Project("{8BC9CEB8-8B4A-11D0-8D11-00A0C91BC942}") = "C060301_Examples", "C060301_Examples\C060301_Examples.vcxproj", "{9E42D131-63CD-4E78-9C0B-90DC056A3E4C}"
EndProject
Project("{8BC9CEB8-8B4A-11D0-8D11-00A0C91BC942}") = "C0604_Algorithms", "C0604_Algorithms\C0604_Algorithms.vcxproj", "{F43FDC65-ACF4-4930-9301-3BD740E8387D}"
EndProject
Project("{8BC9CEB8-8B4A-11D0-8D11-00A0C91BC942}") = "C060401_Ranges", "C060401_Ranges\C060401_Ranges.vcxproj", "{CE9657EC-A7AC-4669-B2ED-F98AF02CD46B}"
EndProject
Project("{8BC9CEB8-8B4A-11D0-8D11-00A0C91BC942}") = "C060402_Multiple_ranges", "C060402_Multiple_ranges\C060402_Multiple_ranges.vcxproj", "{940DB47D-B766-4CE5-A9CD-CAD543EBD0FA}"
EndProject
Project("{8BC9CEB8-8B4A-11D0-8D11-00A0C91BC942}") = "C060501_Insert_iterators", "C060501_Insert_iterators\C060501_Insert_iterators.vcxproj", "{766F9EE2-3AA7-4F26-A1E5-66588EDA77BF}"
EndProject
Project("{8BC9CEB8-8B4A-11D0-8D11-00A0C91BC942}") = "C060502_Stream_iterators", "C060502_Stream_iterators\C060502_Stream_iterators.vcxproj", "{C38FB642-B48E-45C0-A849-D3D8AAC632F5}"
EndProject
Project("{8BC9CEB8-8B4A-11D0-8D11-00A0C91BC942}") = "C060503_Reverse_iterators", "C060503_Reverse_iterators\C060503_Reverse_iterators.vcxproj", "{61A952B1-EAE2-4599-AB3D-CC14DDCD4D23}"
EndProject
Project("{8BC9CEB8-8B4A-11D0-8D11-00A0C91BC942}") = "C0606_User_defined_generic_functions", "C0606_User_defined_generic_functions\C0606_User_defined_generic_functions.vcxproj", "{6478E2B0-4DA7-45E3-8C93-95AB85557433}"
EndProject
Project("{8BC9CEB8-8B4A-11D0-8D11-00A0C91BC942}") = "C060701_Removing_elements", "C060701_Removing_elements\C060701_Removing_elements.vcxproj", "{D4FE7BA8-B649-411F-A9B5-840B5939D03E}"
EndProject
Project("{8BC9CEB8-8B4A-11D0-8D11-00A0C91BC942}") = "C060702_Manipulation", "C060702_Manipulation\C060702_Manipulation.vcxproj", "{EA047D1A-F5D2-41B7-A6B9-57E443BEDA00}"
EndProject
Project("{8BC9CEB8-8B4A-11D0-8D11-00A0C91BC942}") = "C060703_Functions", "C060703_Functions\C060703_Functions.vcxproj", "{B9A1ABF8-BD4E-4628-BD41-F38617F1AD8B}"
EndProject
Project("{8BC9CEB8-8B4A-11D0-8D11-00A0C91BC942}") = "C060801_Algorithm_Arguments", "C060801_Algorithm_Arguments\C060801_Algorithm_Arguments.vcxproj", "{24DCAAF4-EE7A-4875-A37B-315485C9C780}"
EndProject
Project("{8BC9CEB8-8B4A-11D0-8D11-00A0C91BC942}") = "C060802_Predicates", "C060802_Predicates\C060802_Predicates.vcxproj", "{83DB05FC-3D8D-4EED-965A-40EF4B6505AB}"
EndProject
Project("{8BC9CEB8-8B4A-11D0-8D11-00A0C91BC942}") = "C0609_Using_Lambdas", "C0609_Using_Lambdas\C0609_Using_Lambdas.vcxproj", "{609BBC8A-2320-4A68-ACC6-8F71074A0CA3}"
EndProject
Project("{8BC9CEB8-8B4A-11D0-8D11-00A0C91BC942}") = "C061001_Define_Function_Objects", "C061001_Define_Function_Objects\C061001_Define_Function_Objects.vcxproj", "{1303EFFE-9914-4674-A8C7-F0CE9DDD8734}"
EndProject
Project("{8BC9CEB8-8B4A-11D0-8D11-00A0C91BC942}") = "C061002_Predefined_Function_Objects", "C061002_Predefined_Function_Objects\C061002_Predefined_Function_Objects.vcxproj", "{4BE81784-2495-4D41-877B-B1D126F08A1A}"
EndProject
Project("{8BC9CEB8-8B4A-11D0-8D11-00A0C91BC942}") = "C061003_Binders", "C061003_Binders\C061003_Binders.vcxproj", "{1B7C86D2-1282-4923-A8A1-62DD57FAD5F5}"
EndProject
Global
	GlobalSection(SolutionConfigurationPlatforms) = preSolution
		Debug|x64 = Debug|x64
		Debug|x86 = Debug|x86
		Release|x64 = Release|x64
		Release|x86 = Release|x86
	EndGlobalSection
	GlobalSection(ProjectConfigurationPlatforms) = postSolution
		{5B08B55F-2E71-4479-887D-A65EF04CFFBC}.Debug|x64.ActiveCfg = Debug|x64
		{5B08B55F-2E71-4479-887D-A65EF04CFFBC}.Debug|x64.Build.0 = Debug|x64
		{5B08B55F-2E71-4479-887D-A65EF04CFFBC}.Debug|x86.ActiveCfg = Debug|Win32
		{5B08B55F-2E71-4479-887D-A65EF04CFFBC}.Debug|x86.Build.0 = Debug|Win32
		{5B08B55F-2E71-4479-887D-A65EF04CFFBC}.Release|x64.ActiveCfg = Release|x64
		{5B08B55F-2E71-4479-887D-A65EF04CFFBC}.Release|x64.Build.0 = Release|x64
		{5B08B55F-2E71-4479-887D-A65EF04CFFBC}.Release|x86.ActiveCfg = Release|Win32
		{5B08B55F-2E71-4479-887D-A65EF04CFFBC}.Release|x86.Build.0 = Release|Win32
		{8AA6447E-1D05-49AF-A8F6-0BA260BF27F1}.Debug|x64.ActiveCfg = Debug|x64
		{8AA6447E-1D05-49AF-A8F6-0BA260BF27F1}.Debug|x64.Build.0 = Debug|x64
		{8AA6447E-1D05-49AF-A8F6-0BA260BF27F1}.Debug|x86.ActiveCfg = Debug|Win32
		{8AA6447E-1D05-49AF-A8F6-0BA260BF27F1}.Debug|x86.Build.0 = Debug|Win32
		{8AA6447E-1D05-49AF-A8F6-0BA260BF27F1}.Release|x64.ActiveCfg = Release|x64
		{8AA6447E-1D05-49AF-A8F6-0BA260BF27F1}.Release|x64.Build.0 = Release|x64
		{8AA6447E-1D05-49AF-A8F6-0BA260BF27F1}.Release|x86.ActiveCfg = Release|Win32
		{8AA6447E-1D05-49AF-A8F6-0BA260BF27F1}.Release|x86.Build.0 = Release|Win32
		{50D65266-C7F6-4515-BF1C-3C41E1F0E02E}.Debug|x64.ActiveCfg = Debug|x64
		{50D65266-C7F6-4515-BF1C-3C41E1F0E02E}.Debug|x64.Build.0 = Debug|x64
		{50D65266-C7F6-4515-BF1C-3C41E1F0E02E}.Debug|x86.ActiveCfg = Debug|Win32
		{50D65266-C7F6-4515-BF1C-3C41E1F0E02E}.Debug|x86.Build.0 = Debug|Win32
		{50D65266-C7F6-4515-BF1C-3C41E1F0E02E}.Release|x64.ActiveCfg = Release|x64
		{50D65266-C7F6-4515-BF1C-3C41E1F0E02E}.Release|x64.Build.0 = Release|x64
		{50D65266-C7F6-4515-BF1C-3C41E1F0E02E}.Release|x86.ActiveCfg = Release|Win32
		{50D65266-C7F6-4515-BF1C-3C41E1F0E02E}.Release|x86.Build.0 = Release|Win32
		{C0EE5D1A-FD29-46C2-857E-9EF530FA8539}.Debug|x64.ActiveCfg = Debug|x64
		{C0EE5D1A-FD29-46C2-857E-9EF530FA8539}.Debug|x64.Build.0 = Debug|x64
		{C0EE5D1A-FD29-46C2-857E-9EF530FA8539}.Debug|x86.ActiveCfg = Debug|Win32
		{C0EE5D1A-FD29-46C2-857E-9EF530FA8539}.Debug|x86.Build.0 = Debug|Win32
		{C0EE5D1A-FD29-46C2-857E-9EF530FA8539}.Release|x64.ActiveCfg = Release|x64
		{C0EE5D1A-FD29-46C2-857E-9EF530FA8539}.Release|x64.Build.0 = Release|x64
		{C0EE5D1A-FD29-46C2-857E-9EF530FA8539}.Release|x86.ActiveCfg = Release|Win32
		{C0EE5D1A-FD29-46C2-857E-9EF530FA8539}.Release|x86.Build.0 = Release|Win32
		{DBF85DF3-3E04-44CD-9D33-AC609D2D5BBF}.Debug|x64.ActiveCfg = Debug|x64
		{DBF85DF3-3E04-44CD-9D33-AC609D2D5BBF}.Debug|x64.Build.0 = Debug|x64
		{DBF85DF3-3E04-44CD-9D33-AC609D2D5BBF}.Debug|x86.ActiveCfg = Debug|Win32
		{DBF85DF3-3E04-44CD-9D33-AC609D2D5BBF}.Debug|x86.Build.0 = Debug|Win32
		{DBF85DF3-3E04-44CD-9D33-AC609D2D5BBF}.Release|x64.ActiveCfg = Release|x64
		{DBF85DF3-3E04-44CD-9D33-AC609D2D5BBF}.Release|x64.Build.0 = Release|x64
		{DBF85DF3-3E04-44CD-9D33-AC609D2D5BBF}.Release|x86.ActiveCfg = Release|Win32
		{DBF85DF3-3E04-44CD-9D33-AC609D2D5BBF}.Release|x86.Build.0 = Release|Win32
		{A4DD976E-369F-4A08-99F4-BC9F26AEDDFA}.Debug|x64.ActiveCfg = Debug|x64
		{A4DD976E-369F-4A08-99F4-BC9F26AEDDFA}.Debug|x64.Build.0 = Debug|x64
		{A4DD976E-369F-4A08-99F4-BC9F26AEDDFA}.Debug|x86.ActiveCfg = Debug|Win32
		{A4DD976E-369F-4A08-99F4-BC9F26AEDDFA}.Debug|x86.Build.0 = Debug|Win32
		{A4DD976E-369F-4A08-99F4-BC9F26AEDDFA}.Release|x64.ActiveCfg = Release|x64
		{A4DD976E-369F-4A08-99F4-BC9F26AEDDFA}.Release|x64.Build.0 = Release|x64
		{A4DD976E-369F-4A08-99F4-BC9F26AEDDFA}.Release|x86.ActiveCfg = Release|Win32
		{A4DD976E-369F-4A08-99F4-BC9F26AEDDFA}.Release|x86.Build.0 = Release|Win32
		{9E42D131-63CD-4E78-9C0B-90DC056A3E4C}.Debug|x64.ActiveCfg = Debug|x64
		{9E42D131-63CD-4E78-9C0B-90DC056A3E4C}.Debug|x64.Build.0 = Debug|x64
		{9E42D131-63CD-4E78-9C0B-90DC056A3E4C}.Debug|x86.ActiveCfg = Debug|Win32
		{9E42D131-63CD-4E78-9C0B-90DC056A3E4C}.Debug|x86.Build.0 = Debug|Win32
		{9E42D131-63CD-4E78-9C0B-90DC056A3E4C}.Release|x64.ActiveCfg = Release|x64
		{9E42D131-63CD-4E78-9C0B-90DC056A3E4C}.Release|x64.Build.0 = Release|x64
		{9E42D131-63CD-4E78-9C0B-90DC056A3E4C}.Release|x86.ActiveCfg = Release|Win32
		{9E42D131-63CD-4E78-9C0B-90DC056A3E4C}.Release|x86.Build.0 = Release|Win32
		{F43FDC65-ACF4-4930-9301-3BD740E8387D}.Debug|x64.ActiveCfg = Debug|x64
		{F43FDC65-ACF4-4930-9301-3BD740E8387D}.Debug|x64.Build.0 = Debug|x64
		{F43FDC65-ACF4-4930-9301-3BD740E8387D}.Debug|x86.ActiveCfg = Debug|Win32
		{F43FDC65-ACF4-4930-9301-3BD740E8387D}.Debug|x86.Build.0 = Debug|Win32
		{F43FDC65-ACF4-4930-9301-3BD740E8387D}.Release|x64.ActiveCfg = Release|x64
		{F43FDC65-ACF4-4930-9301-3BD740E8387D}.Release|x64.Build.0 = Release|x64
		{F43FDC65-ACF4-4930-9301-3BD740E8387D}.Release|x86.ActiveCfg = Release|Win32
		{F43FDC65-ACF4-4930-9301-3BD740E8387D}.Release|x86.Build.0 = Release|Win32
		{CE9657EC-A7AC-4669-B2ED-F98AF02CD46B}.Debug|x64.ActiveCfg = Debug|x64
		{CE9657EC-A7AC-4669-B2ED-F98AF02CD46B}.Debug|x64.Build.0 = Debug|x64
		{CE9657EC-A7AC-4669-B2ED-F98AF02CD46B}.Debug|x86.ActiveCfg = Debug|Win32
		{CE9657EC-A7AC-4669-B2ED-F98AF02CD46B}.Debug|x86.Build.0 = Debug|Win32
		{CE9657EC-A7AC-4669-B2ED-F98AF02CD46B}.Release|x64.ActiveCfg = Release|x64
		{CE9657EC-A7AC-4669-B2ED-F98AF02CD46B}.Release|x64.Build.0 = Release|x64
		{CE9657EC-A7AC-4669-B2ED-F98AF02CD46B}.Release|x86.ActiveCfg = Release|Win32
		{CE9657EC-A7AC-4669-B2ED-F98AF02CD46B}.Release|x86.Build.0 = Release|Win32
		{940DB47D-B766-4CE5-A9CD-CAD543EBD0FA}.Debug|x64.ActiveCfg = Debug|x64
		{940DB47D-B766-4CE5-A9CD-CAD543EBD0FA}.Debug|x64.Build.0 = Debug|x64
		{940DB47D-B766-4CE5-A9CD-CAD543EBD0FA}.Debug|x86.ActiveCfg = Debug|Win32
		{940DB47D-B766-4CE5-A9CD-CAD543EBD0FA}.Debug|x86.Build.0 = Debug|Win32
		{940DB47D-B766-4CE5-A9CD-CAD543EBD0FA}.Release|x64.ActiveCfg = Release|x64
		{940DB47D-B766-4CE5-A9CD-CAD543EBD0FA}.Release|x64.Build.0 = Release|x64
		{940DB47D-B766-4CE5-A9CD-CAD543EBD0FA}.Release|x86.ActiveCfg = Release|Win32
		{940DB47D-B766-4CE5-A9CD-CAD543EBD0FA}.Release|x86.Build.0 = Release|Win32
		{766F9EE2-3AA7-4F26-A1E5-66588EDA77BF}.Debug|x64.ActiveCfg = Debug|x64
		{766F9EE2-3AA7-4F26-A1E5-66588EDA77BF}.Debug|x64.Build.0 = Debug|x64
		{766F9EE2-3AA7-4F26-A1E5-66588EDA77BF}.Debug|x86.ActiveCfg = Debug|Win32
		{766F9EE2-3AA7-4F26-A1E5-66588EDA77BF}.Debug|x86.Build.0 = Debug|Win32
		{766F9EE2-3AA7-4F26-A1E5-66588EDA77BF}.Release|x64.ActiveCfg = Release|x64
		{766F9EE2-3AA7-4F26-A1E5-66588EDA77BF}.Release|x64.Build.0 = Release|x64
		{766F9EE2-3AA7-4F26-A1E5-66588EDA77BF}.Release|x86.ActiveCfg = Release|Win32
		{766F9EE2-3AA7-4F26-A1E5-66588EDA77BF}.Release|x86.Build.0 = Release|Win32
		{C38FB642-B48E-45C0-A849-D3D8AAC632F5}.Debug|x64.ActiveCfg = Debug|x64
		{C38FB642-B48E-45C0-A849-D3D8AAC632F5}.Debug|x64.Build.0 = Debug|x64
		{C38FB642-B48E-45C0-A849-D3D8AAC632F5}.Debug|x86.ActiveCfg = Debug|Win32
		{C38FB642-B48E-45C0-A849-D3D8AAC632F5}.Debug|x86.Build.0 = Debug|Win32
		{C38FB642-B48E-45C0-A849-D3D8AAC632F5}.Release|x64.ActiveCfg = Release|x64
		{C38FB642-B48E-45C0-A849-D3D8AAC632F5}.Release|x64.Build.0 = Release|x64
		{C38FB642-B48E-45C0-A849-D3D8AAC632F5}.Release|x86.ActiveCfg = Release|Win32
		{C38FB642-B48E-45C0-A849-D3D8AAC632F5}.Release|x86.Build.0 = Release|Win32
		{61A952B1-EAE2-4599-AB3D-CC14DDCD4D23}.Debug|x64.ActiveCfg = Debug|x64
		{61A952B1-EAE2-4599-AB3D-CC14DDCD4D23}.Debug|x64.Build.0 = Debug|x64
		{61A952B1-EAE2-4599-AB3D-CC14DDCD4D23}.Debug|x86.ActiveCfg = Debug|Win32
		{61A952B1-EAE2-4599-AB3D-CC14DDCD4D23}.Debug|x86.Build.0 = Debug|Win32
		{61A952B1-EAE2-4599-AB3D-CC14DDCD4D23}.Release|x64.ActiveCfg = Release|x64
		{61A952B1-EAE2-4599-AB3D-CC14DDCD4D23}.Release|x64.Build.0 = Release|x64
		{61A952B1-EAE2-4599-AB3D-CC14DDCD4D23}.Release|x86.ActiveCfg = Release|Win32
		{61A952B1-EAE2-4599-AB3D-CC14DDCD4D23}.Release|x86.Build.0 = Release|Win32
		{6478E2B0-4DA7-45E3-8C93-95AB85557433}.Debug|x64.ActiveCfg = Debug|x64
		{6478E2B0-4DA7-45E3-8C93-95AB85557433}.Debug|x64.Build.0 = Debug|x64
		{6478E2B0-4DA7-45E3-8C93-95AB85557433}.Debug|x86.ActiveCfg = Debug|Win32
		{6478E2B0-4DA7-45E3-8C93-95AB85557433}.Debug|x86.Build.0 = Debug|Win32
		{6478E2B0-4DA7-45E3-8C93-95AB85557433}.Release|x64.ActiveCfg = Release|x64
		{6478E2B0-4DA7-45E3-8C93-95AB85557433}.Release|x64.Build.0 = Release|x64
		{6478E2B0-4DA7-45E3-8C93-95AB85557433}.Release|x86.ActiveCfg = Release|Win32
		{6478E2B0-4DA7-45E3-8C93-95AB85557433}.Release|x86.Build.0 = Release|Win32
		{D4FE7BA8-B649-411F-A9B5-840B5939D03E}.Debug|x64.ActiveCfg = Debug|x64
		{D4FE7BA8-B649-411F-A9B5-840B5939D03E}.Debug|x64.Build.0 = Debug|x64
		{D4FE7BA8-B649-411F-A9B5-840B5939D03E}.Debug|x86.ActiveCfg = Debug|Win32
		{D4FE7BA8-B649-411F-A9B5-840B5939D03E}.Debug|x86.Build.0 = Debug|Win32
		{D4FE7BA8-B649-411F-A9B5-840B5939D03E}.Release|x64.ActiveCfg = Release|x64
		{D4FE7BA8-B649-411F-A9B5-840B5939D03E}.Release|x64.Build.0 = Release|x64
		{D4FE7BA8-B649-411F-A9B5-840B5939D03E}.Release|x86.ActiveCfg = Release|Win32
		{D4FE7BA8-B649-411F-A9B5-840B5939D03E}.Release|x86.Build.0 = Release|Win32
		{EA047D1A-F5D2-41B7-A6B9-57E443BEDA00}.Debug|x64.ActiveCfg = Debug|x64
		{EA047D1A-F5D2-41B7-A6B9-57E443BEDA00}.Debug|x64.Build.0 = Debug|x64
		{EA047D1A-F5D2-41B7-A6B9-57E443BEDA00}.Debug|x86.ActiveCfg = Debug|Win32
		{EA047D1A-F5D2-41B7-A6B9-57E443BEDA00}.Debug|x86.Build.0 = Debug|Win32
		{EA047D1A-F5D2-41B7-A6B9-57E443BEDA00}.Release|x64.ActiveCfg = Release|x64
		{EA047D1A-F5D2-41B7-A6B9-57E443BEDA00}.Release|x64.Build.0 = Release|x64
		{EA047D1A-F5D2-41B7-A6B9-57E443BEDA00}.Release|x86.ActiveCfg = Release|Win32
		{EA047D1A-F5D2-41B7-A6B9-57E443BEDA00}.Release|x86.Build.0 = Release|Win32
		{B9A1ABF8-BD4E-4628-BD41-F38617F1AD8B}.Debug|x64.ActiveCfg = Debug|x64
		{B9A1ABF8-BD4E-4628-BD41-F38617F1AD8B}.Debug|x64.Build.0 = Debug|x64
		{B9A1ABF8-BD4E-4628-BD41-F38617F1AD8B}.Debug|x86.ActiveCfg = Debug|Win32
		{B9A1ABF8-BD4E-4628-BD41-F38617F1AD8B}.Debug|x86.Build.0 = Debug|Win32
		{B9A1ABF8-BD4E-4628-BD41-F38617F1AD8B}.Release|x64.ActiveCfg = Release|x64
		{B9A1ABF8-BD4E-4628-BD41-F38617F1AD8B}.Release|x64.Build.0 = Release|x64
		{B9A1ABF8-BD4E-4628-BD41-F38617F1AD8B}.Release|x86.ActiveCfg = Release|Win32
		{B9A1ABF8-BD4E-4628-BD41-F38617F1AD8B}.Release|x86.Build.0 = Release|Win32
		{24DCAAF4-EE7A-4875-A37B-315485C9C780}.Debug|x64.ActiveCfg = Debug|x64
		{24DCAAF4-EE7A-4875-A37B-315485C9C780}.Debug|x64.Build.0 = Debug|x64
		{24DCAAF4-EE7A-4875-A37B-315485C9C780}.Debug|x86.ActiveCfg = Debug|Win32
		{24DCAAF4-EE7A-4875-A37B-315485C9C780}.Debug|x86.Build.0 = Debug|Win32
		{24DCAAF4-EE7A-4875-A37B-315485C9C780}.Release|x64.ActiveCfg = Release|x64
		{24DCAAF4-EE7A-4875-A37B-315485C9C780}.Release|x64.Build.0 = Release|x64
		{24DCAAF4-EE7A-4875-A37B-315485C9C780}.Release|x86.ActiveCfg = Release|Win32
		{24DCAAF4-EE7A-4875-A37B-315485C9C780}.Release|x86.Build.0 = Release|Win32
		{83DB05FC-3D8D-4EED-965A-40EF4B6505AB}.Debug|x64.ActiveCfg = Debug|x64
		{83DB05FC-3D8D-4EED-965A-40EF4B6505AB}.Debug|x64.Build.0 = Debug|x64
		{83DB05FC-3D8D-4EED-965A-40EF4B6505AB}.Debug|x86.ActiveCfg = Debug|Win32
		{83DB05FC-3D8D-4EED-965A-40EF4B6505AB}.Debug|x86.Build.0 = Debug|Win32
		{83DB05FC-3D8D-4EED-965A-40EF4B6505AB}.Release|x64.ActiveCfg = Release|x64
		{83DB05FC-3D8D-4EED-965A-40EF4B6505AB}.Release|x64.Build.0 = Release|x64
		{83DB05FC-3D8D-4EED-965A-40EF4B6505AB}.Release|x86.ActiveCfg = Release|Win32
		{83DB05FC-3D8D-4EED-965A-40EF4B6505AB}.Release|x86.Build.0 = Release|Win32
		{609BBC8A-2320-4A68-ACC6-8F71074A0CA3}.Debug|x64.ActiveCfg = Debug|x64
		{609BBC8A-2320-4A68-ACC6-8F71074A0CA3}.Debug|x64.Build.0 = Debug|x64
		{609BBC8A-2320-4A68-ACC6-8F71074A0CA3}.Debug|x86.ActiveCfg = Debug|Win32
		{609BBC8A-2320-4A68-ACC6-8F71074A0CA3}.Debug|x86.Build.0 = Debug|Win32
		{609BBC8A-2320-4A68-ACC6-8F71074A0CA3}.Release|x64.ActiveCfg = Release|x64
		{609BBC8A-2320-4A68-ACC6-8F71074A0CA3}.Release|x64.Build.0 = Release|x64
		{609BBC8A-2320-4A68-ACC6-8F71074A0CA3}.Release|x86.ActiveCfg = Release|Win32
		{609BBC8A-2320-4A68-ACC6-8F71074A0CA3}.Release|x86.Build.0 = Release|Win32
		{1303EFFE-9914-4674-A8C7-F0CE9DDD8734}.Debug|x64.ActiveCfg = Debug|x64
		{1303EFFE-9914-4674-A8C7-F0CE9DDD8734}.Debug|x64.Build.0 = Debug|x64
		{1303EFFE-9914-4674-A8C7-F0CE9DDD8734}.Debug|x86.ActiveCfg = Debug|Win32
		{1303EFFE-9914-4674-A8C7-F0CE9DDD8734}.Debug|x86.Build.0 = Debug|Win32
		{1303EFFE-9914-4674-A8C7-F0CE9DDD8734}.Release|x64.ActiveCfg = Release|x64
		{1303EFFE-9914-4674-A8C7-F0CE9DDD8734}.Release|x64.Build.0 = Release|x64
		{1303EFFE-9914-4674-A8C7-F0CE9DDD8734}.Release|x86.ActiveCfg = Release|Win32
		{1303EFFE-9914-4674-A8C7-F0CE9DDD8734}.Release|x86.Build.0 = Release|Win32
		{4BE81784-2495-4D41-877B-B1D126F08A1A}.Debug|x64.ActiveCfg = Debug|x64
		{4BE81784-2495-4D41-877B-B1D126F08A1A}.Debug|x64.Build.0 = Debug|x64
		{4BE81784-2495-4D41-877B-B1D126F08A1A}.Debug|x86.ActiveCfg = Debug|Win32
		{4BE81784-2495-4D41-877B-B1D126F08A1A}.Debug|x86.Build.0 = Debug|Win32
		{4BE81784-2495-4D41-877B-B1D126F08A1A}.Release|x64.ActiveCfg = Release|x64
		{4BE81784-2495-4D41-877B-B1D126F08A1A}.Release|x64.Build.0 = Release|x64
		{4BE81784-2495-4D41-877B-B1D126F08A1A}.Release|x86.ActiveCfg = Release|Win32
		{4BE81784-2495-4D41-877B-B1D126F08A1A}.Release|x86.Build.0 = Release|Win32
		{1B7C86D2-1282-4923-A8A1-62DD57FAD5F5}.Debug|x64.ActiveCfg = Debug|x64
		{1B7C86D2-1282-4923-A8A1-62DD57FAD5F5}.Debug|x64.Build.0 = Debug|x64
		{1B7C86D2-1282-4923-A8A1-62DD57FAD5F5}.Debug|x86.ActiveCfg = Debug|Win32
		{1B7C86D2-1282-4923-A8A1-62DD57FAD5F5}.Debug|x86.Build.0 = Debug|Win32
		{1B7C86D2-1282-4923-A8A1-62DD57FAD5F5}.Release|x64.ActiveCfg = Release|x64
		{1B7C86D2-1282-4923-A8A1-62DD57FAD5F5}.Release|x64.Build.0 = Release|x64
		{1B7C86D2-1282-4923-A8A1-62DD57FAD5F5}.Release|x86.ActiveCfg = Release|Win32
		{1B7C86D2-1282-4923-A8A1-62DD57FAD5F5}.Release|x86.Build.0 = Release|Win32
	EndGlobalSection
	GlobalSection(SolutionProperties) = preSolution
		HideSolutionNode = FALSE
	EndGlobalSection
	GlobalSection(ExtensibilityGlobals) = postSolution
		SolutionGuid = {CFD563E8-2C5C-458D-9DDE-7024E6A83D23}
	EndGlobalSection
EndGlobal
