
Microsoft Visual Studio Solution File, Format Version 12.00
# Visual Studio Version 17
VisualStudioVersion = 17.9.34607.119
MinimumVisualStudioVersion = 10.0.40219.1
Project("{2150E333-8FDC-42A3-9474-1A3956D46DE8}") = "C01", "C01", "{6FBCD586-A883-4709-AC7C-809242B3AD03}"
EndProject
Project("{8BC9CEB8-8B4A-11D0-8D11-00A0C91BC942}") = "P002", "C01\P002\P002.vcxproj", "{1737CC66-E6CF-462D-9137-C49E2A850E08}"
EndProject
Project("{8BC9CEB8-8B4A-11D0-8D11-00A0C91BC942}") = "P004", "C01\P004\P004.vcxproj", "{7E4BAE62-0DCE-4EBB-A186-CAAFE6E319B8}"
EndProject
Project("{8BC9CEB8-8B4A-11D0-8D11-00A0C91BC942}") = "P005", "C01\P005\P005.vcxproj", "{CE80EA43-B69A-40D8-8615-3AE1457266D9}"
EndProject
Project("{8BC9CEB8-8B4A-11D0-8D11-00A0C91BC942}") = "P006", "C01\P006\P006.vcxproj", "{98ABB8F0-84ED-424D-903C-1B397F48D439}"
EndProject
Project("{8BC9CEB8-8B4A-11D0-8D11-00A0C91BC942}") = "P007", "C01\P007\P007.vcxproj", "{07F3B2E3-E192-4F2E-A8CE-2BC6AA6F1E31}"
EndProject
Project("{8BC9CEB8-8B4A-11D0-8D11-00A0C91BC942}") = "P008", "C01\P008\P008.vcxproj", "{A92DA806-DCE8-438D-A447-445E164BA5AB}"
EndProject
Project("{8BC9CEB8-8B4A-11D0-8D11-00A0C91BC942}") = "P009", "C01\P009\P009.vcxproj", "{47FF837F-E18E-4607-98D9-68D35C3EF152}"
EndProject
Project("{8BC9CEB8-8B4A-11D0-8D11-00A0C91BC942}") = "P010", "C01\P010\P010.vcxproj", "{A0ABE740-E35C-4C31-9323-5314DC8943C3}"
EndProject
Project("{8BC9CEB8-8B4A-11D0-8D11-00A0C91BC942}") = "P011", "C01\P011\P011.vcxproj", "{694F7613-82C1-4B55-BE55-F1A53FA26D3B}"
EndProject
Project("{8BC9CEB8-8B4A-11D0-8D11-00A0C91BC942}") = "P012", "C01\P012\P012.vcxproj", "{909FA9CE-00A1-4161-9D63-70E5233D6513}"
EndProject
Project("{8BC9CEB8-8B4A-11D0-8D11-00A0C91BC942}") = "P013", "C01\P013\P013.vcxproj", "{E43ACE91-EE5B-419E-867E-390C3526BD77}"
EndProject
Project("{8BC9CEB8-8B4A-11D0-8D11-00A0C91BC942}") = "P014", "C01\P014\P014.vcxproj", "{74A99D5C-FF7A-42A6-9D7E-233D4DCC062A}"
EndProject
Project("{8BC9CEB8-8B4A-11D0-8D11-00A0C91BC942}") = "P015", "C01\P015\P015.vcxproj", "{69C16D02-1F07-42CF-BF60-81F48D1C3FC2}"
EndProject
Project("{8BC9CEB8-8B4A-11D0-8D11-00A0C91BC942}") = "P017", "C01\P017\P017.vcxproj", "{8A8007C2-1973-4378-A163-63954F186C8D}"
EndProject
Project("{2150E333-8FDC-42A3-9474-1A3956D46DE8}") = "C02", "C02", "{0FCE124B-A602-4A73-94BF-38FA4B08E10F}"
EndProject
Project("{8BC9CEB8-8B4A-11D0-8D11-00A0C91BC942}") = "P022", "C02\P022\P022.vcxproj", "{CFC70C6D-A3E5-4497-834E-08A1F16500FF}"
EndProject
Project("{8BC9CEB8-8B4A-11D0-8D11-00A0C91BC942}") = "P024", "C02\P024\P024.vcxproj", "{AB6694EF-94D0-41EA-A432-B5DA812127A3}"
EndProject
Project("{8BC9CEB8-8B4A-11D0-8D11-00A0C91BC942}") = "P025", "C02\P025\P025.vcxproj", "{BC234D4C-B625-423B-BF66-3183F3DE3D67}"
EndProject
Project("{8BC9CEB8-8B4A-11D0-8D11-00A0C91BC942}") = "P027", "C02\P027\P027.vcxproj", "{B8784B28-E053-4A5B-B649-5D9161B18333}"
EndProject
Project("{8BC9CEB8-8B4A-11D0-8D11-00A0C91BC942}") = "P028", "C02\P028\P028.vcxproj", "{F65582C5-2705-45EB-B4D4-78747DCE4654}"
EndProject
Project("{2150E333-8FDC-42A3-9474-1A3956D46DE8}") = "C03", "C03", "{68FFA2E6-7FAF-4E8A-9DEF-1BD27F7692E3}"
EndProject
Project("{8BC9CEB8-8B4A-11D0-8D11-00A0C91BC942}") = "P029", "C03\P029\P029.vcxproj", "{6F933A15-177D-4734-A45B-AD5312BEC4AD}"
EndProject
Project("{8BC9CEB8-8B4A-11D0-8D11-00A0C91BC942}") = "P031", "C03\P031\P031.vcxproj", "{61B75B39-AC84-42D5-A82C-8B9E26ED1629}"
EndProject
Project("{8BC9CEB8-8B4A-11D0-8D11-00A0C91BC942}") = "P033", "C03\P033\P033.vcxproj", "{EDC6A49C-4D9C-4BD5-B56A-A4FDA2B2EB35}"
EndProject
Project("{8BC9CEB8-8B4A-11D0-8D11-00A0C91BC942}") = "P035", "C03\P035\P035.vcxproj", "{2C810FEF-CE2B-42E1-AA11-53B61F349F61}"
EndProject
Project("{8BC9CEB8-8B4A-11D0-8D11-00A0C91BC942}") = "P036", "C03\P036\P036.vcxproj", "{2EA8B346-8C99-4A71-A590-75B7FE4BA2DE}"
EndProject
Project("{8BC9CEB8-8B4A-11D0-8D11-00A0C91BC942}") = "P037", "C03\P037\P037.vcxproj", "{CEDDF0D6-3A28-4347-9412-EC2534EE5090}"
EndProject
Project("{8BC9CEB8-8B4A-11D0-8D11-00A0C91BC942}") = "P038", "C03\P038\P038.vcxproj", "{D9610662-FA12-4DB3-AC92-D972C15C1031}"
EndProject
Project("{8BC9CEB8-8B4A-11D0-8D11-00A0C91BC942}") = "P039", "C03\P039\P039.vcxproj", "{B382A248-6A01-4F8E-AC4E-947F4B1693B8}"
EndProject
Project("{8BC9CEB8-8B4A-11D0-8D11-00A0C91BC942}") = "P041", "C03\P041\P041.vcxproj", "{DF65573A-5AE1-4581-9D8E-C01A9DF954F7}"
EndProject
Project("{2150E333-8FDC-42A3-9474-1A3956D46DE8}") = "C04", "C04", "{98947BC0-4A80-470B-8FDD-715CA33755FF}"
EndProject
Project("{8BC9CEB8-8B4A-11D0-8D11-00A0C91BC942}") = "P044", "C04\P044\P044.vcxproj", "{39A27BAC-1562-44A7-8DD7-EE69A8BDF315}"
EndProject
Project("{8BC9CEB8-8B4A-11D0-8D11-00A0C91BC942}") = "P045", "C04\P045\P045.vcxproj", "{FBEB1291-BB4A-4FBD-BDAC-A61CE7B116D3}"
EndProject
Project("{8BC9CEB8-8B4A-11D0-8D11-00A0C91BC942}") = "P048", "C04\P048\P048.vcxproj", "{E11AC04B-F411-498D-A737-3590997F2F3D}"
EndProject
Project("{8BC9CEB8-8B4A-11D0-8D11-00A0C91BC942}") = "P050", "C04\P050\P050.vcxproj", "{AA1AC8EF-890F-40A8-9249-878B5C7DDC27}"
EndProject
Project("{2150E333-8FDC-42A3-9474-1A3956D46DE8}") = "C05", "C05", "{F561A1FA-A798-4480-9562-1ED182B06B41}"
EndProject
Project("{8BC9CEB8-8B4A-11D0-8D11-00A0C91BC942}") = "P055", "C05\P055\P055.vcxproj", "{BDFBE932-A2DC-4A62-B00D-73E20F8364A7}"
EndProject
Project("{8BC9CEB8-8B4A-11D0-8D11-00A0C91BC942}") = "P057", "C05\P057\P057.vcxproj", "{71BA7DA8-09B7-4C81-A65B-1CE0A8A95C5E}"
EndProject
Project("{8BC9CEB8-8B4A-11D0-8D11-00A0C91BC942}") = "P060", "C05\P060\P060.vcxproj", "{58D56A1F-83C7-4C64-8197-D360B850C40F}"
EndProject
Project("{8BC9CEB8-8B4A-11D0-8D11-00A0C91BC942}") = "P064", "C05\P064\P064.vcxproj", "{C566BA5B-2C23-4CD2-B958-388FDEFFE7AA}"
EndProject
Project("{2150E333-8FDC-42A3-9474-1A3956D46DE8}") = "C06", "C06", "{A4C66188-90CE-4114-8275-ECA3D3002A94}"
EndProject
Project("{8BC9CEB8-8B4A-11D0-8D11-00A0C91BC942}") = "P072", "C06\P072\P072.vcxproj", "{EB1F757A-0689-4421-8E24-8F14C95F75A9}"
EndProject
Project("{8BC9CEB8-8B4A-11D0-8D11-00A0C91BC942}") = "P075", "C06\P075\P075.vcxproj", "{FE70C6A2-B53F-48C0-8847-A86D4141227A}"
EndProject
Project("{8BC9CEB8-8B4A-11D0-8D11-00A0C91BC942}") = "P090", "C06\P090\P090.vcxproj", "{0BCEE6FD-8DA9-40A3-8E54-7927F0B27145}"
EndProject
Project("{2150E333-8FDC-42A3-9474-1A3956D46DE8}") = "C07", "C07", "{3116676F-DFE4-4FBB-8FC5-08891FB02A0A}"
EndProject
Project("{8BC9CEB8-8B4A-11D0-8D11-00A0C91BC942}") = "P088", "C07\P088\P088.vcxproj", "{45018960-8533-451B-8CAB-C484B8E74AD6}"
EndProject
Project("{8BC9CEB8-8B4A-11D0-8D11-00A0C91BC942}") = "P090", "C07\P090\P090.vcxproj", "{0CCCC112-7332-4791-855F-AF659FE966B5}"
EndProject
Project("{8BC9CEB8-8B4A-11D0-8D11-00A0C91BC942}") = "P091", "C07\P091\P091.vcxproj", "{25343481-9449-4FCB-8F54-2074F0539E8B}"
EndProject
Project("{8BC9CEB8-8B4A-11D0-8D11-00A0C91BC942}") = "P093", "C07\P093\P093.vcxproj", "{E5E8F0A9-013B-4E7B-A598-2F51C970E525}"
EndProject
Project("{8BC9CEB8-8B4A-11D0-8D11-00A0C91BC942}") = "P094", "C07\P094\P094.vcxproj", "{9CC2C9CE-120F-4A47-AFFC-6E328B68C7DE}"
EndProject
Project("{8BC9CEB8-8B4A-11D0-8D11-00A0C91BC942}") = "P095", "C07\P095\P095.vcxproj", "{87758396-062B-4557-A418-8309D812F3C2}"
EndProject
Project("{8BC9CEB8-8B4A-11D0-8D11-00A0C91BC942}") = "P096", "C07\P096\P096.vcxproj", "{B657C5DE-E434-4225-A60A-42627D0AF73B}"
EndProject
Project("{2150E333-8FDC-42A3-9474-1A3956D46DE8}") = "C08", "C08", "{7D3EBC8F-C0CA-4743-86E0-AEF2E3F1CFCE}"
EndProject
Project("{8BC9CEB8-8B4A-11D0-8D11-00A0C91BC942}") = "P104", "C08\P104\P104.vcxproj", "{25952FAA-CEBC-47F7-A452-BE72DD7CDEE1}"
EndProject
Project("{8BC9CEB8-8B4A-11D0-8D11-00A0C91BC942}") = "P106", "C08\P106\P106.vcxproj", "{F321A427-7947-4D0D-B405-96EC3313C8CD}"
EndProject
Project("{8BC9CEB8-8B4A-11D0-8D11-00A0C91BC942}") = "P107", "C08\P107\P107.vcxproj", "{DE27772F-911B-4BD9-ABE4-7A3E6EF823C6}"
EndProject
Project("{8BC9CEB8-8B4A-11D0-8D11-00A0C91BC942}") = "P108", "C08\P108\P108.vcxproj", "{4BC5F21B-EDF3-4B4A-88B9-6B46591A8AEC}"
EndProject
Project("{2150E333-8FDC-42A3-9474-1A3956D46DE8}") = "C09", "C09", "{DBF7DB05-767F-4D06-8126-D63DDEB866C6}"
EndProject
Project("{8BC9CEB8-8B4A-11D0-8D11-00A0C91BC942}") = "P120", "C09\P120\P120.vcxproj", "{EAB73654-2528-4254-A862-CDA151B1F5E5}"
EndProject
Project("{8BC9CEB8-8B4A-11D0-8D11-00A0C91BC942}") = "P122", "C09\P122\P122.vcxproj", "{32E9D8DB-9F65-4E34-B9B2-2C84E8C67DBD}"
EndProject
Project("{2150E333-8FDC-42A3-9474-1A3956D46DE8}") = "C10", "C10", "{5434CF73-71F2-4B78-8CDA-D3DA16A548D7}"
EndProject
Project("{8BC9CEB8-8B4A-11D0-8D11-00A0C91BC942}") = "P126", "C10\P126\P126.vcxproj", "{4CF9E649-6830-4346-A3E0-B02DD3E51002}"
EndProject
Project("{8BC9CEB8-8B4A-11D0-8D11-00A0C91BC942}") = "P129", "C10\P129\P129.vcxproj", "{309F7E50-77A8-4400-9D6C-5E5DAC2A6EC8}"
EndProject
Project("{8BC9CEB8-8B4A-11D0-8D11-00A0C91BC942}") = "P130", "C10\P130\P130.vcxproj", "{BD148FA8-B7F6-43FF-8392-F778BA37AE2D}"
EndProject
Project("{8BC9CEB8-8B4A-11D0-8D11-00A0C91BC942}") = "P135", "C10\P135\P135.vcxproj", "{E09636AD-47EC-452B-A8A7-597A4DC01F70}"
EndProject
Project("{2150E333-8FDC-42A3-9474-1A3956D46DE8}") = "C11", "C11", "{42B574A0-E9CA-4524-8B84-0BF9F9D72F4C}"
EndProject
Project("{8BC9CEB8-8B4A-11D0-8D11-00A0C91BC942}") = "P139", "C11\P139\P139.vcxproj", "{1BEB514D-5B36-4EDE-9778-574E11A99214}"
EndProject
Project("{8BC9CEB8-8B4A-11D0-8D11-00A0C91BC942}") = "P140", "C11\P140\P140.vcxproj", "{2A33888B-7588-4892-9898-809772D7031F}"
EndProject
Project("{8BC9CEB8-8B4A-11D0-8D11-00A0C91BC942}") = "P141", "C11\P141\P141.vcxproj", "{3A5BFFC2-A30B-4751-A4AB-9F9488C13792}"
EndProject
Project("{8BC9CEB8-8B4A-11D0-8D11-00A0C91BC942}") = "P142", "C11\P142\P142.vcxproj", "{5C5EF0F6-24A4-4EC3-B44F-54211EF16DFC}"
EndProject
Project("{8BC9CEB8-8B4A-11D0-8D11-00A0C91BC942}") = "P143", "C11\P143\P143.vcxproj", "{88C9BFB3-77B5-490A-9591-17F4DF498D18}"
EndProject
Project("{8BC9CEB8-8B4A-11D0-8D11-00A0C91BC942}") = "P148", "C11\P148\P148.vcxproj", "{F4C5A7DD-E37F-4890-80E1-10E38F3F4845}"
EndProject
Project("{8BC9CEB8-8B4A-11D0-8D11-00A0C91BC942}") = "P150", "C11\P150\P150.vcxproj", "{1E7037E7-F7EB-4C98-AE0A-EF821450263F}"
EndProject
Project("{2150E333-8FDC-42A3-9474-1A3956D46DE8}") = "C12", "C12", "{C5687E5C-3913-49A0-87DC-8A025EA80F90}"
EndProject
Project("{8BC9CEB8-8B4A-11D0-8D11-00A0C91BC942}") = "P158", "C12\P158\P158.vcxproj", "{C7EAF21E-4A4E-4193-9118-DFAC5BA6B952}"
EndProject
Project("{8BC9CEB8-8B4A-11D0-8D11-00A0C91BC942}") = "P159", "C12\P159\P159.vcxproj", "{92DF8725-438D-4E63-AC01-FDD263716086}"
EndProject
Project("{8BC9CEB8-8B4A-11D0-8D11-00A0C91BC942}") = "P162", "C12\P162\P162.vcxproj", "{F938882E-381E-4908-A996-CCFC6AB49374}"
EndProject
Project("{2150E333-8FDC-42A3-9474-1A3956D46DE8}") = "C13", "C13", "{E8A62137-0D1D-4090-AE89-8654B1BC5A5B}"
EndProject
Project("{8BC9CEB8-8B4A-11D0-8D11-00A0C91BC942}") = "P173", "C13\P173\P173.vcxproj", "{27430DEE-C522-49AE-A0EC-4253EC862181}"
EndProject
Project("{2150E333-8FDC-42A3-9474-1A3956D46DE8}") = "C14", "C14", "{A472C930-3464-469B-A3A7-705F789DEAEE}"
EndProject
Project("{8BC9CEB8-8B4A-11D0-8D11-00A0C91BC942}") = "P186", "C14\P186\P186.vcxproj", "{ECA4443A-E646-452D-A8D2-61054B3E562E}"
EndProject
Project("{2150E333-8FDC-42A3-9474-1A3956D46DE8}") = "C15", "C15", "{D1486E77-CCC8-4485-A855-0B6A2B8C6DBD}"
EndProject
Project("{8BC9CEB8-8B4A-11D0-8D11-00A0C91BC942}") = "P197", "C15\P197\P197.vcxproj", "{19AEB186-E8B6-4428-86FA-603E1C78BD71}"
EndProject
Project("{8BC9CEB8-8B4A-11D0-8D11-00A0C91BC942}") = "P199", "C15\P199\P199.vcxproj", "{38C03F6B-0E47-4325-A440-136358385FB3}"
EndProject
Project("{2150E333-8FDC-42A3-9474-1A3956D46DE8}") = "C16", "C16", "{FD89EBA5-2096-4430-967A-78BC9BDAD7AC}"
EndProject
Project("{2150E333-8FDC-42A3-9474-1A3956D46DE8}") = "C17", "C17", "{CBBC5442-E016-4E29-9007-2D29024E9304}"
EndProject
Project("{2150E333-8FDC-42A3-9474-1A3956D46DE8}") = "C18", "C18", "{B7224691-F283-4A04-8CFD-C24E7E5D73FB}"
EndProject
Project("{8BC9CEB8-8B4A-11D0-8D11-00A0C91BC942}") = "P214", "C16\P214\P214.vcxproj", "{50EFECF4-F3F4-45D3-948D-11C18CC5E8A0}"
EndProject
Project("{2150E333-8FDC-42A3-9474-1A3956D46DE8}") = "ModuleA", "ModuleA", "{36E6F593-3927-452E-A054-546BD68418E9}"
EndProject
Project("{8BC9CEB8-8B4A-11D0-8D11-00A0C91BC942}") = "Ex01", "ModuleA\Ex01\Ex01.vcxproj", "{847508A9-A36C-4317-980D-491C853C2F7A}"
EndProject
Project("{8BC9CEB8-8B4A-11D0-8D11-00A0C91BC942}") = "Ex02", "ModuleA\Ex02\Ex02.vcxproj", "{72D99FA4-5E38-40A2-8102-FDFA2458B4E3}"
EndProject
Project("{8BC9CEB8-8B4A-11D0-8D11-00A0C91BC942}") = "P003", "C01\P003\P003.vcxproj", "{AFA8B0BC-5962-4A41-828C-712E918E3426}"
EndProject
Project("{8BC9CEB8-8B4A-11D0-8D11-00A0C91BC942}") = "CppRef0801", "C08\CppRef0801\CppRef0801.vcxproj", "{1BB3C871-951F-44F3-9E7A-1053A0CE3ED9}"
EndProject
Project("{8BC9CEB8-8B4A-11D0-8D11-00A0C91BC942}") = "P114", "C08\P114\P114.vcxproj", "{F17AD555-A31E-4069-AE94-58E9F2D5F78D}"
EndProject
Project("{8BC9CEB8-8B4A-11D0-8D11-00A0C91BC942}") = "P164", "C12\P164\P164.vcxproj", "{2DD1295B-431A-4221-89FE-E01F87A2EF1F}"
EndProject
Project("{8BC9CEB8-8B4A-11D0-8D11-00A0C91BC942}") = "P165", "C12\P165\P165.vcxproj", "{A90346C7-867B-4648-8914-A8920BCC410F}"
EndProject
Project("{8BC9CEB8-8B4A-11D0-8D11-00A0C91BC942}") = "P250", "C18\P250\P250.vcxproj", "{826FB79C-3803-446D-AD58-F0CE506F98D9}"
EndProject
Project("{8BC9CEB8-8B4A-11D0-8D11-00A0C91BC942}") = "P238", "C18\P238\P238.vcxproj", "{B4860DD5-276B-4F80-BB5C-2DFC078BDAE6}"
EndProject
Project("{8BC9CEB8-8B4A-11D0-8D11-00A0C91BC942}") = "P241", "C18\P241\P241.vcxproj", "{6C1D7247-FFD0-4932-A036-6F43EDA5DA6D}"
EndProject
Project("{8BC9CEB8-8B4A-11D0-8D11-00A0C91BC942}") = "P113", "C08\P113\P113.vcxproj", "{F8D08BC6-65C6-4281-8E2A-D8CF06613226}"
EndProject
Project("{8BC9CEB8-8B4A-11D0-8D11-00A0C91BC942}") = "P161", "C12\P161\P161.vcxproj", "{A4C10CCD-31C4-43B0-AACB-10153115B7AE}"
EndProject
Project("{8BC9CEB8-8B4A-11D0-8D11-00A0C91BC942}") = "P034", "C03\P034\P034.vcxproj", "{BD96084E-30C4-4884-AF84-A0B5939C5DC9}"
EndProject
Project("{8BC9CEB8-8B4A-11D0-8D11-00A0C91BC942}") = "C0201StructuredVector", "C02\C0201StructuredVector\C0201StructuredVector.vcxproj", "{B8EA9A24-31E6-49C9-BE85-DF0DD2A52227}"
EndProject
Project("{8BC9CEB8-8B4A-11D0-8D11-00A0C91BC942}") = "C0202ClassVector", "C02\C0202ClassVector\C0202ClassVector.vcxproj", "{6A6FF82E-8E93-4861-ADEA-798DE6A8C029}"
EndProject
Project("{8BC9CEB8-8B4A-11D0-8D11-00A0C91BC942}") = "C0203Enumerations", "C02\C0203Enumerations\C0203Enumerations.vcxproj", "{AA6D8A8E-4006-4D52-B20E-2A2E515B2385}"
EndProject
Project("{8BC9CEB8-8B4A-11D0-8D11-00A0C91BC942}") = "C0204Unions", "C02\C0204Unions\C0204Unions.vcxproj", "{F8FDE527-177B-4176-8E1A-EAEB0749562A}"
EndProject
Project("{8BC9CEB8-8B4A-11D0-8D11-00A0C91BC942}") = "C0205Variants", "C02\C0205Variants\C0205Variants.vcxproj", "{29D56F3E-4A2A-436B-AE98-D6601451183E}"
EndProject
Global
	GlobalSection(SolutionConfigurationPlatforms) = preSolution
		Debug|x64 = Debug|x64
		Debug|x86 = Debug|x86
		Release|x64 = Release|x64
		Release|x86 = Release|x86
	EndGlobalSection
	GlobalSection(ProjectConfigurationPlatforms) = postSolution
		{1737CC66-E6CF-462D-9137-C49E2A850E08}.Debug|x64.ActiveCfg = Debug|x64
		{1737CC66-E6CF-462D-9137-C49E2A850E08}.Debug|x64.Build.0 = Debug|x64
		{1737CC66-E6CF-462D-9137-C49E2A850E08}.Debug|x86.ActiveCfg = Debug|Win32
		{1737CC66-E6CF-462D-9137-C49E2A850E08}.Debug|x86.Build.0 = Debug|Win32
		{1737CC66-E6CF-462D-9137-C49E2A850E08}.Release|x64.ActiveCfg = Release|x64
		{1737CC66-E6CF-462D-9137-C49E2A850E08}.Release|x64.Build.0 = Release|x64
		{1737CC66-E6CF-462D-9137-C49E2A850E08}.Release|x86.ActiveCfg = Release|Win32
		{1737CC66-E6CF-462D-9137-C49E2A850E08}.Release|x86.Build.0 = Release|Win32
		{7E4BAE62-0DCE-4EBB-A186-CAAFE6E319B8}.Debug|x64.ActiveCfg = Debug|x64
		{7E4BAE62-0DCE-4EBB-A186-CAAFE6E319B8}.Debug|x64.Build.0 = Debug|x64
		{7E4BAE62-0DCE-4EBB-A186-CAAFE6E319B8}.Debug|x86.ActiveCfg = Debug|Win32
		{7E4BAE62-0DCE-4EBB-A186-CAAFE6E319B8}.Debug|x86.Build.0 = Debug|Win32
		{7E4BAE62-0DCE-4EBB-A186-CAAFE6E319B8}.Release|x64.ActiveCfg = Release|x64
		{7E4BAE62-0DCE-4EBB-A186-CAAFE6E319B8}.Release|x64.Build.0 = Release|x64
		{7E4BAE62-0DCE-4EBB-A186-CAAFE6E319B8}.Release|x86.ActiveCfg = Release|Win32
		{7E4BAE62-0DCE-4EBB-A186-CAAFE6E319B8}.Release|x86.Build.0 = Release|Win32
		{CE80EA43-B69A-40D8-8615-3AE1457266D9}.Debug|x64.ActiveCfg = Debug|x64
		{CE80EA43-B69A-40D8-8615-3AE1457266D9}.Debug|x64.Build.0 = Debug|x64
		{CE80EA43-B69A-40D8-8615-3AE1457266D9}.Debug|x86.ActiveCfg = Debug|Win32
		{CE80EA43-B69A-40D8-8615-3AE1457266D9}.Debug|x86.Build.0 = Debug|Win32
		{CE80EA43-B69A-40D8-8615-3AE1457266D9}.Release|x64.ActiveCfg = Release|x64
		{CE80EA43-B69A-40D8-8615-3AE1457266D9}.Release|x64.Build.0 = Release|x64
		{CE80EA43-B69A-40D8-8615-3AE1457266D9}.Release|x86.ActiveCfg = Release|Win32
		{CE80EA43-B69A-40D8-8615-3AE1457266D9}.Release|x86.Build.0 = Release|Win32
		{98ABB8F0-84ED-424D-903C-1B397F48D439}.Debug|x64.ActiveCfg = Debug|x64
		{98ABB8F0-84ED-424D-903C-1B397F48D439}.Debug|x64.Build.0 = Debug|x64
		{98ABB8F0-84ED-424D-903C-1B397F48D439}.Debug|x86.ActiveCfg = Debug|Win32
		{98ABB8F0-84ED-424D-903C-1B397F48D439}.Debug|x86.Build.0 = Debug|Win32
		{98ABB8F0-84ED-424D-903C-1B397F48D439}.Release|x64.ActiveCfg = Release|x64
		{98ABB8F0-84ED-424D-903C-1B397F48D439}.Release|x64.Build.0 = Release|x64
		{98ABB8F0-84ED-424D-903C-1B397F48D439}.Release|x86.ActiveCfg = Release|Win32
		{98ABB8F0-84ED-424D-903C-1B397F48D439}.Release|x86.Build.0 = Release|Win32
		{07F3B2E3-E192-4F2E-A8CE-2BC6AA6F1E31}.Debug|x64.ActiveCfg = Debug|x64
		{07F3B2E3-E192-4F2E-A8CE-2BC6AA6F1E31}.Debug|x64.Build.0 = Debug|x64
		{07F3B2E3-E192-4F2E-A8CE-2BC6AA6F1E31}.Debug|x86.ActiveCfg = Debug|Win32
		{07F3B2E3-E192-4F2E-A8CE-2BC6AA6F1E31}.Debug|x86.Build.0 = Debug|Win32
		{07F3B2E3-E192-4F2E-A8CE-2BC6AA6F1E31}.Release|x64.ActiveCfg = Release|x64
		{07F3B2E3-E192-4F2E-A8CE-2BC6AA6F1E31}.Release|x64.Build.0 = Release|x64
		{07F3B2E3-E192-4F2E-A8CE-2BC6AA6F1E31}.Release|x86.ActiveCfg = Release|Win32
		{07F3B2E3-E192-4F2E-A8CE-2BC6AA6F1E31}.Release|x86.Build.0 = Release|Win32
		{A92DA806-DCE8-438D-A447-445E164BA5AB}.Debug|x64.ActiveCfg = Debug|x64
		{A92DA806-DCE8-438D-A447-445E164BA5AB}.Debug|x64.Build.0 = Debug|x64
		{A92DA806-DCE8-438D-A447-445E164BA5AB}.Debug|x86.ActiveCfg = Debug|Win32
		{A92DA806-DCE8-438D-A447-445E164BA5AB}.Debug|x86.Build.0 = Debug|Win32
		{A92DA806-DCE8-438D-A447-445E164BA5AB}.Release|x64.ActiveCfg = Release|x64
		{A92DA806-DCE8-438D-A447-445E164BA5AB}.Release|x64.Build.0 = Release|x64
		{A92DA806-DCE8-438D-A447-445E164BA5AB}.Release|x86.ActiveCfg = Release|Win32
		{A92DA806-DCE8-438D-A447-445E164BA5AB}.Release|x86.Build.0 = Release|Win32
		{47FF837F-E18E-4607-98D9-68D35C3EF152}.Debug|x64.ActiveCfg = Debug|x64
		{47FF837F-E18E-4607-98D9-68D35C3EF152}.Debug|x64.Build.0 = Debug|x64
		{47FF837F-E18E-4607-98D9-68D35C3EF152}.Debug|x86.ActiveCfg = Debug|Win32
		{47FF837F-E18E-4607-98D9-68D35C3EF152}.Debug|x86.Build.0 = Debug|Win32
		{47FF837F-E18E-4607-98D9-68D35C3EF152}.Release|x64.ActiveCfg = Release|x64
		{47FF837F-E18E-4607-98D9-68D35C3EF152}.Release|x64.Build.0 = Release|x64
		{47FF837F-E18E-4607-98D9-68D35C3EF152}.Release|x86.ActiveCfg = Release|Win32
		{47FF837F-E18E-4607-98D9-68D35C3EF152}.Release|x86.Build.0 = Release|Win32
		{A0ABE740-E35C-4C31-9323-5314DC8943C3}.Debug|x64.ActiveCfg = Debug|x64
		{A0ABE740-E35C-4C31-9323-5314DC8943C3}.Debug|x64.Build.0 = Debug|x64
		{A0ABE740-E35C-4C31-9323-5314DC8943C3}.Debug|x86.ActiveCfg = Debug|Win32
		{A0ABE740-E35C-4C31-9323-5314DC8943C3}.Debug|x86.Build.0 = Debug|Win32
		{A0ABE740-E35C-4C31-9323-5314DC8943C3}.Release|x64.ActiveCfg = Release|x64
		{A0ABE740-E35C-4C31-9323-5314DC8943C3}.Release|x64.Build.0 = Release|x64
		{A0ABE740-E35C-4C31-9323-5314DC8943C3}.Release|x86.ActiveCfg = Release|Win32
		{A0ABE740-E35C-4C31-9323-5314DC8943C3}.Release|x86.Build.0 = Release|Win32
		{694F7613-82C1-4B55-BE55-F1A53FA26D3B}.Debug|x64.ActiveCfg = Debug|x64
		{694F7613-82C1-4B55-BE55-F1A53FA26D3B}.Debug|x64.Build.0 = Debug|x64
		{694F7613-82C1-4B55-BE55-F1A53FA26D3B}.Debug|x86.ActiveCfg = Debug|Win32
		{694F7613-82C1-4B55-BE55-F1A53FA26D3B}.Debug|x86.Build.0 = Debug|Win32
		{694F7613-82C1-4B55-BE55-F1A53FA26D3B}.Release|x64.ActiveCfg = Release|x64
		{694F7613-82C1-4B55-BE55-F1A53FA26D3B}.Release|x64.Build.0 = Release|x64
		{694F7613-82C1-4B55-BE55-F1A53FA26D3B}.Release|x86.ActiveCfg = Release|Win32
		{694F7613-82C1-4B55-BE55-F1A53FA26D3B}.Release|x86.Build.0 = Release|Win32
		{909FA9CE-00A1-4161-9D63-70E5233D6513}.Debug|x64.ActiveCfg = Debug|x64
		{909FA9CE-00A1-4161-9D63-70E5233D6513}.Debug|x64.Build.0 = Debug|x64
		{909FA9CE-00A1-4161-9D63-70E5233D6513}.Debug|x86.ActiveCfg = Debug|Win32
		{909FA9CE-00A1-4161-9D63-70E5233D6513}.Debug|x86.Build.0 = Debug|Win32
		{909FA9CE-00A1-4161-9D63-70E5233D6513}.Release|x64.ActiveCfg = Release|x64
		{909FA9CE-00A1-4161-9D63-70E5233D6513}.Release|x64.Build.0 = Release|x64
		{909FA9CE-00A1-4161-9D63-70E5233D6513}.Release|x86.ActiveCfg = Release|Win32
		{909FA9CE-00A1-4161-9D63-70E5233D6513}.Release|x86.Build.0 = Release|Win32
		{E43ACE91-EE5B-419E-867E-390C3526BD77}.Debug|x64.ActiveCfg = Debug|x64
		{E43ACE91-EE5B-419E-867E-390C3526BD77}.Debug|x64.Build.0 = Debug|x64
		{E43ACE91-EE5B-419E-867E-390C3526BD77}.Debug|x86.ActiveCfg = Debug|Win32
		{E43ACE91-EE5B-419E-867E-390C3526BD77}.Debug|x86.Build.0 = Debug|Win32
		{E43ACE91-EE5B-419E-867E-390C3526BD77}.Release|x64.ActiveCfg = Release|x64
		{E43ACE91-EE5B-419E-867E-390C3526BD77}.Release|x64.Build.0 = Release|x64
		{E43ACE91-EE5B-419E-867E-390C3526BD77}.Release|x86.ActiveCfg = Release|Win32
		{E43ACE91-EE5B-419E-867E-390C3526BD77}.Release|x86.Build.0 = Release|Win32
		{74A99D5C-FF7A-42A6-9D7E-233D4DCC062A}.Debug|x64.ActiveCfg = Debug|x64
		{74A99D5C-FF7A-42A6-9D7E-233D4DCC062A}.Debug|x64.Build.0 = Debug|x64
		{74A99D5C-FF7A-42A6-9D7E-233D4DCC062A}.Debug|x86.ActiveCfg = Debug|Win32
		{74A99D5C-FF7A-42A6-9D7E-233D4DCC062A}.Debug|x86.Build.0 = Debug|Win32
		{74A99D5C-FF7A-42A6-9D7E-233D4DCC062A}.Release|x64.ActiveCfg = Release|x64
		{74A99D5C-FF7A-42A6-9D7E-233D4DCC062A}.Release|x64.Build.0 = Release|x64
		{74A99D5C-FF7A-42A6-9D7E-233D4DCC062A}.Release|x86.ActiveCfg = Release|Win32
		{74A99D5C-FF7A-42A6-9D7E-233D4DCC062A}.Release|x86.Build.0 = Release|Win32
		{69C16D02-1F07-42CF-BF60-81F48D1C3FC2}.Debug|x64.ActiveCfg = Debug|x64
		{69C16D02-1F07-42CF-BF60-81F48D1C3FC2}.Debug|x64.Build.0 = Debug|x64
		{69C16D02-1F07-42CF-BF60-81F48D1C3FC2}.Debug|x86.ActiveCfg = Debug|Win32
		{69C16D02-1F07-42CF-BF60-81F48D1C3FC2}.Debug|x86.Build.0 = Debug|Win32
		{69C16D02-1F07-42CF-BF60-81F48D1C3FC2}.Release|x64.ActiveCfg = Release|x64
		{69C16D02-1F07-42CF-BF60-81F48D1C3FC2}.Release|x64.Build.0 = Release|x64
		{69C16D02-1F07-42CF-BF60-81F48D1C3FC2}.Release|x86.ActiveCfg = Release|Win32
		{69C16D02-1F07-42CF-BF60-81F48D1C3FC2}.Release|x86.Build.0 = Release|Win32
		{8A8007C2-1973-4378-A163-63954F186C8D}.Debug|x64.ActiveCfg = Debug|x64
		{8A8007C2-1973-4378-A163-63954F186C8D}.Debug|x64.Build.0 = Debug|x64
		{8A8007C2-1973-4378-A163-63954F186C8D}.Debug|x86.ActiveCfg = Debug|Win32
		{8A8007C2-1973-4378-A163-63954F186C8D}.Debug|x86.Build.0 = Debug|Win32
		{8A8007C2-1973-4378-A163-63954F186C8D}.Release|x64.ActiveCfg = Release|x64
		{8A8007C2-1973-4378-A163-63954F186C8D}.Release|x64.Build.0 = Release|x64
		{8A8007C2-1973-4378-A163-63954F186C8D}.Release|x86.ActiveCfg = Release|Win32
		{8A8007C2-1973-4378-A163-63954F186C8D}.Release|x86.Build.0 = Release|Win32
		{CFC70C6D-A3E5-4497-834E-08A1F16500FF}.Debug|x64.ActiveCfg = Debug|x64
		{CFC70C6D-A3E5-4497-834E-08A1F16500FF}.Debug|x64.Build.0 = Debug|x64
		{CFC70C6D-A3E5-4497-834E-08A1F16500FF}.Debug|x86.ActiveCfg = Debug|Win32
		{CFC70C6D-A3E5-4497-834E-08A1F16500FF}.Debug|x86.Build.0 = Debug|Win32
		{CFC70C6D-A3E5-4497-834E-08A1F16500FF}.Release|x64.ActiveCfg = Release|x64
		{CFC70C6D-A3E5-4497-834E-08A1F16500FF}.Release|x64.Build.0 = Release|x64
		{CFC70C6D-A3E5-4497-834E-08A1F16500FF}.Release|x86.ActiveCfg = Release|Win32
		{CFC70C6D-A3E5-4497-834E-08A1F16500FF}.Release|x86.Build.0 = Release|Win32
		{AB6694EF-94D0-41EA-A432-B5DA812127A3}.Debug|x64.ActiveCfg = Debug|x64
		{AB6694EF-94D0-41EA-A432-B5DA812127A3}.Debug|x64.Build.0 = Debug|x64
		{AB6694EF-94D0-41EA-A432-B5DA812127A3}.Debug|x86.ActiveCfg = Debug|Win32
		{AB6694EF-94D0-41EA-A432-B5DA812127A3}.Debug|x86.Build.0 = Debug|Win32
		{AB6694EF-94D0-41EA-A432-B5DA812127A3}.Release|x64.ActiveCfg = Release|x64
		{AB6694EF-94D0-41EA-A432-B5DA812127A3}.Release|x64.Build.0 = Release|x64
		{AB6694EF-94D0-41EA-A432-B5DA812127A3}.Release|x86.ActiveCfg = Release|Win32
		{AB6694EF-94D0-41EA-A432-B5DA812127A3}.Release|x86.Build.0 = Release|Win32
		{BC234D4C-B625-423B-BF66-3183F3DE3D67}.Debug|x64.ActiveCfg = Debug|x64
		{BC234D4C-B625-423B-BF66-3183F3DE3D67}.Debug|x64.Build.0 = Debug|x64
		{BC234D4C-B625-423B-BF66-3183F3DE3D67}.Debug|x86.ActiveCfg = Debug|Win32
		{BC234D4C-B625-423B-BF66-3183F3DE3D67}.Debug|x86.Build.0 = Debug|Win32
		{BC234D4C-B625-423B-BF66-3183F3DE3D67}.Release|x64.ActiveCfg = Release|x64
		{BC234D4C-B625-423B-BF66-3183F3DE3D67}.Release|x64.Build.0 = Release|x64
		{BC234D4C-B625-423B-BF66-3183F3DE3D67}.Release|x86.ActiveCfg = Release|Win32
		{BC234D4C-B625-423B-BF66-3183F3DE3D67}.Release|x86.Build.0 = Release|Win32
		{B8784B28-E053-4A5B-B649-5D9161B18333}.Debug|x64.ActiveCfg = Debug|x64
		{B8784B28-E053-4A5B-B649-5D9161B18333}.Debug|x64.Build.0 = Debug|x64
		{B8784B28-E053-4A5B-B649-5D9161B18333}.Debug|x86.ActiveCfg = Debug|Win32
		{B8784B28-E053-4A5B-B649-5D9161B18333}.Debug|x86.Build.0 = Debug|Win32
		{B8784B28-E053-4A5B-B649-5D9161B18333}.Release|x64.ActiveCfg = Release|x64
		{B8784B28-E053-4A5B-B649-5D9161B18333}.Release|x64.Build.0 = Release|x64
		{B8784B28-E053-4A5B-B649-5D9161B18333}.Release|x86.ActiveCfg = Release|Win32
		{B8784B28-E053-4A5B-B649-5D9161B18333}.Release|x86.Build.0 = Release|Win32
		{F65582C5-2705-45EB-B4D4-78747DCE4654}.Debug|x64.ActiveCfg = Debug|x64
		{F65582C5-2705-45EB-B4D4-78747DCE4654}.Debug|x64.Build.0 = Debug|x64
		{F65582C5-2705-45EB-B4D4-78747DCE4654}.Debug|x86.ActiveCfg = Debug|Win32
		{F65582C5-2705-45EB-B4D4-78747DCE4654}.Debug|x86.Build.0 = Debug|Win32
		{F65582C5-2705-45EB-B4D4-78747DCE4654}.Release|x64.ActiveCfg = Release|x64
		{F65582C5-2705-45EB-B4D4-78747DCE4654}.Release|x64.Build.0 = Release|x64
		{F65582C5-2705-45EB-B4D4-78747DCE4654}.Release|x86.ActiveCfg = Release|Win32
		{F65582C5-2705-45EB-B4D4-78747DCE4654}.Release|x86.Build.0 = Release|Win32
		{6F933A15-177D-4734-A45B-AD5312BEC4AD}.Debug|x64.ActiveCfg = Debug|x64
		{6F933A15-177D-4734-A45B-AD5312BEC4AD}.Debug|x64.Build.0 = Debug|x64
		{6F933A15-177D-4734-A45B-AD5312BEC4AD}.Debug|x86.ActiveCfg = Debug|Win32
		{6F933A15-177D-4734-A45B-AD5312BEC4AD}.Debug|x86.Build.0 = Debug|Win32
		{6F933A15-177D-4734-A45B-AD5312BEC4AD}.Release|x64.ActiveCfg = Release|x64
		{6F933A15-177D-4734-A45B-AD5312BEC4AD}.Release|x64.Build.0 = Release|x64
		{6F933A15-177D-4734-A45B-AD5312BEC4AD}.Release|x86.ActiveCfg = Release|Win32
		{6F933A15-177D-4734-A45B-AD5312BEC4AD}.Release|x86.Build.0 = Release|Win32
		{61B75B39-AC84-42D5-A82C-8B9E26ED1629}.Debug|x64.ActiveCfg = Debug|x64
		{61B75B39-AC84-42D5-A82C-8B9E26ED1629}.Debug|x64.Build.0 = Debug|x64
		{61B75B39-AC84-42D5-A82C-8B9E26ED1629}.Debug|x86.ActiveCfg = Debug|Win32
		{61B75B39-AC84-42D5-A82C-8B9E26ED1629}.Debug|x86.Build.0 = Debug|Win32
		{61B75B39-AC84-42D5-A82C-8B9E26ED1629}.Release|x64.ActiveCfg = Release|x64
		{61B75B39-AC84-42D5-A82C-8B9E26ED1629}.Release|x64.Build.0 = Release|x64
		{61B75B39-AC84-42D5-A82C-8B9E26ED1629}.Release|x86.ActiveCfg = Release|Win32
		{61B75B39-AC84-42D5-A82C-8B9E26ED1629}.Release|x86.Build.0 = Release|Win32
		{EDC6A49C-4D9C-4BD5-B56A-A4FDA2B2EB35}.Debug|x64.ActiveCfg = Debug|x64
		{EDC6A49C-4D9C-4BD5-B56A-A4FDA2B2EB35}.Debug|x64.Build.0 = Debug|x64
		{EDC6A49C-4D9C-4BD5-B56A-A4FDA2B2EB35}.Debug|x86.ActiveCfg = Debug|Win32
		{EDC6A49C-4D9C-4BD5-B56A-A4FDA2B2EB35}.Debug|x86.Build.0 = Debug|Win32
		{EDC6A49C-4D9C-4BD5-B56A-A4FDA2B2EB35}.Release|x64.ActiveCfg = Release|x64
		{EDC6A49C-4D9C-4BD5-B56A-A4FDA2B2EB35}.Release|x64.Build.0 = Release|x64
		{EDC6A49C-4D9C-4BD5-B56A-A4FDA2B2EB35}.Release|x86.ActiveCfg = Release|Win32
		{EDC6A49C-4D9C-4BD5-B56A-A4FDA2B2EB35}.Release|x86.Build.0 = Release|Win32
		{2C810FEF-CE2B-42E1-AA11-53B61F349F61}.Debug|x64.ActiveCfg = Debug|x64
		{2C810FEF-CE2B-42E1-AA11-53B61F349F61}.Debug|x64.Build.0 = Debug|x64
		{2C810FEF-CE2B-42E1-AA11-53B61F349F61}.Debug|x86.ActiveCfg = Debug|Win32
		{2C810FEF-CE2B-42E1-AA11-53B61F349F61}.Debug|x86.Build.0 = Debug|Win32
		{2C810FEF-CE2B-42E1-AA11-53B61F349F61}.Release|x64.ActiveCfg = Release|x64
		{2C810FEF-CE2B-42E1-AA11-53B61F349F61}.Release|x64.Build.0 = Release|x64
		{2C810FEF-CE2B-42E1-AA11-53B61F349F61}.Release|x86.ActiveCfg = Release|Win32
		{2C810FEF-CE2B-42E1-AA11-53B61F349F61}.Release|x86.Build.0 = Release|Win32
		{2EA8B346-8C99-4A71-A590-75B7FE4BA2DE}.Debug|x64.ActiveCfg = Debug|x64
		{2EA8B346-8C99-4A71-A590-75B7FE4BA2DE}.Debug|x64.Build.0 = Debug|x64
		{2EA8B346-8C99-4A71-A590-75B7FE4BA2DE}.Debug|x86.ActiveCfg = Debug|Win32
		{2EA8B346-8C99-4A71-A590-75B7FE4BA2DE}.Debug|x86.Build.0 = Debug|Win32
		{2EA8B346-8C99-4A71-A590-75B7FE4BA2DE}.Release|x64.ActiveCfg = Release|x64
		{2EA8B346-8C99-4A71-A590-75B7FE4BA2DE}.Release|x64.Build.0 = Release|x64
		{2EA8B346-8C99-4A71-A590-75B7FE4BA2DE}.Release|x86.ActiveCfg = Release|Win32
		{2EA8B346-8C99-4A71-A590-75B7FE4BA2DE}.Release|x86.Build.0 = Release|Win32
		{CEDDF0D6-3A28-4347-9412-EC2534EE5090}.Debug|x64.ActiveCfg = Debug|x64
		{CEDDF0D6-3A28-4347-9412-EC2534EE5090}.Debug|x64.Build.0 = Debug|x64
		{CEDDF0D6-3A28-4347-9412-EC2534EE5090}.Debug|x86.ActiveCfg = Debug|Win32
		{CEDDF0D6-3A28-4347-9412-EC2534EE5090}.Debug|x86.Build.0 = Debug|Win32
		{CEDDF0D6-3A28-4347-9412-EC2534EE5090}.Release|x64.ActiveCfg = Release|x64
		{CEDDF0D6-3A28-4347-9412-EC2534EE5090}.Release|x64.Build.0 = Release|x64
		{CEDDF0D6-3A28-4347-9412-EC2534EE5090}.Release|x86.ActiveCfg = Release|Win32
		{CEDDF0D6-3A28-4347-9412-EC2534EE5090}.Release|x86.Build.0 = Release|Win32
		{D9610662-FA12-4DB3-AC92-D972C15C1031}.Debug|x64.ActiveCfg = Debug|x64
		{D9610662-FA12-4DB3-AC92-D972C15C1031}.Debug|x64.Build.0 = Debug|x64
		{D9610662-FA12-4DB3-AC92-D972C15C1031}.Debug|x86.ActiveCfg = Debug|Win32
		{D9610662-FA12-4DB3-AC92-D972C15C1031}.Debug|x86.Build.0 = Debug|Win32
		{D9610662-FA12-4DB3-AC92-D972C15C1031}.Release|x64.ActiveCfg = Release|x64
		{D9610662-FA12-4DB3-AC92-D972C15C1031}.Release|x64.Build.0 = Release|x64
		{D9610662-FA12-4DB3-AC92-D972C15C1031}.Release|x86.ActiveCfg = Release|Win32
		{D9610662-FA12-4DB3-AC92-D972C15C1031}.Release|x86.Build.0 = Release|Win32
		{B382A248-6A01-4F8E-AC4E-947F4B1693B8}.Debug|x64.ActiveCfg = Debug|x64
		{B382A248-6A01-4F8E-AC4E-947F4B1693B8}.Debug|x64.Build.0 = Debug|x64
		{B382A248-6A01-4F8E-AC4E-947F4B1693B8}.Debug|x86.ActiveCfg = Debug|Win32
		{B382A248-6A01-4F8E-AC4E-947F4B1693B8}.Debug|x86.Build.0 = Debug|Win32
		{B382A248-6A01-4F8E-AC4E-947F4B1693B8}.Release|x64.ActiveCfg = Release|x64
		{B382A248-6A01-4F8E-AC4E-947F4B1693B8}.Release|x64.Build.0 = Release|x64
		{B382A248-6A01-4F8E-AC4E-947F4B1693B8}.Release|x86.ActiveCfg = Release|Win32
		{B382A248-6A01-4F8E-AC4E-947F4B1693B8}.Release|x86.Build.0 = Release|Win32
		{DF65573A-5AE1-4581-9D8E-C01A9DF954F7}.Debug|x64.ActiveCfg = Debug|x64
		{DF65573A-5AE1-4581-9D8E-C01A9DF954F7}.Debug|x64.Build.0 = Debug|x64
		{DF65573A-5AE1-4581-9D8E-C01A9DF954F7}.Debug|x86.ActiveCfg = Debug|Win32
		{DF65573A-5AE1-4581-9D8E-C01A9DF954F7}.Debug|x86.Build.0 = Debug|Win32
		{DF65573A-5AE1-4581-9D8E-C01A9DF954F7}.Release|x64.ActiveCfg = Release|x64
		{DF65573A-5AE1-4581-9D8E-C01A9DF954F7}.Release|x64.Build.0 = Release|x64
		{DF65573A-5AE1-4581-9D8E-C01A9DF954F7}.Release|x86.ActiveCfg = Release|Win32
		{DF65573A-5AE1-4581-9D8E-C01A9DF954F7}.Release|x86.Build.0 = Release|Win32
		{39A27BAC-1562-44A7-8DD7-EE69A8BDF315}.Debug|x64.ActiveCfg = Debug|x64
		{39A27BAC-1562-44A7-8DD7-EE69A8BDF315}.Debug|x64.Build.0 = Debug|x64
		{39A27BAC-1562-44A7-8DD7-EE69A8BDF315}.Debug|x86.ActiveCfg = Debug|Win32
		{39A27BAC-1562-44A7-8DD7-EE69A8BDF315}.Debug|x86.Build.0 = Debug|Win32
		{39A27BAC-1562-44A7-8DD7-EE69A8BDF315}.Release|x64.ActiveCfg = Release|x64
		{39A27BAC-1562-44A7-8DD7-EE69A8BDF315}.Release|x64.Build.0 = Release|x64
		{39A27BAC-1562-44A7-8DD7-EE69A8BDF315}.Release|x86.ActiveCfg = Release|Win32
		{39A27BAC-1562-44A7-8DD7-EE69A8BDF315}.Release|x86.Build.0 = Release|Win32
		{FBEB1291-BB4A-4FBD-BDAC-A61CE7B116D3}.Debug|x64.ActiveCfg = Debug|x64
		{FBEB1291-BB4A-4FBD-BDAC-A61CE7B116D3}.Debug|x64.Build.0 = Debug|x64
		{FBEB1291-BB4A-4FBD-BDAC-A61CE7B116D3}.Debug|x86.ActiveCfg = Debug|Win32
		{FBEB1291-BB4A-4FBD-BDAC-A61CE7B116D3}.Debug|x86.Build.0 = Debug|Win32
		{FBEB1291-BB4A-4FBD-BDAC-A61CE7B116D3}.Release|x64.ActiveCfg = Release|x64
		{FBEB1291-BB4A-4FBD-BDAC-A61CE7B116D3}.Release|x64.Build.0 = Release|x64
		{FBEB1291-BB4A-4FBD-BDAC-A61CE7B116D3}.Release|x86.ActiveCfg = Release|Win32
		{FBEB1291-BB4A-4FBD-BDAC-A61CE7B116D3}.Release|x86.Build.0 = Release|Win32
		{E11AC04B-F411-498D-A737-3590997F2F3D}.Debug|x64.ActiveCfg = Debug|x64
		{E11AC04B-F411-498D-A737-3590997F2F3D}.Debug|x64.Build.0 = Debug|x64
		{E11AC04B-F411-498D-A737-3590997F2F3D}.Debug|x86.ActiveCfg = Debug|Win32
		{E11AC04B-F411-498D-A737-3590997F2F3D}.Debug|x86.Build.0 = Debug|Win32
		{E11AC04B-F411-498D-A737-3590997F2F3D}.Release|x64.ActiveCfg = Release|x64
		{E11AC04B-F411-498D-A737-3590997F2F3D}.Release|x64.Build.0 = Release|x64
		{E11AC04B-F411-498D-A737-3590997F2F3D}.Release|x86.ActiveCfg = Release|Win32
		{E11AC04B-F411-498D-A737-3590997F2F3D}.Release|x86.Build.0 = Release|Win32
		{AA1AC8EF-890F-40A8-9249-878B5C7DDC27}.Debug|x64.ActiveCfg = Debug|x64
		{AA1AC8EF-890F-40A8-9249-878B5C7DDC27}.Debug|x64.Build.0 = Debug|x64
		{AA1AC8EF-890F-40A8-9249-878B5C7DDC27}.Debug|x86.ActiveCfg = Debug|Win32
		{AA1AC8EF-890F-40A8-9249-878B5C7DDC27}.Debug|x86.Build.0 = Debug|Win32
		{AA1AC8EF-890F-40A8-9249-878B5C7DDC27}.Release|x64.ActiveCfg = Release|x64
		{AA1AC8EF-890F-40A8-9249-878B5C7DDC27}.Release|x64.Build.0 = Release|x64
		{AA1AC8EF-890F-40A8-9249-878B5C7DDC27}.Release|x86.ActiveCfg = Release|Win32
		{AA1AC8EF-890F-40A8-9249-878B5C7DDC27}.Release|x86.Build.0 = Release|Win32
		{BDFBE932-A2DC-4A62-B00D-73E20F8364A7}.Debug|x64.ActiveCfg = Debug|x64
		{BDFBE932-A2DC-4A62-B00D-73E20F8364A7}.Debug|x64.Build.0 = Debug|x64
		{BDFBE932-A2DC-4A62-B00D-73E20F8364A7}.Debug|x86.ActiveCfg = Debug|Win32
		{BDFBE932-A2DC-4A62-B00D-73E20F8364A7}.Debug|x86.Build.0 = Debug|Win32
		{BDFBE932-A2DC-4A62-B00D-73E20F8364A7}.Release|x64.ActiveCfg = Release|x64
		{BDFBE932-A2DC-4A62-B00D-73E20F8364A7}.Release|x64.Build.0 = Release|x64
		{BDFBE932-A2DC-4A62-B00D-73E20F8364A7}.Release|x86.ActiveCfg = Release|Win32
		{BDFBE932-A2DC-4A62-B00D-73E20F8364A7}.Release|x86.Build.0 = Release|Win32
		{71BA7DA8-09B7-4C81-A65B-1CE0A8A95C5E}.Debug|x64.ActiveCfg = Debug|x64
		{71BA7DA8-09B7-4C81-A65B-1CE0A8A95C5E}.Debug|x64.Build.0 = Debug|x64
		{71BA7DA8-09B7-4C81-A65B-1CE0A8A95C5E}.Debug|x86.ActiveCfg = Debug|Win32
		{71BA7DA8-09B7-4C81-A65B-1CE0A8A95C5E}.Debug|x86.Build.0 = Debug|Win32
		{71BA7DA8-09B7-4C81-A65B-1CE0A8A95C5E}.Release|x64.ActiveCfg = Release|x64
		{71BA7DA8-09B7-4C81-A65B-1CE0A8A95C5E}.Release|x64.Build.0 = Release|x64
		{71BA7DA8-09B7-4C81-A65B-1CE0A8A95C5E}.Release|x86.ActiveCfg = Release|Win32
		{71BA7DA8-09B7-4C81-A65B-1CE0A8A95C5E}.Release|x86.Build.0 = Release|Win32
		{58D56A1F-83C7-4C64-8197-D360B850C40F}.Debug|x64.ActiveCfg = Debug|x64
		{58D56A1F-83C7-4C64-8197-D360B850C40F}.Debug|x64.Build.0 = Debug|x64
		{58D56A1F-83C7-4C64-8197-D360B850C40F}.Debug|x86.ActiveCfg = Debug|Win32
		{58D56A1F-83C7-4C64-8197-D360B850C40F}.Debug|x86.Build.0 = Debug|Win32
		{58D56A1F-83C7-4C64-8197-D360B850C40F}.Release|x64.ActiveCfg = Release|x64
		{58D56A1F-83C7-4C64-8197-D360B850C40F}.Release|x64.Build.0 = Release|x64
		{58D56A1F-83C7-4C64-8197-D360B850C40F}.Release|x86.ActiveCfg = Release|Win32
		{58D56A1F-83C7-4C64-8197-D360B850C40F}.Release|x86.Build.0 = Release|Win32
		{C566BA5B-2C23-4CD2-B958-388FDEFFE7AA}.Debug|x64.ActiveCfg = Debug|x64
		{C566BA5B-2C23-4CD2-B958-388FDEFFE7AA}.Debug|x64.Build.0 = Debug|x64
		{C566BA5B-2C23-4CD2-B958-388FDEFFE7AA}.Debug|x86.ActiveCfg = Debug|Win32
		{C566BA5B-2C23-4CD2-B958-388FDEFFE7AA}.Debug|x86.Build.0 = Debug|Win32
		{C566BA5B-2C23-4CD2-B958-388FDEFFE7AA}.Release|x64.ActiveCfg = Release|x64
		{C566BA5B-2C23-4CD2-B958-388FDEFFE7AA}.Release|x64.Build.0 = Release|x64
		{C566BA5B-2C23-4CD2-B958-388FDEFFE7AA}.Release|x86.ActiveCfg = Release|Win32
		{C566BA5B-2C23-4CD2-B958-388FDEFFE7AA}.Release|x86.Build.0 = Release|Win32
		{EB1F757A-0689-4421-8E24-8F14C95F75A9}.Debug|x64.ActiveCfg = Debug|x64
		{EB1F757A-0689-4421-8E24-8F14C95F75A9}.Debug|x64.Build.0 = Debug|x64
		{EB1F757A-0689-4421-8E24-8F14C95F75A9}.Debug|x86.ActiveCfg = Debug|Win32
		{EB1F757A-0689-4421-8E24-8F14C95F75A9}.Debug|x86.Build.0 = Debug|Win32
		{EB1F757A-0689-4421-8E24-8F14C95F75A9}.Release|x64.ActiveCfg = Release|x64
		{EB1F757A-0689-4421-8E24-8F14C95F75A9}.Release|x64.Build.0 = Release|x64
		{EB1F757A-0689-4421-8E24-8F14C95F75A9}.Release|x86.ActiveCfg = Release|Win32
		{EB1F757A-0689-4421-8E24-8F14C95F75A9}.Release|x86.Build.0 = Release|Win32
		{FE70C6A2-B53F-48C0-8847-A86D4141227A}.Debug|x64.ActiveCfg = Debug|x64
		{FE70C6A2-B53F-48C0-8847-A86D4141227A}.Debug|x64.Build.0 = Debug|x64
		{FE70C6A2-B53F-48C0-8847-A86D4141227A}.Debug|x86.ActiveCfg = Debug|Win32
		{FE70C6A2-B53F-48C0-8847-A86D4141227A}.Debug|x86.Build.0 = Debug|Win32
		{FE70C6A2-B53F-48C0-8847-A86D4141227A}.Release|x64.ActiveCfg = Release|x64
		{FE70C6A2-B53F-48C0-8847-A86D4141227A}.Release|x64.Build.0 = Release|x64
		{FE70C6A2-B53F-48C0-8847-A86D4141227A}.Release|x86.ActiveCfg = Release|Win32
		{FE70C6A2-B53F-48C0-8847-A86D4141227A}.Release|x86.Build.0 = Release|Win32
		{0BCEE6FD-8DA9-40A3-8E54-7927F0B27145}.Debug|x64.ActiveCfg = Debug|x64
		{0BCEE6FD-8DA9-40A3-8E54-7927F0B27145}.Debug|x64.Build.0 = Debug|x64
		{0BCEE6FD-8DA9-40A3-8E54-7927F0B27145}.Debug|x86.ActiveCfg = Debug|Win32
		{0BCEE6FD-8DA9-40A3-8E54-7927F0B27145}.Debug|x86.Build.0 = Debug|Win32
		{0BCEE6FD-8DA9-40A3-8E54-7927F0B27145}.Release|x64.ActiveCfg = Release|x64
		{0BCEE6FD-8DA9-40A3-8E54-7927F0B27145}.Release|x64.Build.0 = Release|x64
		{0BCEE6FD-8DA9-40A3-8E54-7927F0B27145}.Release|x86.ActiveCfg = Release|Win32
		{0BCEE6FD-8DA9-40A3-8E54-7927F0B27145}.Release|x86.Build.0 = Release|Win32
		{45018960-8533-451B-8CAB-C484B8E74AD6}.Debug|x64.ActiveCfg = Debug|x64
		{45018960-8533-451B-8CAB-C484B8E74AD6}.Debug|x64.Build.0 = Debug|x64
		{45018960-8533-451B-8CAB-C484B8E74AD6}.Debug|x86.ActiveCfg = Debug|Win32
		{45018960-8533-451B-8CAB-C484B8E74AD6}.Debug|x86.Build.0 = Debug|Win32
		{45018960-8533-451B-8CAB-C484B8E74AD6}.Release|x64.ActiveCfg = Release|x64
		{45018960-8533-451B-8CAB-C484B8E74AD6}.Release|x64.Build.0 = Release|x64
		{45018960-8533-451B-8CAB-C484B8E74AD6}.Release|x86.ActiveCfg = Release|Win32
		{45018960-8533-451B-8CAB-C484B8E74AD6}.Release|x86.Build.0 = Release|Win32
		{0CCCC112-7332-4791-855F-AF659FE966B5}.Debug|x64.ActiveCfg = Debug|x64
		{0CCCC112-7332-4791-855F-AF659FE966B5}.Debug|x64.Build.0 = Debug|x64
		{0CCCC112-7332-4791-855F-AF659FE966B5}.Debug|x86.ActiveCfg = Debug|Win32
		{0CCCC112-7332-4791-855F-AF659FE966B5}.Debug|x86.Build.0 = Debug|Win32
		{0CCCC112-7332-4791-855F-AF659FE966B5}.Release|x64.ActiveCfg = Release|x64
		{0CCCC112-7332-4791-855F-AF659FE966B5}.Release|x64.Build.0 = Release|x64
		{0CCCC112-7332-4791-855F-AF659FE966B5}.Release|x86.ActiveCfg = Release|Win32
		{0CCCC112-7332-4791-855F-AF659FE966B5}.Release|x86.Build.0 = Release|Win32
		{25343481-9449-4FCB-8F54-2074F0539E8B}.Debug|x64.ActiveCfg = Debug|x64
		{25343481-9449-4FCB-8F54-2074F0539E8B}.Debug|x64.Build.0 = Debug|x64
		{25343481-9449-4FCB-8F54-2074F0539E8B}.Debug|x86.ActiveCfg = Debug|Win32
		{25343481-9449-4FCB-8F54-2074F0539E8B}.Debug|x86.Build.0 = Debug|Win32
		{25343481-9449-4FCB-8F54-2074F0539E8B}.Release|x64.ActiveCfg = Release|x64
		{25343481-9449-4FCB-8F54-2074F0539E8B}.Release|x64.Build.0 = Release|x64
		{25343481-9449-4FCB-8F54-2074F0539E8B}.Release|x86.ActiveCfg = Release|Win32
		{25343481-9449-4FCB-8F54-2074F0539E8B}.Release|x86.Build.0 = Release|Win32
		{E5E8F0A9-013B-4E7B-A598-2F51C970E525}.Debug|x64.ActiveCfg = Debug|x64
		{E5E8F0A9-013B-4E7B-A598-2F51C970E525}.Debug|x64.Build.0 = Debug|x64
		{E5E8F0A9-013B-4E7B-A598-2F51C970E525}.Debug|x86.ActiveCfg = Debug|Win32
		{E5E8F0A9-013B-4E7B-A598-2F51C970E525}.Debug|x86.Build.0 = Debug|Win32
		{E5E8F0A9-013B-4E7B-A598-2F51C970E525}.Release|x64.ActiveCfg = Release|x64
		{E5E8F0A9-013B-4E7B-A598-2F51C970E525}.Release|x64.Build.0 = Release|x64
		{E5E8F0A9-013B-4E7B-A598-2F51C970E525}.Release|x86.ActiveCfg = Release|Win32
		{E5E8F0A9-013B-4E7B-A598-2F51C970E525}.Release|x86.Build.0 = Release|Win32
		{9CC2C9CE-120F-4A47-AFFC-6E328B68C7DE}.Debug|x64.ActiveCfg = Debug|x64
		{9CC2C9CE-120F-4A47-AFFC-6E328B68C7DE}.Debug|x64.Build.0 = Debug|x64
		{9CC2C9CE-120F-4A47-AFFC-6E328B68C7DE}.Debug|x86.ActiveCfg = Debug|Win32
		{9CC2C9CE-120F-4A47-AFFC-6E328B68C7DE}.Debug|x86.Build.0 = Debug|Win32
		{9CC2C9CE-120F-4A47-AFFC-6E328B68C7DE}.Release|x64.ActiveCfg = Release|x64
		{9CC2C9CE-120F-4A47-AFFC-6E328B68C7DE}.Release|x64.Build.0 = Release|x64
		{9CC2C9CE-120F-4A47-AFFC-6E328B68C7DE}.Release|x86.ActiveCfg = Release|Win32
		{9CC2C9CE-120F-4A47-AFFC-6E328B68C7DE}.Release|x86.Build.0 = Release|Win32
		{87758396-062B-4557-A418-8309D812F3C2}.Debug|x64.ActiveCfg = Debug|x64
		{87758396-062B-4557-A418-8309D812F3C2}.Debug|x64.Build.0 = Debug|x64
		{87758396-062B-4557-A418-8309D812F3C2}.Debug|x86.ActiveCfg = Debug|Win32
		{87758396-062B-4557-A418-8309D812F3C2}.Debug|x86.Build.0 = Debug|Win32
		{87758396-062B-4557-A418-8309D812F3C2}.Release|x64.ActiveCfg = Release|x64
		{87758396-062B-4557-A418-8309D812F3C2}.Release|x64.Build.0 = Release|x64
		{87758396-062B-4557-A418-8309D812F3C2}.Release|x86.ActiveCfg = Release|Win32
		{87758396-062B-4557-A418-8309D812F3C2}.Release|x86.Build.0 = Release|Win32
		{B657C5DE-E434-4225-A60A-42627D0AF73B}.Debug|x64.ActiveCfg = Debug|x64
		{B657C5DE-E434-4225-A60A-42627D0AF73B}.Debug|x64.Build.0 = Debug|x64
		{B657C5DE-E434-4225-A60A-42627D0AF73B}.Debug|x86.ActiveCfg = Debug|Win32
		{B657C5DE-E434-4225-A60A-42627D0AF73B}.Debug|x86.Build.0 = Debug|Win32
		{B657C5DE-E434-4225-A60A-42627D0AF73B}.Release|x64.ActiveCfg = Release|x64
		{B657C5DE-E434-4225-A60A-42627D0AF73B}.Release|x64.Build.0 = Release|x64
		{B657C5DE-E434-4225-A60A-42627D0AF73B}.Release|x86.ActiveCfg = Release|Win32
		{B657C5DE-E434-4225-A60A-42627D0AF73B}.Release|x86.Build.0 = Release|Win32
		{25952FAA-CEBC-47F7-A452-BE72DD7CDEE1}.Debug|x64.ActiveCfg = Debug|x64
		{25952FAA-CEBC-47F7-A452-BE72DD7CDEE1}.Debug|x64.Build.0 = Debug|x64
		{25952FAA-CEBC-47F7-A452-BE72DD7CDEE1}.Debug|x86.ActiveCfg = Debug|Win32
		{25952FAA-CEBC-47F7-A452-BE72DD7CDEE1}.Debug|x86.Build.0 = Debug|Win32
		{25952FAA-CEBC-47F7-A452-BE72DD7CDEE1}.Release|x64.ActiveCfg = Release|x64
		{25952FAA-CEBC-47F7-A452-BE72DD7CDEE1}.Release|x64.Build.0 = Release|x64
		{25952FAA-CEBC-47F7-A452-BE72DD7CDEE1}.Release|x86.ActiveCfg = Release|Win32
		{25952FAA-CEBC-47F7-A452-BE72DD7CDEE1}.Release|x86.Build.0 = Release|Win32
		{F321A427-7947-4D0D-B405-96EC3313C8CD}.Debug|x64.ActiveCfg = Debug|x64
		{F321A427-7947-4D0D-B405-96EC3313C8CD}.Debug|x64.Build.0 = Debug|x64
		{F321A427-7947-4D0D-B405-96EC3313C8CD}.Debug|x86.ActiveCfg = Debug|Win32
		{F321A427-7947-4D0D-B405-96EC3313C8CD}.Debug|x86.Build.0 = Debug|Win32
		{F321A427-7947-4D0D-B405-96EC3313C8CD}.Release|x64.ActiveCfg = Release|x64
		{F321A427-7947-4D0D-B405-96EC3313C8CD}.Release|x64.Build.0 = Release|x64
		{F321A427-7947-4D0D-B405-96EC3313C8CD}.Release|x86.ActiveCfg = Release|Win32
		{F321A427-7947-4D0D-B405-96EC3313C8CD}.Release|x86.Build.0 = Release|Win32
		{DE27772F-911B-4BD9-ABE4-7A3E6EF823C6}.Debug|x64.ActiveCfg = Debug|x64
		{DE27772F-911B-4BD9-ABE4-7A3E6EF823C6}.Debug|x64.Build.0 = Debug|x64
		{DE27772F-911B-4BD9-ABE4-7A3E6EF823C6}.Debug|x86.ActiveCfg = Debug|Win32
		{DE27772F-911B-4BD9-ABE4-7A3E6EF823C6}.Debug|x86.Build.0 = Debug|Win32
		{DE27772F-911B-4BD9-ABE4-7A3E6EF823C6}.Release|x64.ActiveCfg = Release|x64
		{DE27772F-911B-4BD9-ABE4-7A3E6EF823C6}.Release|x64.Build.0 = Release|x64
		{DE27772F-911B-4BD9-ABE4-7A3E6EF823C6}.Release|x86.ActiveCfg = Release|Win32
		{DE27772F-911B-4BD9-ABE4-7A3E6EF823C6}.Release|x86.Build.0 = Release|Win32
		{4BC5F21B-EDF3-4B4A-88B9-6B46591A8AEC}.Debug|x64.ActiveCfg = Debug|x64
		{4BC5F21B-EDF3-4B4A-88B9-6B46591A8AEC}.Debug|x64.Build.0 = Debug|x64
		{4BC5F21B-EDF3-4B4A-88B9-6B46591A8AEC}.Debug|x86.ActiveCfg = Debug|Win32
		{4BC5F21B-EDF3-4B4A-88B9-6B46591A8AEC}.Debug|x86.Build.0 = Debug|Win32
		{4BC5F21B-EDF3-4B4A-88B9-6B46591A8AEC}.Release|x64.ActiveCfg = Release|x64
		{4BC5F21B-EDF3-4B4A-88B9-6B46591A8AEC}.Release|x64.Build.0 = Release|x64
		{4BC5F21B-EDF3-4B4A-88B9-6B46591A8AEC}.Release|x86.ActiveCfg = Release|Win32
		{4BC5F21B-EDF3-4B4A-88B9-6B46591A8AEC}.Release|x86.Build.0 = Release|Win32
		{EAB73654-2528-4254-A862-CDA151B1F5E5}.Debug|x64.ActiveCfg = Debug|x64
		{EAB73654-2528-4254-A862-CDA151B1F5E5}.Debug|x64.Build.0 = Debug|x64
		{EAB73654-2528-4254-A862-CDA151B1F5E5}.Debug|x86.ActiveCfg = Debug|Win32
		{EAB73654-2528-4254-A862-CDA151B1F5E5}.Debug|x86.Build.0 = Debug|Win32
		{EAB73654-2528-4254-A862-CDA151B1F5E5}.Release|x64.ActiveCfg = Release|x64
		{EAB73654-2528-4254-A862-CDA151B1F5E5}.Release|x64.Build.0 = Release|x64
		{EAB73654-2528-4254-A862-CDA151B1F5E5}.Release|x86.ActiveCfg = Release|Win32
		{EAB73654-2528-4254-A862-CDA151B1F5E5}.Release|x86.Build.0 = Release|Win32
		{32E9D8DB-9F65-4E34-B9B2-2C84E8C67DBD}.Debug|x64.ActiveCfg = Debug|x64
		{32E9D8DB-9F65-4E34-B9B2-2C84E8C67DBD}.Debug|x64.Build.0 = Debug|x64
		{32E9D8DB-9F65-4E34-B9B2-2C84E8C67DBD}.Debug|x86.ActiveCfg = Debug|Win32
		{32E9D8DB-9F65-4E34-B9B2-2C84E8C67DBD}.Debug|x86.Build.0 = Debug|Win32
		{32E9D8DB-9F65-4E34-B9B2-2C84E8C67DBD}.Release|x64.ActiveCfg = Release|x64
		{32E9D8DB-9F65-4E34-B9B2-2C84E8C67DBD}.Release|x64.Build.0 = Release|x64
		{32E9D8DB-9F65-4E34-B9B2-2C84E8C67DBD}.Release|x86.ActiveCfg = Release|Win32
		{32E9D8DB-9F65-4E34-B9B2-2C84E8C67DBD}.Release|x86.Build.0 = Release|Win32
		{4CF9E649-6830-4346-A3E0-B02DD3E51002}.Debug|x64.ActiveCfg = Debug|x64
		{4CF9E649-6830-4346-A3E0-B02DD3E51002}.Debug|x64.Build.0 = Debug|x64
		{4CF9E649-6830-4346-A3E0-B02DD3E51002}.Debug|x86.ActiveCfg = Debug|Win32
		{4CF9E649-6830-4346-A3E0-B02DD3E51002}.Debug|x86.Build.0 = Debug|Win32
		{4CF9E649-6830-4346-A3E0-B02DD3E51002}.Release|x64.ActiveCfg = Release|x64
		{4CF9E649-6830-4346-A3E0-B02DD3E51002}.Release|x64.Build.0 = Release|x64
		{4CF9E649-6830-4346-A3E0-B02DD3E51002}.Release|x86.ActiveCfg = Release|Win32
		{4CF9E649-6830-4346-A3E0-B02DD3E51002}.Release|x86.Build.0 = Release|Win32
		{309F7E50-77A8-4400-9D6C-5E5DAC2A6EC8}.Debug|x64.ActiveCfg = Debug|x64
		{309F7E50-77A8-4400-9D6C-5E5DAC2A6EC8}.Debug|x64.Build.0 = Debug|x64
		{309F7E50-77A8-4400-9D6C-5E5DAC2A6EC8}.Debug|x86.ActiveCfg = Debug|Win32
		{309F7E50-77A8-4400-9D6C-5E5DAC2A6EC8}.Debug|x86.Build.0 = Debug|Win32
		{309F7E50-77A8-4400-9D6C-5E5DAC2A6EC8}.Release|x64.ActiveCfg = Release|x64
		{309F7E50-77A8-4400-9D6C-5E5DAC2A6EC8}.Release|x64.Build.0 = Release|x64
		{309F7E50-77A8-4400-9D6C-5E5DAC2A6EC8}.Release|x86.ActiveCfg = Release|Win32
		{309F7E50-77A8-4400-9D6C-5E5DAC2A6EC8}.Release|x86.Build.0 = Release|Win32
		{BD148FA8-B7F6-43FF-8392-F778BA37AE2D}.Debug|x64.ActiveCfg = Debug|x64
		{BD148FA8-B7F6-43FF-8392-F778BA37AE2D}.Debug|x64.Build.0 = Debug|x64
		{BD148FA8-B7F6-43FF-8392-F778BA37AE2D}.Debug|x86.ActiveCfg = Debug|Win32
		{BD148FA8-B7F6-43FF-8392-F778BA37AE2D}.Debug|x86.Build.0 = Debug|Win32
		{BD148FA8-B7F6-43FF-8392-F778BA37AE2D}.Release|x64.ActiveCfg = Release|x64
		{BD148FA8-B7F6-43FF-8392-F778BA37AE2D}.Release|x64.Build.0 = Release|x64
		{BD148FA8-B7F6-43FF-8392-F778BA37AE2D}.Release|x86.ActiveCfg = Release|Win32
		{BD148FA8-B7F6-43FF-8392-F778BA37AE2D}.Release|x86.Build.0 = Release|Win32
		{E09636AD-47EC-452B-A8A7-597A4DC01F70}.Debug|x64.ActiveCfg = Debug|x64
		{E09636AD-47EC-452B-A8A7-597A4DC01F70}.Debug|x64.Build.0 = Debug|x64
		{E09636AD-47EC-452B-A8A7-597A4DC01F70}.Debug|x86.ActiveCfg = Debug|Win32
		{E09636AD-47EC-452B-A8A7-597A4DC01F70}.Debug|x86.Build.0 = Debug|Win32
		{E09636AD-47EC-452B-A8A7-597A4DC01F70}.Release|x64.ActiveCfg = Release|x64
		{E09636AD-47EC-452B-A8A7-597A4DC01F70}.Release|x64.Build.0 = Release|x64
		{E09636AD-47EC-452B-A8A7-597A4DC01F70}.Release|x86.ActiveCfg = Release|Win32
		{E09636AD-47EC-452B-A8A7-597A4DC01F70}.Release|x86.Build.0 = Release|Win32
		{1BEB514D-5B36-4EDE-9778-574E11A99214}.Debug|x64.ActiveCfg = Debug|x64
		{1BEB514D-5B36-4EDE-9778-574E11A99214}.Debug|x64.Build.0 = Debug|x64
		{1BEB514D-5B36-4EDE-9778-574E11A99214}.Debug|x86.ActiveCfg = Debug|Win32
		{1BEB514D-5B36-4EDE-9778-574E11A99214}.Debug|x86.Build.0 = Debug|Win32
		{1BEB514D-5B36-4EDE-9778-574E11A99214}.Release|x64.ActiveCfg = Release|x64
		{1BEB514D-5B36-4EDE-9778-574E11A99214}.Release|x64.Build.0 = Release|x64
		{1BEB514D-5B36-4EDE-9778-574E11A99214}.Release|x86.ActiveCfg = Release|Win32
		{1BEB514D-5B36-4EDE-9778-574E11A99214}.Release|x86.Build.0 = Release|Win32
		{2A33888B-7588-4892-9898-809772D7031F}.Debug|x64.ActiveCfg = Debug|x64
		{2A33888B-7588-4892-9898-809772D7031F}.Debug|x64.Build.0 = Debug|x64
		{2A33888B-7588-4892-9898-809772D7031F}.Debug|x86.ActiveCfg = Debug|Win32
		{2A33888B-7588-4892-9898-809772D7031F}.Debug|x86.Build.0 = Debug|Win32
		{2A33888B-7588-4892-9898-809772D7031F}.Release|x64.ActiveCfg = Release|x64
		{2A33888B-7588-4892-9898-809772D7031F}.Release|x64.Build.0 = Release|x64
		{2A33888B-7588-4892-9898-809772D7031F}.Release|x86.ActiveCfg = Release|Win32
		{2A33888B-7588-4892-9898-809772D7031F}.Release|x86.Build.0 = Release|Win32
		{3A5BFFC2-A30B-4751-A4AB-9F9488C13792}.Debug|x64.ActiveCfg = Debug|x64
		{3A5BFFC2-A30B-4751-A4AB-9F9488C13792}.Debug|x64.Build.0 = Debug|x64
		{3A5BFFC2-A30B-4751-A4AB-9F9488C13792}.Debug|x86.ActiveCfg = Debug|Win32
		{3A5BFFC2-A30B-4751-A4AB-9F9488C13792}.Debug|x86.Build.0 = Debug|Win32
		{3A5BFFC2-A30B-4751-A4AB-9F9488C13792}.Release|x64.ActiveCfg = Release|x64
		{3A5BFFC2-A30B-4751-A4AB-9F9488C13792}.Release|x64.Build.0 = Release|x64
		{3A5BFFC2-A30B-4751-A4AB-9F9488C13792}.Release|x86.ActiveCfg = Release|Win32
		{3A5BFFC2-A30B-4751-A4AB-9F9488C13792}.Release|x86.Build.0 = Release|Win32
		{5C5EF0F6-24A4-4EC3-B44F-54211EF16DFC}.Debug|x64.ActiveCfg = Debug|x64
		{5C5EF0F6-24A4-4EC3-B44F-54211EF16DFC}.Debug|x64.Build.0 = Debug|x64
		{5C5EF0F6-24A4-4EC3-B44F-54211EF16DFC}.Debug|x86.ActiveCfg = Debug|Win32
		{5C5EF0F6-24A4-4EC3-B44F-54211EF16DFC}.Debug|x86.Build.0 = Debug|Win32
		{5C5EF0F6-24A4-4EC3-B44F-54211EF16DFC}.Release|x64.ActiveCfg = Release|x64
		{5C5EF0F6-24A4-4EC3-B44F-54211EF16DFC}.Release|x64.Build.0 = Release|x64
		{5C5EF0F6-24A4-4EC3-B44F-54211EF16DFC}.Release|x86.ActiveCfg = Release|Win32
		{5C5EF0F6-24A4-4EC3-B44F-54211EF16DFC}.Release|x86.Build.0 = Release|Win32
		{88C9BFB3-77B5-490A-9591-17F4DF498D18}.Debug|x64.ActiveCfg = Debug|x64
		{88C9BFB3-77B5-490A-9591-17F4DF498D18}.Debug|x64.Build.0 = Debug|x64
		{88C9BFB3-77B5-490A-9591-17F4DF498D18}.Debug|x86.ActiveCfg = Debug|Win32
		{88C9BFB3-77B5-490A-9591-17F4DF498D18}.Debug|x86.Build.0 = Debug|Win32
		{88C9BFB3-77B5-490A-9591-17F4DF498D18}.Release|x64.ActiveCfg = Release|x64
		{88C9BFB3-77B5-490A-9591-17F4DF498D18}.Release|x64.Build.0 = Release|x64
		{88C9BFB3-77B5-490A-9591-17F4DF498D18}.Release|x86.ActiveCfg = Release|Win32
		{88C9BFB3-77B5-490A-9591-17F4DF498D18}.Release|x86.Build.0 = Release|Win32
		{F4C5A7DD-E37F-4890-80E1-10E38F3F4845}.Debug|x64.ActiveCfg = Debug|x64
		{F4C5A7DD-E37F-4890-80E1-10E38F3F4845}.Debug|x64.Build.0 = Debug|x64
		{F4C5A7DD-E37F-4890-80E1-10E38F3F4845}.Debug|x86.ActiveCfg = Debug|Win32
		{F4C5A7DD-E37F-4890-80E1-10E38F3F4845}.Debug|x86.Build.0 = Debug|Win32
		{F4C5A7DD-E37F-4890-80E1-10E38F3F4845}.Release|x64.ActiveCfg = Release|x64
		{F4C5A7DD-E37F-4890-80E1-10E38F3F4845}.Release|x64.Build.0 = Release|x64
		{F4C5A7DD-E37F-4890-80E1-10E38F3F4845}.Release|x86.ActiveCfg = Release|Win32
		{F4C5A7DD-E37F-4890-80E1-10E38F3F4845}.Release|x86.Build.0 = Release|Win32
		{1E7037E7-F7EB-4C98-AE0A-EF821450263F}.Debug|x64.ActiveCfg = Debug|x64
		{1E7037E7-F7EB-4C98-AE0A-EF821450263F}.Debug|x64.Build.0 = Debug|x64
		{1E7037E7-F7EB-4C98-AE0A-EF821450263F}.Debug|x86.ActiveCfg = Debug|Win32
		{1E7037E7-F7EB-4C98-AE0A-EF821450263F}.Debug|x86.Build.0 = Debug|Win32
		{1E7037E7-F7EB-4C98-AE0A-EF821450263F}.Release|x64.ActiveCfg = Release|x64
		{1E7037E7-F7EB-4C98-AE0A-EF821450263F}.Release|x64.Build.0 = Release|x64
		{1E7037E7-F7EB-4C98-AE0A-EF821450263F}.Release|x86.ActiveCfg = Release|Win32
		{1E7037E7-F7EB-4C98-AE0A-EF821450263F}.Release|x86.Build.0 = Release|Win32
		{C7EAF21E-4A4E-4193-9118-DFAC5BA6B952}.Debug|x64.ActiveCfg = Debug|x64
		{C7EAF21E-4A4E-4193-9118-DFAC5BA6B952}.Debug|x64.Build.0 = Debug|x64
		{C7EAF21E-4A4E-4193-9118-DFAC5BA6B952}.Debug|x86.ActiveCfg = Debug|Win32
		{C7EAF21E-4A4E-4193-9118-DFAC5BA6B952}.Debug|x86.Build.0 = Debug|Win32
		{C7EAF21E-4A4E-4193-9118-DFAC5BA6B952}.Release|x64.ActiveCfg = Release|x64
		{C7EAF21E-4A4E-4193-9118-DFAC5BA6B952}.Release|x64.Build.0 = Release|x64
		{C7EAF21E-4A4E-4193-9118-DFAC5BA6B952}.Release|x86.ActiveCfg = Release|Win32
		{C7EAF21E-4A4E-4193-9118-DFAC5BA6B952}.Release|x86.Build.0 = Release|Win32
		{92DF8725-438D-4E63-AC01-FDD263716086}.Debug|x64.ActiveCfg = Debug|x64
		{92DF8725-438D-4E63-AC01-FDD263716086}.Debug|x64.Build.0 = Debug|x64
		{92DF8725-438D-4E63-AC01-FDD263716086}.Debug|x86.ActiveCfg = Debug|Win32
		{92DF8725-438D-4E63-AC01-FDD263716086}.Debug|x86.Build.0 = Debug|Win32
		{92DF8725-438D-4E63-AC01-FDD263716086}.Release|x64.ActiveCfg = Release|x64
		{92DF8725-438D-4E63-AC01-FDD263716086}.Release|x64.Build.0 = Release|x64
		{92DF8725-438D-4E63-AC01-FDD263716086}.Release|x86.ActiveCfg = Release|Win32
		{92DF8725-438D-4E63-AC01-FDD263716086}.Release|x86.Build.0 = Release|Win32
		{F938882E-381E-4908-A996-CCFC6AB49374}.Debug|x64.ActiveCfg = Debug|x64
		{F938882E-381E-4908-A996-CCFC6AB49374}.Debug|x64.Build.0 = Debug|x64
		{F938882E-381E-4908-A996-CCFC6AB49374}.Debug|x86.ActiveCfg = Debug|Win32
		{F938882E-381E-4908-A996-CCFC6AB49374}.Debug|x86.Build.0 = Debug|Win32
		{F938882E-381E-4908-A996-CCFC6AB49374}.Release|x64.ActiveCfg = Release|x64
		{F938882E-381E-4908-A996-CCFC6AB49374}.Release|x64.Build.0 = Release|x64
		{F938882E-381E-4908-A996-CCFC6AB49374}.Release|x86.ActiveCfg = Release|Win32
		{F938882E-381E-4908-A996-CCFC6AB49374}.Release|x86.Build.0 = Release|Win32
		{27430DEE-C522-49AE-A0EC-4253EC862181}.Debug|x64.ActiveCfg = Debug|x64
		{27430DEE-C522-49AE-A0EC-4253EC862181}.Debug|x64.Build.0 = Debug|x64
		{27430DEE-C522-49AE-A0EC-4253EC862181}.Debug|x86.ActiveCfg = Debug|Win32
		{27430DEE-C522-49AE-A0EC-4253EC862181}.Debug|x86.Build.0 = Debug|Win32
		{27430DEE-C522-49AE-A0EC-4253EC862181}.Release|x64.ActiveCfg = Release|x64
		{27430DEE-C522-49AE-A0EC-4253EC862181}.Release|x64.Build.0 = Release|x64
		{27430DEE-C522-49AE-A0EC-4253EC862181}.Release|x86.ActiveCfg = Release|Win32
		{27430DEE-C522-49AE-A0EC-4253EC862181}.Release|x86.Build.0 = Release|Win32
		{ECA4443A-E646-452D-A8D2-61054B3E562E}.Debug|x64.ActiveCfg = Debug|x64
		{ECA4443A-E646-452D-A8D2-61054B3E562E}.Debug|x64.Build.0 = Debug|x64
		{ECA4443A-E646-452D-A8D2-61054B3E562E}.Debug|x86.ActiveCfg = Debug|Win32
		{ECA4443A-E646-452D-A8D2-61054B3E562E}.Debug|x86.Build.0 = Debug|Win32
		{ECA4443A-E646-452D-A8D2-61054B3E562E}.Release|x64.ActiveCfg = Release|x64
		{ECA4443A-E646-452D-A8D2-61054B3E562E}.Release|x64.Build.0 = Release|x64
		{ECA4443A-E646-452D-A8D2-61054B3E562E}.Release|x86.ActiveCfg = Release|Win32
		{ECA4443A-E646-452D-A8D2-61054B3E562E}.Release|x86.Build.0 = Release|Win32
		{19AEB186-E8B6-4428-86FA-603E1C78BD71}.Debug|x64.ActiveCfg = Debug|x64
		{19AEB186-E8B6-4428-86FA-603E1C78BD71}.Debug|x64.Build.0 = Debug|x64
		{19AEB186-E8B6-4428-86FA-603E1C78BD71}.Debug|x86.ActiveCfg = Debug|Win32
		{19AEB186-E8B6-4428-86FA-603E1C78BD71}.Debug|x86.Build.0 = Debug|Win32
		{19AEB186-E8B6-4428-86FA-603E1C78BD71}.Release|x64.ActiveCfg = Release|x64
		{19AEB186-E8B6-4428-86FA-603E1C78BD71}.Release|x64.Build.0 = Release|x64
		{19AEB186-E8B6-4428-86FA-603E1C78BD71}.Release|x86.ActiveCfg = Release|Win32
		{19AEB186-E8B6-4428-86FA-603E1C78BD71}.Release|x86.Build.0 = Release|Win32
		{38C03F6B-0E47-4325-A440-136358385FB3}.Debug|x64.ActiveCfg = Debug|x64
		{38C03F6B-0E47-4325-A440-136358385FB3}.Debug|x64.Build.0 = Debug|x64
		{38C03F6B-0E47-4325-A440-136358385FB3}.Debug|x86.ActiveCfg = Debug|Win32
		{38C03F6B-0E47-4325-A440-136358385FB3}.Debug|x86.Build.0 = Debug|Win32
		{38C03F6B-0E47-4325-A440-136358385FB3}.Release|x64.ActiveCfg = Release|x64
		{38C03F6B-0E47-4325-A440-136358385FB3}.Release|x64.Build.0 = Release|x64
		{38C03F6B-0E47-4325-A440-136358385FB3}.Release|x86.ActiveCfg = Release|Win32
		{38C03F6B-0E47-4325-A440-136358385FB3}.Release|x86.Build.0 = Release|Win32
		{50EFECF4-F3F4-45D3-948D-11C18CC5E8A0}.Debug|x64.ActiveCfg = Debug|x64
		{50EFECF4-F3F4-45D3-948D-11C18CC5E8A0}.Debug|x64.Build.0 = Debug|x64
		{50EFECF4-F3F4-45D3-948D-11C18CC5E8A0}.Debug|x86.ActiveCfg = Debug|Win32
		{50EFECF4-F3F4-45D3-948D-11C18CC5E8A0}.Debug|x86.Build.0 = Debug|Win32
		{50EFECF4-F3F4-45D3-948D-11C18CC5E8A0}.Release|x64.ActiveCfg = Release|x64
		{50EFECF4-F3F4-45D3-948D-11C18CC5E8A0}.Release|x64.Build.0 = Release|x64
		{50EFECF4-F3F4-45D3-948D-11C18CC5E8A0}.Release|x86.ActiveCfg = Release|Win32
		{50EFECF4-F3F4-45D3-948D-11C18CC5E8A0}.Release|x86.Build.0 = Release|Win32
		{847508A9-A36C-4317-980D-491C853C2F7A}.Debug|x64.ActiveCfg = Debug|x64
		{847508A9-A36C-4317-980D-491C853C2F7A}.Debug|x64.Build.0 = Debug|x64
		{847508A9-A36C-4317-980D-491C853C2F7A}.Debug|x86.ActiveCfg = Debug|Win32
		{847508A9-A36C-4317-980D-491C853C2F7A}.Debug|x86.Build.0 = Debug|Win32
		{847508A9-A36C-4317-980D-491C853C2F7A}.Release|x64.ActiveCfg = Release|x64
		{847508A9-A36C-4317-980D-491C853C2F7A}.Release|x64.Build.0 = Release|x64
		{847508A9-A36C-4317-980D-491C853C2F7A}.Release|x86.ActiveCfg = Release|Win32
		{847508A9-A36C-4317-980D-491C853C2F7A}.Release|x86.Build.0 = Release|Win32
		{72D99FA4-5E38-40A2-8102-FDFA2458B4E3}.Debug|x64.ActiveCfg = Debug|x64
		{72D99FA4-5E38-40A2-8102-FDFA2458B4E3}.Debug|x64.Build.0 = Debug|x64
		{72D99FA4-5E38-40A2-8102-FDFA2458B4E3}.Debug|x86.ActiveCfg = Debug|Win32
		{72D99FA4-5E38-40A2-8102-FDFA2458B4E3}.Debug|x86.Build.0 = Debug|Win32
		{72D99FA4-5E38-40A2-8102-FDFA2458B4E3}.Release|x64.ActiveCfg = Release|x64
		{72D99FA4-5E38-40A2-8102-FDFA2458B4E3}.Release|x64.Build.0 = Release|x64
		{72D99FA4-5E38-40A2-8102-FDFA2458B4E3}.Release|x86.ActiveCfg = Release|Win32
		{72D99FA4-5E38-40A2-8102-FDFA2458B4E3}.Release|x86.Build.0 = Release|Win32
		{AFA8B0BC-5962-4A41-828C-712E918E3426}.Debug|x64.ActiveCfg = Debug|x64
		{AFA8B0BC-5962-4A41-828C-712E918E3426}.Debug|x64.Build.0 = Debug|x64
		{AFA8B0BC-5962-4A41-828C-712E918E3426}.Debug|x86.ActiveCfg = Debug|Win32
		{AFA8B0BC-5962-4A41-828C-712E918E3426}.Debug|x86.Build.0 = Debug|Win32
		{AFA8B0BC-5962-4A41-828C-712E918E3426}.Release|x64.ActiveCfg = Release|x64
		{AFA8B0BC-5962-4A41-828C-712E918E3426}.Release|x64.Build.0 = Release|x64
		{AFA8B0BC-5962-4A41-828C-712E918E3426}.Release|x86.ActiveCfg = Release|Win32
		{AFA8B0BC-5962-4A41-828C-712E918E3426}.Release|x86.Build.0 = Release|Win32
		{1BB3C871-951F-44F3-9E7A-1053A0CE3ED9}.Debug|x64.ActiveCfg = Debug|x64
		{1BB3C871-951F-44F3-9E7A-1053A0CE3ED9}.Debug|x64.Build.0 = Debug|x64
		{1BB3C871-951F-44F3-9E7A-1053A0CE3ED9}.Debug|x86.ActiveCfg = Debug|Win32
		{1BB3C871-951F-44F3-9E7A-1053A0CE3ED9}.Debug|x86.Build.0 = Debug|Win32
		{1BB3C871-951F-44F3-9E7A-1053A0CE3ED9}.Release|x64.ActiveCfg = Release|x64
		{1BB3C871-951F-44F3-9E7A-1053A0CE3ED9}.Release|x64.Build.0 = Release|x64
		{1BB3C871-951F-44F3-9E7A-1053A0CE3ED9}.Release|x86.ActiveCfg = Release|Win32
		{1BB3C871-951F-44F3-9E7A-1053A0CE3ED9}.Release|x86.Build.0 = Release|Win32
		{F17AD555-A31E-4069-AE94-58E9F2D5F78D}.Debug|x64.ActiveCfg = Debug|x64
		{F17AD555-A31E-4069-AE94-58E9F2D5F78D}.Debug|x64.Build.0 = Debug|x64
		{F17AD555-A31E-4069-AE94-58E9F2D5F78D}.Debug|x86.ActiveCfg = Debug|Win32
		{F17AD555-A31E-4069-AE94-58E9F2D5F78D}.Debug|x86.Build.0 = Debug|Win32
		{F17AD555-A31E-4069-AE94-58E9F2D5F78D}.Release|x64.ActiveCfg = Release|x64
		{F17AD555-A31E-4069-AE94-58E9F2D5F78D}.Release|x64.Build.0 = Release|x64
		{F17AD555-A31E-4069-AE94-58E9F2D5F78D}.Release|x86.ActiveCfg = Release|Win32
		{F17AD555-A31E-4069-AE94-58E9F2D5F78D}.Release|x86.Build.0 = Release|Win32
		{2DD1295B-431A-4221-89FE-E01F87A2EF1F}.Debug|x64.ActiveCfg = Debug|x64
		{2DD1295B-431A-4221-89FE-E01F87A2EF1F}.Debug|x64.Build.0 = Debug|x64
		{2DD1295B-431A-4221-89FE-E01F87A2EF1F}.Debug|x86.ActiveCfg = Debug|Win32
		{2DD1295B-431A-4221-89FE-E01F87A2EF1F}.Debug|x86.Build.0 = Debug|Win32
		{2DD1295B-431A-4221-89FE-E01F87A2EF1F}.Release|x64.ActiveCfg = Release|x64
		{2DD1295B-431A-4221-89FE-E01F87A2EF1F}.Release|x64.Build.0 = Release|x64
		{2DD1295B-431A-4221-89FE-E01F87A2EF1F}.Release|x86.ActiveCfg = Release|Win32
		{2DD1295B-431A-4221-89FE-E01F87A2EF1F}.Release|x86.Build.0 = Release|Win32
		{A90346C7-867B-4648-8914-A8920BCC410F}.Debug|x64.ActiveCfg = Debug|x64
		{A90346C7-867B-4648-8914-A8920BCC410F}.Debug|x64.Build.0 = Debug|x64
		{A90346C7-867B-4648-8914-A8920BCC410F}.Debug|x86.ActiveCfg = Debug|Win32
		{A90346C7-867B-4648-8914-A8920BCC410F}.Debug|x86.Build.0 = Debug|Win32
		{A90346C7-867B-4648-8914-A8920BCC410F}.Release|x64.ActiveCfg = Release|x64
		{A90346C7-867B-4648-8914-A8920BCC410F}.Release|x64.Build.0 = Release|x64
		{A90346C7-867B-4648-8914-A8920BCC410F}.Release|x86.ActiveCfg = Release|Win32
		{A90346C7-867B-4648-8914-A8920BCC410F}.Release|x86.Build.0 = Release|Win32
		{826FB79C-3803-446D-AD58-F0CE506F98D9}.Debug|x64.ActiveCfg = Debug|x64
		{826FB79C-3803-446D-AD58-F0CE506F98D9}.Debug|x64.Build.0 = Debug|x64
		{826FB79C-3803-446D-AD58-F0CE506F98D9}.Debug|x86.ActiveCfg = Debug|Win32
		{826FB79C-3803-446D-AD58-F0CE506F98D9}.Debug|x86.Build.0 = Debug|Win32
		{826FB79C-3803-446D-AD58-F0CE506F98D9}.Release|x64.ActiveCfg = Release|x64
		{826FB79C-3803-446D-AD58-F0CE506F98D9}.Release|x64.Build.0 = Release|x64
		{826FB79C-3803-446D-AD58-F0CE506F98D9}.Release|x86.ActiveCfg = Release|Win32
		{826FB79C-3803-446D-AD58-F0CE506F98D9}.Release|x86.Build.0 = Release|Win32
		{B4860DD5-276B-4F80-BB5C-2DFC078BDAE6}.Debug|x64.ActiveCfg = Debug|x64
		{B4860DD5-276B-4F80-BB5C-2DFC078BDAE6}.Debug|x64.Build.0 = Debug|x64
		{B4860DD5-276B-4F80-BB5C-2DFC078BDAE6}.Debug|x86.ActiveCfg = Debug|Win32
		{B4860DD5-276B-4F80-BB5C-2DFC078BDAE6}.Debug|x86.Build.0 = Debug|Win32
		{B4860DD5-276B-4F80-BB5C-2DFC078BDAE6}.Release|x64.ActiveCfg = Release|x64
		{B4860DD5-276B-4F80-BB5C-2DFC078BDAE6}.Release|x64.Build.0 = Release|x64
		{B4860DD5-276B-4F80-BB5C-2DFC078BDAE6}.Release|x86.ActiveCfg = Release|Win32
		{B4860DD5-276B-4F80-BB5C-2DFC078BDAE6}.Release|x86.Build.0 = Release|Win32
		{6C1D7247-FFD0-4932-A036-6F43EDA5DA6D}.Debug|x64.ActiveCfg = Debug|x64
		{6C1D7247-FFD0-4932-A036-6F43EDA5DA6D}.Debug|x64.Build.0 = Debug|x64
		{6C1D7247-FFD0-4932-A036-6F43EDA5DA6D}.Debug|x86.ActiveCfg = Debug|Win32
		{6C1D7247-FFD0-4932-A036-6F43EDA5DA6D}.Debug|x86.Build.0 = Debug|Win32
		{6C1D7247-FFD0-4932-A036-6F43EDA5DA6D}.Release|x64.ActiveCfg = Release|x64
		{6C1D7247-FFD0-4932-A036-6F43EDA5DA6D}.Release|x64.Build.0 = Release|x64
		{6C1D7247-FFD0-4932-A036-6F43EDA5DA6D}.Release|x86.ActiveCfg = Release|Win32
		{6C1D7247-FFD0-4932-A036-6F43EDA5DA6D}.Release|x86.Build.0 = Release|Win32
		{F8D08BC6-65C6-4281-8E2A-D8CF06613226}.Debug|x64.ActiveCfg = Debug|x64
		{F8D08BC6-65C6-4281-8E2A-D8CF06613226}.Debug|x64.Build.0 = Debug|x64
		{F8D08BC6-65C6-4281-8E2A-D8CF06613226}.Debug|x86.ActiveCfg = Debug|Win32
		{F8D08BC6-65C6-4281-8E2A-D8CF06613226}.Debug|x86.Build.0 = Debug|Win32
		{F8D08BC6-65C6-4281-8E2A-D8CF06613226}.Release|x64.ActiveCfg = Release|x64
		{F8D08BC6-65C6-4281-8E2A-D8CF06613226}.Release|x64.Build.0 = Release|x64
		{F8D08BC6-65C6-4281-8E2A-D8CF06613226}.Release|x86.ActiveCfg = Release|Win32
		{F8D08BC6-65C6-4281-8E2A-D8CF06613226}.Release|x86.Build.0 = Release|Win32
		{A4C10CCD-31C4-43B0-AACB-10153115B7AE}.Debug|x64.ActiveCfg = Debug|x64
		{A4C10CCD-31C4-43B0-AACB-10153115B7AE}.Debug|x64.Build.0 = Debug|x64
		{A4C10CCD-31C4-43B0-AACB-10153115B7AE}.Debug|x86.ActiveCfg = Debug|Win32
		{A4C10CCD-31C4-43B0-AACB-10153115B7AE}.Debug|x86.Build.0 = Debug|Win32
		{A4C10CCD-31C4-43B0-AACB-10153115B7AE}.Release|x64.ActiveCfg = Release|x64
		{A4C10CCD-31C4-43B0-AACB-10153115B7AE}.Release|x64.Build.0 = Release|x64
		{A4C10CCD-31C4-43B0-AACB-10153115B7AE}.Release|x86.ActiveCfg = Release|Win32
		{A4C10CCD-31C4-43B0-AACB-10153115B7AE}.Release|x86.Build.0 = Release|Win32
		{BD96084E-30C4-4884-AF84-A0B5939C5DC9}.Debug|x64.ActiveCfg = Debug|x64
		{BD96084E-30C4-4884-AF84-A0B5939C5DC9}.Debug|x64.Build.0 = Debug|x64
		{BD96084E-30C4-4884-AF84-A0B5939C5DC9}.Debug|x86.ActiveCfg = Debug|Win32
		{BD96084E-30C4-4884-AF84-A0B5939C5DC9}.Debug|x86.Build.0 = Debug|Win32
		{BD96084E-30C4-4884-AF84-A0B5939C5DC9}.Release|x64.ActiveCfg = Release|x64
		{BD96084E-30C4-4884-AF84-A0B5939C5DC9}.Release|x64.Build.0 = Release|x64
		{BD96084E-30C4-4884-AF84-A0B5939C5DC9}.Release|x86.ActiveCfg = Release|Win32
		{BD96084E-30C4-4884-AF84-A0B5939C5DC9}.Release|x86.Build.0 = Release|Win32
		{B8EA9A24-31E6-49C9-BE85-DF0DD2A52227}.Debug|x64.ActiveCfg = Debug|x64
		{B8EA9A24-31E6-49C9-BE85-DF0DD2A52227}.Debug|x64.Build.0 = Debug|x64
		{B8EA9A24-31E6-49C9-BE85-DF0DD2A52227}.Debug|x86.ActiveCfg = Debug|Win32
		{B8EA9A24-31E6-49C9-BE85-DF0DD2A52227}.Debug|x86.Build.0 = Debug|Win32
		{B8EA9A24-31E6-49C9-BE85-DF0DD2A52227}.Release|x64.ActiveCfg = Release|x64
		{B8EA9A24-31E6-49C9-BE85-DF0DD2A52227}.Release|x64.Build.0 = Release|x64
		{B8EA9A24-31E6-49C9-BE85-DF0DD2A52227}.Release|x86.ActiveCfg = Release|Win32
		{B8EA9A24-31E6-49C9-BE85-DF0DD2A52227}.Release|x86.Build.0 = Release|Win32
		{6A6FF82E-8E93-4861-ADEA-798DE6A8C029}.Debug|x64.ActiveCfg = Debug|x64
		{6A6FF82E-8E93-4861-ADEA-798DE6A8C029}.Debug|x64.Build.0 = Debug|x64
		{6A6FF82E-8E93-4861-ADEA-798DE6A8C029}.Debug|x86.ActiveCfg = Debug|Win32
		{6A6FF82E-8E93-4861-ADEA-798DE6A8C029}.Debug|x86.Build.0 = Debug|Win32
		{6A6FF82E-8E93-4861-ADEA-798DE6A8C029}.Release|x64.ActiveCfg = Release|x64
		{6A6FF82E-8E93-4861-ADEA-798DE6A8C029}.Release|x64.Build.0 = Release|x64
		{6A6FF82E-8E93-4861-ADEA-798DE6A8C029}.Release|x86.ActiveCfg = Release|Win32
		{6A6FF82E-8E93-4861-ADEA-798DE6A8C029}.Release|x86.Build.0 = Release|Win32
		{AA6D8A8E-4006-4D52-B20E-2A2E515B2385}.Debug|x64.ActiveCfg = Debug|x64
		{AA6D8A8E-4006-4D52-B20E-2A2E515B2385}.Debug|x64.Build.0 = Debug|x64
		{AA6D8A8E-4006-4D52-B20E-2A2E515B2385}.Debug|x86.ActiveCfg = Debug|Win32
		{AA6D8A8E-4006-4D52-B20E-2A2E515B2385}.Debug|x86.Build.0 = Debug|Win32
		{AA6D8A8E-4006-4D52-B20E-2A2E515B2385}.Release|x64.ActiveCfg = Release|x64
		{AA6D8A8E-4006-4D52-B20E-2A2E515B2385}.Release|x64.Build.0 = Release|x64
		{AA6D8A8E-4006-4D52-B20E-2A2E515B2385}.Release|x86.ActiveCfg = Release|Win32
		{AA6D8A8E-4006-4D52-B20E-2A2E515B2385}.Release|x86.Build.0 = Release|Win32
		{F8FDE527-177B-4176-8E1A-EAEB0749562A}.Debug|x64.ActiveCfg = Debug|x64
		{F8FDE527-177B-4176-8E1A-EAEB0749562A}.Debug|x64.Build.0 = Debug|x64
		{F8FDE527-177B-4176-8E1A-EAEB0749562A}.Debug|x86.ActiveCfg = Debug|Win32
		{F8FDE527-177B-4176-8E1A-EAEB0749562A}.Debug|x86.Build.0 = Debug|Win32
		{F8FDE527-177B-4176-8E1A-EAEB0749562A}.Release|x64.ActiveCfg = Release|x64
		{F8FDE527-177B-4176-8E1A-EAEB0749562A}.Release|x64.Build.0 = Release|x64
		{F8FDE527-177B-4176-8E1A-EAEB0749562A}.Release|x86.ActiveCfg = Release|Win32
		{F8FDE527-177B-4176-8E1A-EAEB0749562A}.Release|x86.Build.0 = Release|Win32
		{29D56F3E-4A2A-436B-AE98-D6601451183E}.Debug|x64.ActiveCfg = Debug|x64
		{29D56F3E-4A2A-436B-AE98-D6601451183E}.Debug|x64.Build.0 = Debug|x64
		{29D56F3E-4A2A-436B-AE98-D6601451183E}.Debug|x86.ActiveCfg = Debug|Win32
		{29D56F3E-4A2A-436B-AE98-D6601451183E}.Debug|x86.Build.0 = Debug|Win32
		{29D56F3E-4A2A-436B-AE98-D6601451183E}.Release|x64.ActiveCfg = Release|x64
		{29D56F3E-4A2A-436B-AE98-D6601451183E}.Release|x64.Build.0 = Release|x64
		{29D56F3E-4A2A-436B-AE98-D6601451183E}.Release|x86.ActiveCfg = Release|Win32
		{29D56F3E-4A2A-436B-AE98-D6601451183E}.Release|x86.Build.0 = Release|Win32
	EndGlobalSection
	GlobalSection(SolutionProperties) = preSolution
		HideSolutionNode = FALSE
	EndGlobalSection
	GlobalSection(NestedProjects) = preSolution
		{1737CC66-E6CF-462D-9137-C49E2A850E08} = {6FBCD586-A883-4709-AC7C-809242B3AD03}
		{7E4BAE62-0DCE-4EBB-A186-CAAFE6E319B8} = {6FBCD586-A883-4709-AC7C-809242B3AD03}
		{CE80EA43-B69A-40D8-8615-3AE1457266D9} = {6FBCD586-A883-4709-AC7C-809242B3AD03}
		{98ABB8F0-84ED-424D-903C-1B397F48D439} = {6FBCD586-A883-4709-AC7C-809242B3AD03}
		{07F3B2E3-E192-4F2E-A8CE-2BC6AA6F1E31} = {6FBCD586-A883-4709-AC7C-809242B3AD03}
		{A92DA806-DCE8-438D-A447-445E164BA5AB} = {6FBCD586-A883-4709-AC7C-809242B3AD03}
		{47FF837F-E18E-4607-98D9-68D35C3EF152} = {6FBCD586-A883-4709-AC7C-809242B3AD03}
		{A0ABE740-E35C-4C31-9323-5314DC8943C3} = {6FBCD586-A883-4709-AC7C-809242B3AD03}
		{694F7613-82C1-4B55-BE55-F1A53FA26D3B} = {6FBCD586-A883-4709-AC7C-809242B3AD03}
		{909FA9CE-00A1-4161-9D63-70E5233D6513} = {6FBCD586-A883-4709-AC7C-809242B3AD03}
		{E43ACE91-EE5B-419E-867E-390C3526BD77} = {6FBCD586-A883-4709-AC7C-809242B3AD03}
		{74A99D5C-FF7A-42A6-9D7E-233D4DCC062A} = {6FBCD586-A883-4709-AC7C-809242B3AD03}
		{69C16D02-1F07-42CF-BF60-81F48D1C3FC2} = {6FBCD586-A883-4709-AC7C-809242B3AD03}
		{8A8007C2-1973-4378-A163-63954F186C8D} = {6FBCD586-A883-4709-AC7C-809242B3AD03}
		{CFC70C6D-A3E5-4497-834E-08A1F16500FF} = {0FCE124B-A602-4A73-94BF-38FA4B08E10F}
		{AB6694EF-94D0-41EA-A432-B5DA812127A3} = {0FCE124B-A602-4A73-94BF-38FA4B08E10F}
		{BC234D4C-B625-423B-BF66-3183F3DE3D67} = {0FCE124B-A602-4A73-94BF-38FA4B08E10F}
		{B8784B28-E053-4A5B-B649-5D9161B18333} = {0FCE124B-A602-4A73-94BF-38FA4B08E10F}
		{F65582C5-2705-45EB-B4D4-78747DCE4654} = {0FCE124B-A602-4A73-94BF-38FA4B08E10F}
		{6F933A15-177D-4734-A45B-AD5312BEC4AD} = {68FFA2E6-7FAF-4E8A-9DEF-1BD27F7692E3}
		{61B75B39-AC84-42D5-A82C-8B9E26ED1629} = {68FFA2E6-7FAF-4E8A-9DEF-1BD27F7692E3}
		{EDC6A49C-4D9C-4BD5-B56A-A4FDA2B2EB35} = {68FFA2E6-7FAF-4E8A-9DEF-1BD27F7692E3}
		{2C810FEF-CE2B-42E1-AA11-53B61F349F61} = {68FFA2E6-7FAF-4E8A-9DEF-1BD27F7692E3}
		{2EA8B346-8C99-4A71-A590-75B7FE4BA2DE} = {68FFA2E6-7FAF-4E8A-9DEF-1BD27F7692E3}
		{CEDDF0D6-3A28-4347-9412-EC2534EE5090} = {68FFA2E6-7FAF-4E8A-9DEF-1BD27F7692E3}
		{D9610662-FA12-4DB3-AC92-D972C15C1031} = {68FFA2E6-7FAF-4E8A-9DEF-1BD27F7692E3}
		{B382A248-6A01-4F8E-AC4E-947F4B1693B8} = {68FFA2E6-7FAF-4E8A-9DEF-1BD27F7692E3}
		{DF65573A-5AE1-4581-9D8E-C01A9DF954F7} = {68FFA2E6-7FAF-4E8A-9DEF-1BD27F7692E3}
		{39A27BAC-1562-44A7-8DD7-EE69A8BDF315} = {98947BC0-4A80-470B-8FDD-715CA33755FF}
		{FBEB1291-BB4A-4FBD-BDAC-A61CE7B116D3} = {98947BC0-4A80-470B-8FDD-715CA33755FF}
		{E11AC04B-F411-498D-A737-3590997F2F3D} = {98947BC0-4A80-470B-8FDD-715CA33755FF}
		{AA1AC8EF-890F-40A8-9249-878B5C7DDC27} = {98947BC0-4A80-470B-8FDD-715CA33755FF}
		{BDFBE932-A2DC-4A62-B00D-73E20F8364A7} = {F561A1FA-A798-4480-9562-1ED182B06B41}
		{71BA7DA8-09B7-4C81-A65B-1CE0A8A95C5E} = {F561A1FA-A798-4480-9562-1ED182B06B41}
		{58D56A1F-83C7-4C64-8197-D360B850C40F} = {F561A1FA-A798-4480-9562-1ED182B06B41}
		{C566BA5B-2C23-4CD2-B958-388FDEFFE7AA} = {F561A1FA-A798-4480-9562-1ED182B06B41}
		{EB1F757A-0689-4421-8E24-8F14C95F75A9} = {A4C66188-90CE-4114-8275-ECA3D3002A94}
		{FE70C6A2-B53F-48C0-8847-A86D4141227A} = {A4C66188-90CE-4114-8275-ECA3D3002A94}
		{0BCEE6FD-8DA9-40A3-8E54-7927F0B27145} = {A4C66188-90CE-4114-8275-ECA3D3002A94}
		{45018960-8533-451B-8CAB-C484B8E74AD6} = {3116676F-DFE4-4FBB-8FC5-08891FB02A0A}
		{0CCCC112-7332-4791-855F-AF659FE966B5} = {3116676F-DFE4-4FBB-8FC5-08891FB02A0A}
		{25343481-9449-4FCB-8F54-2074F0539E8B} = {3116676F-DFE4-4FBB-8FC5-08891FB02A0A}
		{E5E8F0A9-013B-4E7B-A598-2F51C970E525} = {3116676F-DFE4-4FBB-8FC5-08891FB02A0A}
		{9CC2C9CE-120F-4A47-AFFC-6E328B68C7DE} = {3116676F-DFE4-4FBB-8FC5-08891FB02A0A}
		{87758396-062B-4557-A418-8309D812F3C2} = {3116676F-DFE4-4FBB-8FC5-08891FB02A0A}
		{B657C5DE-E434-4225-A60A-42627D0AF73B} = {3116676F-DFE4-4FBB-8FC5-08891FB02A0A}
		{25952FAA-CEBC-47F7-A452-BE72DD7CDEE1} = {7D3EBC8F-C0CA-4743-86E0-AEF2E3F1CFCE}
		{F321A427-7947-4D0D-B405-96EC3313C8CD} = {7D3EBC8F-C0CA-4743-86E0-AEF2E3F1CFCE}
		{DE27772F-911B-4BD9-ABE4-7A3E6EF823C6} = {7D3EBC8F-C0CA-4743-86E0-AEF2E3F1CFCE}
		{4BC5F21B-EDF3-4B4A-88B9-6B46591A8AEC} = {7D3EBC8F-C0CA-4743-86E0-AEF2E3F1CFCE}
		{EAB73654-2528-4254-A862-CDA151B1F5E5} = {DBF7DB05-767F-4D06-8126-D63DDEB866C6}
		{32E9D8DB-9F65-4E34-B9B2-2C84E8C67DBD} = {DBF7DB05-767F-4D06-8126-D63DDEB866C6}
		{4CF9E649-6830-4346-A3E0-B02DD3E51002} = {5434CF73-71F2-4B78-8CDA-D3DA16A548D7}
		{309F7E50-77A8-4400-9D6C-5E5DAC2A6EC8} = {5434CF73-71F2-4B78-8CDA-D3DA16A548D7}
		{BD148FA8-B7F6-43FF-8392-F778BA37AE2D} = {5434CF73-71F2-4B78-8CDA-D3DA16A548D7}
		{E09636AD-47EC-452B-A8A7-597A4DC01F70} = {5434CF73-71F2-4B78-8CDA-D3DA16A548D7}
		{1BEB514D-5B36-4EDE-9778-574E11A99214} = {42B574A0-E9CA-4524-8B84-0BF9F9D72F4C}
		{2A33888B-7588-4892-9898-809772D7031F} = {42B574A0-E9CA-4524-8B84-0BF9F9D72F4C}
		{3A5BFFC2-A30B-4751-A4AB-9F9488C13792} = {42B574A0-E9CA-4524-8B84-0BF9F9D72F4C}
		{5C5EF0F6-24A4-4EC3-B44F-54211EF16DFC} = {42B574A0-E9CA-4524-8B84-0BF9F9D72F4C}
		{88C9BFB3-77B5-490A-9591-17F4DF498D18} = {42B574A0-E9CA-4524-8B84-0BF9F9D72F4C}
		{F4C5A7DD-E37F-4890-80E1-10E38F3F4845} = {42B574A0-E9CA-4524-8B84-0BF9F9D72F4C}
		{1E7037E7-F7EB-4C98-AE0A-EF821450263F} = {42B574A0-E9CA-4524-8B84-0BF9F9D72F4C}
		{C7EAF21E-4A4E-4193-9118-DFAC5BA6B952} = {C5687E5C-3913-49A0-87DC-8A025EA80F90}
		{92DF8725-438D-4E63-AC01-FDD263716086} = {C5687E5C-3913-49A0-87DC-8A025EA80F90}
		{F938882E-381E-4908-A996-CCFC6AB49374} = {C5687E5C-3913-49A0-87DC-8A025EA80F90}
		{27430DEE-C522-49AE-A0EC-4253EC862181} = {E8A62137-0D1D-4090-AE89-8654B1BC5A5B}
		{ECA4443A-E646-452D-A8D2-61054B3E562E} = {A472C930-3464-469B-A3A7-705F789DEAEE}
		{19AEB186-E8B6-4428-86FA-603E1C78BD71} = {D1486E77-CCC8-4485-A855-0B6A2B8C6DBD}
		{38C03F6B-0E47-4325-A440-136358385FB3} = {D1486E77-CCC8-4485-A855-0B6A2B8C6DBD}
		{50EFECF4-F3F4-45D3-948D-11C18CC5E8A0} = {FD89EBA5-2096-4430-967A-78BC9BDAD7AC}
		{847508A9-A36C-4317-980D-491C853C2F7A} = {36E6F593-3927-452E-A054-546BD68418E9}
		{72D99FA4-5E38-40A2-8102-FDFA2458B4E3} = {36E6F593-3927-452E-A054-546BD68418E9}
		{AFA8B0BC-5962-4A41-828C-712E918E3426} = {6FBCD586-A883-4709-AC7C-809242B3AD03}
		{1BB3C871-951F-44F3-9E7A-1053A0CE3ED9} = {7D3EBC8F-C0CA-4743-86E0-AEF2E3F1CFCE}
		{F17AD555-A31E-4069-AE94-58E9F2D5F78D} = {7D3EBC8F-C0CA-4743-86E0-AEF2E3F1CFCE}
		{2DD1295B-431A-4221-89FE-E01F87A2EF1F} = {C5687E5C-3913-49A0-87DC-8A025EA80F90}
		{A90346C7-867B-4648-8914-A8920BCC410F} = {C5687E5C-3913-49A0-87DC-8A025EA80F90}
		{826FB79C-3803-446D-AD58-F0CE506F98D9} = {B7224691-F283-4A04-8CFD-C24E7E5D73FB}
		{B4860DD5-276B-4F80-BB5C-2DFC078BDAE6} = {B7224691-F283-4A04-8CFD-C24E7E5D73FB}
		{6C1D7247-FFD0-4932-A036-6F43EDA5DA6D} = {B7224691-F283-4A04-8CFD-C24E7E5D73FB}
		{F8D08BC6-65C6-4281-8E2A-D8CF06613226} = {7D3EBC8F-C0CA-4743-86E0-AEF2E3F1CFCE}
		{A4C10CCD-31C4-43B0-AACB-10153115B7AE} = {C5687E5C-3913-49A0-87DC-8A025EA80F90}
		{BD96084E-30C4-4884-AF84-A0B5939C5DC9} = {68FFA2E6-7FAF-4E8A-9DEF-1BD27F7692E3}
		{B8EA9A24-31E6-49C9-BE85-DF0DD2A52227} = {0FCE124B-A602-4A73-94BF-38FA4B08E10F}
		{6A6FF82E-8E93-4861-ADEA-798DE6A8C029} = {0FCE124B-A602-4A73-94BF-38FA4B08E10F}
		{AA6D8A8E-4006-4D52-B20E-2A2E515B2385} = {0FCE124B-A602-4A73-94BF-38FA4B08E10F}
		{F8FDE527-177B-4176-8E1A-EAEB0749562A} = {0FCE124B-A602-4A73-94BF-38FA4B08E10F}
		{29D56F3E-4A2A-436B-AE98-D6601451183E} = {0FCE124B-A602-4A73-94BF-38FA4B08E10F}
	EndGlobalSection
	GlobalSection(ExtensibilityGlobals) = postSolution
		SolutionGuid = {E1AE46CA-8D2B-46EA-B211-3A0E9F4AB9D9}
	EndGlobalSection
EndGlobal
