
Microsoft Visual Studio Solution File, Format Version 12.00
# Visual Studio Version 17
VisualStudioVersion = 17.1.32414.318
MinimumVisualStudioVersion = 10.0.40219.1
Project("{2150E333-8FDC-42A3-9474-1A3956D46DE8}") = "C1401Threads", "C1401Threads", "{FE4C5ADC-5970-4EF6-8608-10AB9B076F4B}"
EndProject
Project("{2150E333-8FDC-42A3-9474-1A3956D46DE8}") = "C1402Tasks", "C1402Tasks", "{54C9B235-394C-44CF-8D91-CBF0A066BFF0}"
EndProject
Project("{2150E333-8FDC-42A3-9474-1A3956D46DE8}") = "C1403Asynchrony", "C1403Asynchrony", "{B095E9EA-0CF4-41AD-BC5A-A9CA7A823A9B}"
EndProject
Project("{2150E333-8FDC-42A3-9474-1A3956D46DE8}") = "C1404AsyncFunctions", "C1404AsyncFunctions", "{DB2FF3A5-D370-4A13-B2AF-B965088C9D1A}"
EndProject
Project("{2150E333-8FDC-42A3-9474-1A3956D46DE8}") = "C1405AsyncStreams", "C1405AsyncStreams", "{AEAA7FAA-289F-4834-99A8-B5AB805176F1}"
EndProject
Project("{2150E333-8FDC-42A3-9474-1A3956D46DE8}") = "C1406AsyncPatterns", "C1406AsyncPatterns", "{AEBAD86A-542B-4205-ABF0-812794050DF9}"
EndProject
Project("{9A19103F-16F7-4668-BE54-9A1E7A4F7556}") = "C1401CreateThread", "C1401Threads\C1401CreateThread\C1401CreateThread.csproj", "{1B17F1EF-FA3D-4176-A4FB-62551D61C554}"
EndProject
Project("{9A19103F-16F7-4668-BE54-9A1E7A4F7556}") = "C1402JoinThread", "C1401Threads\C1402JoinThread\C1402JoinThread.csproj", "{112C0190-0661-404D-9754-5314C9FEA709}"
EndProject
Project("{9A19103F-16F7-4668-BE54-9A1E7A4F7556}") = "C1403Sleep", "C1401Threads\C1403Sleep\C1403Sleep.csproj", "{F638D80F-620D-42B2-A126-5B42D464A884}"
EndProject
Project("{9A19103F-16F7-4668-BE54-9A1E7A4F7556}") = "C1404LocalState", "C1401Threads\C1404LocalState\C1404LocalState.csproj", "{DE938CBD-BC58-4954-AC6B-587630E98886}"
EndProject
Project("{9A19103F-16F7-4668-BE54-9A1E7A4F7556}") = "C1405SharedStateUnsafe", "C1401Threads\C1405SharedStateUnsafe\C1405SharedStateUnsafe.csproj", "{E7991A3C-8DB2-4BFF-B0AE-6BC12B554BD5}"
EndProject
Project("{9A19103F-16F7-4668-BE54-9A1E7A4F7556}") = "C1406SharedStateWithClosureUnsafe", "C1401Threads\C1406SharedStateWithClosureUnsafe\C1406SharedStateWithClosureUnsafe.csproj", "{6E09F857-65A2-4750-AF42-C0B73D53BB25}"
EndProject
Project("{FAE04EC0-301F-11D3-BF4B-00C04F79EFBC}") = "C1407SharedStateWithStaticUnsafe", "C1401Threads\C1407SharedStateWithStaticUnsafe\C1407SharedStateWithStaticUnsafe.csproj", "{FC3F0EA9-E7B9-4550-8AB4-2EFE613CB694}"
EndProject
Project("{FAE04EC0-301F-11D3-BF4B-00C04F79EFBC}") = "C1408SharedStateSafe", "C1401Threads\C1408SharedStateSafe\C1408SharedStateSafe.csproj", "{0DE0E53A-D16D-4412-A100-1A2E82A76C92}"
EndProject
Project("{FAE04EC0-301F-11D3-BF4B-00C04F79EFBC}") = "C1409PassDataWithLambdaExpression", "C1401Threads\C1409PassDataWithLambdaExpression\C1409PassDataWithLambdaExpression.csproj", "{F44550E7-3D28-4E1F-9BD4-6E9999F550F6}"
EndProject
Project("{FAE04EC0-301F-11D3-BF4B-00C04F79EFBC}") = "C1410MultStatementLambda", "C1401Threads\C1410MultStatementLambda\C1410MultStatementLambda.csproj", "{4D4704C1-A0F2-4494-82DB-3423A0E380EC}"
EndProject
Project("{FAE04EC0-301F-11D3-BF4B-00C04F79EFBC}") = "C1411CapturedVariablesUnsafe", "C1401Threads\C1411CapturedVariablesUnsafe\C1411CapturedVariablesUnsafe.csproj", "{07D2749B-5B7E-4DAC-89A5-8221C67FA6B7}"
EndProject
Project("{FAE04EC0-301F-11D3-BF4B-00C04F79EFBC}") = "C1412CapturedVariablesSafe", "C1401Threads\C1412CapturedVariablesSafe\C1412CapturedVariablesSafe.csproj", "{5B45A18D-63CE-4A53-83ED-57D899E82A34}"
EndProject
Project("{FAE04EC0-301F-11D3-BF4B-00C04F79EFBC}") = "C1413ExceptionHandlingWrong", "C1401Threads\C1413ExceptionHandlingWrong\C1413ExceptionHandlingWrong.csproj", "{36A88A66-048C-497C-8783-E11E80A6834A}"
EndProject
Project("{FAE04EC0-301F-11D3-BF4B-00C04F79EFBC}") = "C1414ExceptionHandlingRight", "C1401Threads\C1414ExceptionHandlingRight\C1414ExceptionHandlingRight.csproj", "{2ABDE96E-B8B5-4052-8AE8-AE1FA99956A3}"
EndProject
Project("{FAE04EC0-301F-11D3-BF4B-00C04F79EFBC}") = "C1415BasicSignaling", "C1401Threads\C1415BasicSignaling\C1415BasicSignaling.csproj", "{AF9BB528-D7F5-4997-B8E9-192CE17F3ABB}"
EndProject
Project("{FAE04EC0-301F-11D3-BF4B-00C04F79EFBC}") = "C1416ClientApp", "C1401Threads\C1416ClientApp\C1416ClientApp.csproj", "{98A3AC68-6F63-4132-A972-8C1A638533CA}"
EndProject
Project("{FAE04EC0-301F-11D3-BF4B-00C04F79EFBC}") = "C1417SynchronizationContext", "C1401Threads\C1417SynchronizationContext\C1417SynchronizationContext.csproj", "{7BE6EBF6-F72D-4DB1-BDE6-8CB568DA5CC9}"
EndProject
Project("{FAE04EC0-301F-11D3-BF4B-00C04F79EFBC}") = "C1418ThreadPool", "C1401Threads\C1418ThreadPool\C1418ThreadPool.csproj", "{500BB356-2FB8-4BE9-92C6-2DD7EB82BE4F}"
EndProject
Project("{FAE04EC0-301F-11D3-BF4B-00C04F79EFBC}") = "C1419StartTask", "C1402Tasks\C1419StartTask\C1419StartTask.csproj", "{E770234D-9835-4047-B5A8-7B6D511E313F}"
EndProject
Project("{FAE04EC0-301F-11D3-BF4B-00C04F79EFBC}") = "C1420TaskWait", "C1402Tasks\C1420TaskWait\C1420TaskWait.csproj", "{E624DE57-132B-4EE9-9BF6-B40600B0B8F0}"
EndProject
Project("{FAE04EC0-301F-11D3-BF4B-00C04F79EFBC}") = "C1421LongRunningTask", "C1402Tasks\C1421LongRunningTask\C1421LongRunningTask.csproj", "{243EA8DC-3AF5-42AA-A7D3-CAD320DAB71A}"
EndProject
Project("{FAE04EC0-301F-11D3-BF4B-00C04F79EFBC}") = "C1422ReturnValue", "C1402Tasks\C1422ReturnValue\C1422ReturnValue.csproj", "{884E29AA-0528-4A20-B3A2-63DF5C209A71}"
EndProject
Project("{FAE04EC0-301F-11D3-BF4B-00C04F79EFBC}") = "C1423CountPrimes", "C1402Tasks\C1423CountPrimes\C1423CountPrimes.csproj", "{5718F365-0D6E-4962-B32A-F97B428BE6F7}"
EndProject
Project("{FAE04EC0-301F-11D3-BF4B-00C04F79EFBC}") = "C1424Exceptions", "C1402Tasks\C1424Exceptions\C1424Exceptions.csproj", "{414F98BA-2530-4441-AE71-5EE467EA4902}"
EndProject
Project("{FAE04EC0-301F-11D3-BF4B-00C04F79EFBC}") = "C1425ContinuationGetAwaiter", "C1402Tasks\C1425ContinuationGetAwaiter\C1425ContinuationGetAwaiter.csproj", "{94D48015-12E2-4881-B4FB-1FEE76528F20}"
EndProject
Project("{FAE04EC0-301F-11D3-BF4B-00C04F79EFBC}") = "C1426ContinuationContinueWith", "C1402Tasks\C1426ContinuationContinueWith\C1426ContinuationContinueWith.csproj", "{BA670546-1B9B-4C58-9E27-E53A39877755}"
EndProject
Project("{FAE04EC0-301F-11D3-BF4B-00C04F79EFBC}") = "C1427TaskCompletionSource", "C1402Tasks\C1427TaskCompletionSource\C1427TaskCompletionSource.csproj", "{8392E996-46E4-4CA6-AF01-7DFCC2DBA310}"
EndProject
Project("{FAE04EC0-301F-11D3-BF4B-00C04F79EFBC}") = "C1428TaskCompletionSource", "C1402Tasks\C1428TaskCompletionSource\C1428TaskCompletionSource.csproj", "{030D3C77-32C0-4C3E-8466-CF26B3DB9415}"
EndProject
Project("{FAE04EC0-301F-11D3-BF4B-00C04F79EFBC}") = "C1429TaskCompletionSource", "C1402Tasks\C1429TaskCompletionSource\C1429TaskCompletionSource.csproj", "{D16EA655-63E1-4C55-9800-5993F2C3AB56}"
EndProject
Project("{FAE04EC0-301F-11D3-BF4B-00C04F79EFBC}") = "C1430WritingDelaymethod", "C1402Tasks\C1430WritingDelaymethod\C1430WritingDelaymethod.csproj", "{08FD1C2E-9C67-46F2-9FDA-3CCC7A1EBC1C}"
EndProject
Project("{FAE04EC0-301F-11D3-BF4B-00C04F79EFBC}") = "C1431Delay", "C1402Tasks\C1431Delay\C1431Delay.csproj", "{2DA56BEC-DC06-439F-BA0D-4C2E255AC8F2}"
EndProject
Project("{FAE04EC0-301F-11D3-BF4B-00C04F79EFBC}") = "C1432TaskDelay", "C1402Tasks\C1432TaskDelay\C1432TaskDelay.csproj", "{65FC29F0-3BBF-40DE-9F17-252D2D8BC696}"
EndProject
Project("{FAE04EC0-301F-11D3-BF4B-00C04F79EFBC}") = "C1433ValueTask", "C1402Tasks\C1433ValueTask\C1433ValueTask.csproj", "{6D55489F-6205-4685-B2B8-FD90638E4C66}"
EndProject
Project("{FAE04EC0-301F-11D3-BF4B-00C04F79EFBC}") = "C1434GetPrimesCount", "C1403Asynchrony\C1434GetPrimesCount\C1434GetPrimesCount.csproj", "{0C4A9CF9-A737-4A68-8E79-FD1EC78B1214}"
EndProject
Project("{FAE04EC0-301F-11D3-BF4B-00C04F79EFBC}") = "C1435CourseGrainedAsync", "C1403Asynchrony\C1435CourseGrainedAsync\C1435CourseGrainedAsync.csproj", "{2B0C65A3-49BB-4B9A-9F2F-937746136A35}"
EndProject
Project("{FAE04EC0-301F-11D3-BF4B-00C04F79EFBC}") = "C1436FineGrainedAsync", "C1402Tasks\C1436FineGrainedAsync\C1436FineGrainedAsync.csproj", "{8943882B-6B15-4877-92A0-9A672C0E610F}"
EndProject
Project("{FAE04EC0-301F-11D3-BF4B-00C04F79EFBC}") = "C1437DisplayPrimesCount", "C1403Asynchrony\C1437DisplayPrimesCount\C1437DisplayPrimesCount.csproj", "{21EB4F18-CC8A-4BDC-8ECF-E779FAEF4CC7}"
EndProject
Project("{FAE04EC0-301F-11D3-BF4B-00C04F79EFBC}") = "C1438DisplayPrimesCount", "C1403Asynchrony\C1438DisplayPrimesCount\C1438DisplayPrimesCount.csproj", "{856BA381-5589-4CA8-8057-BECD6F441291}"
EndProject
Project("{FAE04EC0-301F-11D3-BF4B-00C04F79EFBC}") = "C1439Awaiting", "C1404AsyncFunctions\C1439Awaiting\C1439Awaiting.csproj", "{771AA972-CA9F-4CDF-B926-03FCEA054588}"
EndProject
Project("{FAE04EC0-301F-11D3-BF4B-00C04F79EFBC}") = "C1440CaptureLocalState", "C1404AsyncFunctions\C1440CaptureLocalState\C1440CaptureLocalState.csproj", "{0A063A5B-51AA-4649-B2A5-D800AC4FF999}"
EndProject
Project("{FAE04EC0-301F-11D3-BF4B-00C04F79EFBC}") = "C1441AwaitSync", "C1404AsyncFunctions\C1441AwaitSync\C1441AwaitSync.csproj", "{14003A22-C6D4-4DCA-B580-3A9E14D8EA92}"
EndProject
Project("{FAE04EC0-301F-11D3-BF4B-00C04F79EFBC}") = "C1442AwaitAsync", "C1404AsyncFunctions\C1442AwaitAsync\C1442AwaitAsync.csproj", "{6D7F0AF7-43B8-444F-8983-0D870F630C5F}"
EndProject
Project("{FAE04EC0-301F-11D3-BF4B-00C04F79EFBC}") = "C1443AwaitIOAsync", "C1404AsyncFunctions\C1443AwaitIOAsync\C1443AwaitIOAsync.csproj", "{B7D48840-5EC2-4CB1-8864-C7BA0E341CDB}"
EndProject
Project("{FAE04EC0-301F-11D3-BF4B-00C04F79EFBC}") = "C1444AwaitingUI", "C1404AsyncFunctions\C1444AwaitingUI\C1444AwaitingUI.csproj", "{7B7256FE-6102-40AF-9DE2-EF9559399A19}"
EndProject
Project("{FAE04EC0-301F-11D3-BF4B-00C04F79EFBC}") = "C1445AsyncFunction", "C1404AsyncFunctions\C1445AsyncFunction\C1445AsyncFunction.csproj", "{2C759203-88CD-4910-8E0D-759CC077B07C}"
EndProject
Project("{FAE04EC0-301F-11D3-BF4B-00C04F79EFBC}") = "C1446ReturnTResult", "C1404AsyncFunctions\C1446ReturnTResult\C1446ReturnTResult.csproj", "{110AA0AD-638A-4A4B-A482-BE71209E789F}"
EndProject
Project("{FAE04EC0-301F-11D3-BF4B-00C04F79EFBC}") = "C1447Blocking", "C1404AsyncFunctions\C1447Blocking\C1447Blocking.csproj", "{7BBBFF42-0C4A-4C9D-864A-CA1B56C882CD}"
EndProject
Project("{FAE04EC0-301F-11D3-BF4B-00C04F79EFBC}") = "C1448Parallelism", "C1404AsyncFunctions\C1448Parallelism\C1448Parallelism.csproj", "{FDECB3ED-114C-49E5-9C88-687A10E5EF3C}"
EndProject
Project("{FAE04EC0-301F-11D3-BF4B-00C04F79EFBC}") = "C1449AsyncLambda", "C1404AsyncFunctions\C1449AsyncLambda\C1449AsyncLambda.csproj", "{20140056-BA22-45FC-AD99-9E9D72BDC4D2}"
EndProject
Project("{FAE04EC0-301F-11D3-BF4B-00C04F79EFBC}") = "C1450AsyncEventHandlers", "C1404AsyncFunctions\C1450AsyncEventHandlers\C1450AsyncEventHandlers.csproj", "{F8BBDFC6-F244-49D6-8B18-E1C74AD32677}"
EndProject
Project("{FAE04EC0-301F-11D3-BF4B-00C04F79EFBC}") = "C1451ReturnTResultFromLambda", "C1404AsyncFunctions\C1451ReturnTResultFromLambda\C1451ReturnTResultFromLambda.csproj", "{47EFB040-51AD-4DC0-8085-F8AE5D47F174}"
EndProject
Project("{FAE04EC0-301F-11D3-BF4B-00C04F79EFBC}") = "C1452SynchronouslyComplete", "C1404AsyncFunctions\C1452SynchronouslyComplete\C1452SynchronouslyComplete.csproj", "{460D52CD-E4E9-41E0-BD28-396258FDEAF8}"
EndProject
Project("{FAE04EC0-301F-11D3-BF4B-00C04F79EFBC}") = "C1453CachingTasks", "C1404AsyncFunctions\C1453CachingTasks\C1453CachingTasks.csproj", "{DE02298D-8232-47B2-A1AC-61B38C3F2A89}"
EndProject
Project("{FAE04EC0-301F-11D3-BF4B-00C04F79EFBC}") = "C1454CachingTasksThreadsafe", "C1404AsyncFunctions\C1454CachingTasksThreadsafe\C1454CachingTasksThreadsafe.csproj", "{CDB0FAF0-BF74-44F3-9882-58F642534642}"
EndProject
Project("{FAE04EC0-301F-11D3-BF4B-00C04F79EFBC}") = "C1455AvoidBounce", "C1404AsyncFunctions\C1455AvoidBounce\C1455AvoidBounce.csproj", "{1B13A8E5-27AD-4EC0-9D51-F977AB3D2E5C}"
EndProject
Project("{FAE04EC0-301F-11D3-BF4B-00C04F79EFBC}") = "C1456AsynchronousStream", "C1405AsyncStreams\C1456AsynchronousStream\C1456AsynchronousStream.csproj", "{FE9336AD-6EC8-48A3-931A-1F013FA4C3C5}"
EndProject
Project("{FAE04EC0-301F-11D3-BF4B-00C04F79EFBC}") = "C1457AsyncStreamLinq", "C1405AsyncStreams\C1457AsyncStreamLinq\C1457AsyncStreamLinq.csproj", "{5D1EBA61-8DBC-4F1D-80F2-6126E818D601}"
EndProject
Project("{FAE04EC0-301F-11D3-BF4B-00C04F79EFBC}") = "C1458Cancellation", "C1406AsyncPatterns\C1458Cancellation\C1458Cancellation.csproj", "{0C6BDA19-4C8A-4CC5-8EA6-A737B590D69F}"
EndProject
Project("{FAE04EC0-301F-11D3-BF4B-00C04F79EFBC}") = "C1459CancellationToken", "C1406AsyncPatterns\C1459CancellationToken\C1459CancellationToken.csproj", "{5BCC3047-6F46-4665-A4F5-2DBE2450D75B}"
EndProject
Project("{FAE04EC0-301F-11D3-BF4B-00C04F79EFBC}") = "C1460CancellationToken", "C1406AsyncPatterns\C1460CancellationToken\C1460CancellationToken.csproj", "{57F1C021-E4DF-4BD8-9C34-1C6BB684DCA6}"
EndProject
Project("{FAE04EC0-301F-11D3-BF4B-00C04F79EFBC}") = "C1461ProgressReport", "C1406AsyncPatterns\C1461ProgressReport\C1461ProgressReport.csproj", "{7B1439C4-3FFC-4041-AE7B-5143AD441671}"
EndProject
Project("{FAE04EC0-301F-11D3-BF4B-00C04F79EFBC}") = "C1462IProgress", "C1406AsyncPatterns\C1462IProgress\C1462IProgress.csproj", "{EE32CD6C-A61D-4ACC-A3B5-06EEF93561AC}"
EndProject
Project("{FAE04EC0-301F-11D3-BF4B-00C04F79EFBC}") = "C1463TaskCombiators", "C1406AsyncPatterns\C1463TaskCombiators\C1463TaskCombiators.csproj", "{FFCFB203-0123-42DF-8494-0EFF30AF051D}"
EndProject
Global
	GlobalSection(SolutionConfigurationPlatforms) = preSolution
		Debug|Any CPU = Debug|Any CPU
		Release|Any CPU = Release|Any CPU
	EndGlobalSection
	GlobalSection(ProjectConfigurationPlatforms) = postSolution
		{1B17F1EF-FA3D-4176-A4FB-62551D61C554}.Debug|Any CPU.ActiveCfg = Debug|Any CPU
		{1B17F1EF-FA3D-4176-A4FB-62551D61C554}.Debug|Any CPU.Build.0 = Debug|Any CPU
		{1B17F1EF-FA3D-4176-A4FB-62551D61C554}.Release|Any CPU.ActiveCfg = Release|Any CPU
		{1B17F1EF-FA3D-4176-A4FB-62551D61C554}.Release|Any CPU.Build.0 = Release|Any CPU
		{112C0190-0661-404D-9754-5314C9FEA709}.Debug|Any CPU.ActiveCfg = Debug|Any CPU
		{112C0190-0661-404D-9754-5314C9FEA709}.Debug|Any CPU.Build.0 = Debug|Any CPU
		{112C0190-0661-404D-9754-5314C9FEA709}.Release|Any CPU.ActiveCfg = Release|Any CPU
		{112C0190-0661-404D-9754-5314C9FEA709}.Release|Any CPU.Build.0 = Release|Any CPU
		{F638D80F-620D-42B2-A126-5B42D464A884}.Debug|Any CPU.ActiveCfg = Debug|Any CPU
		{F638D80F-620D-42B2-A126-5B42D464A884}.Debug|Any CPU.Build.0 = Debug|Any CPU
		{F638D80F-620D-42B2-A126-5B42D464A884}.Release|Any CPU.ActiveCfg = Release|Any CPU
		{F638D80F-620D-42B2-A126-5B42D464A884}.Release|Any CPU.Build.0 = Release|Any CPU
		{DE938CBD-BC58-4954-AC6B-587630E98886}.Debug|Any CPU.ActiveCfg = Debug|Any CPU
		{DE938CBD-BC58-4954-AC6B-587630E98886}.Debug|Any CPU.Build.0 = Debug|Any CPU
		{DE938CBD-BC58-4954-AC6B-587630E98886}.Release|Any CPU.ActiveCfg = Release|Any CPU
		{DE938CBD-BC58-4954-AC6B-587630E98886}.Release|Any CPU.Build.0 = Release|Any CPU
		{E7991A3C-8DB2-4BFF-B0AE-6BC12B554BD5}.Debug|Any CPU.ActiveCfg = Debug|Any CPU
		{E7991A3C-8DB2-4BFF-B0AE-6BC12B554BD5}.Debug|Any CPU.Build.0 = Debug|Any CPU
		{E7991A3C-8DB2-4BFF-B0AE-6BC12B554BD5}.Release|Any CPU.ActiveCfg = Release|Any CPU
		{E7991A3C-8DB2-4BFF-B0AE-6BC12B554BD5}.Release|Any CPU.Build.0 = Release|Any CPU
		{6E09F857-65A2-4750-AF42-C0B73D53BB25}.Debug|Any CPU.ActiveCfg = Debug|Any CPU
		{6E09F857-65A2-4750-AF42-C0B73D53BB25}.Debug|Any CPU.Build.0 = Debug|Any CPU
		{6E09F857-65A2-4750-AF42-C0B73D53BB25}.Release|Any CPU.ActiveCfg = Release|Any CPU
		{6E09F857-65A2-4750-AF42-C0B73D53BB25}.Release|Any CPU.Build.0 = Release|Any CPU
		{FC3F0EA9-E7B9-4550-8AB4-2EFE613CB694}.Debug|Any CPU.ActiveCfg = Debug|Any CPU
		{FC3F0EA9-E7B9-4550-8AB4-2EFE613CB694}.Debug|Any CPU.Build.0 = Debug|Any CPU
		{FC3F0EA9-E7B9-4550-8AB4-2EFE613CB694}.Release|Any CPU.ActiveCfg = Release|Any CPU
		{FC3F0EA9-E7B9-4550-8AB4-2EFE613CB694}.Release|Any CPU.Build.0 = Release|Any CPU
		{0DE0E53A-D16D-4412-A100-1A2E82A76C92}.Debug|Any CPU.ActiveCfg = Debug|Any CPU
		{0DE0E53A-D16D-4412-A100-1A2E82A76C92}.Debug|Any CPU.Build.0 = Debug|Any CPU
		{0DE0E53A-D16D-4412-A100-1A2E82A76C92}.Release|Any CPU.ActiveCfg = Release|Any CPU
		{0DE0E53A-D16D-4412-A100-1A2E82A76C92}.Release|Any CPU.Build.0 = Release|Any CPU
		{F44550E7-3D28-4E1F-9BD4-6E9999F550F6}.Debug|Any CPU.ActiveCfg = Debug|Any CPU
		{F44550E7-3D28-4E1F-9BD4-6E9999F550F6}.Debug|Any CPU.Build.0 = Debug|Any CPU
		{F44550E7-3D28-4E1F-9BD4-6E9999F550F6}.Release|Any CPU.ActiveCfg = Release|Any CPU
		{F44550E7-3D28-4E1F-9BD4-6E9999F550F6}.Release|Any CPU.Build.0 = Release|Any CPU
		{4D4704C1-A0F2-4494-82DB-3423A0E380EC}.Debug|Any CPU.ActiveCfg = Debug|Any CPU
		{4D4704C1-A0F2-4494-82DB-3423A0E380EC}.Debug|Any CPU.Build.0 = Debug|Any CPU
		{4D4704C1-A0F2-4494-82DB-3423A0E380EC}.Release|Any CPU.ActiveCfg = Release|Any CPU
		{4D4704C1-A0F2-4494-82DB-3423A0E380EC}.Release|Any CPU.Build.0 = Release|Any CPU
		{07D2749B-5B7E-4DAC-89A5-8221C67FA6B7}.Debug|Any CPU.ActiveCfg = Debug|Any CPU
		{07D2749B-5B7E-4DAC-89A5-8221C67FA6B7}.Debug|Any CPU.Build.0 = Debug|Any CPU
		{07D2749B-5B7E-4DAC-89A5-8221C67FA6B7}.Release|Any CPU.ActiveCfg = Release|Any CPU
		{07D2749B-5B7E-4DAC-89A5-8221C67FA6B7}.Release|Any CPU.Build.0 = Release|Any CPU
		{5B45A18D-63CE-4A53-83ED-57D899E82A34}.Debug|Any CPU.ActiveCfg = Debug|Any CPU
		{5B45A18D-63CE-4A53-83ED-57D899E82A34}.Debug|Any CPU.Build.0 = Debug|Any CPU
		{5B45A18D-63CE-4A53-83ED-57D899E82A34}.Release|Any CPU.ActiveCfg = Release|Any CPU
		{5B45A18D-63CE-4A53-83ED-57D899E82A34}.Release|Any CPU.Build.0 = Release|Any CPU
		{36A88A66-048C-497C-8783-E11E80A6834A}.Debug|Any CPU.ActiveCfg = Debug|Any CPU
		{36A88A66-048C-497C-8783-E11E80A6834A}.Debug|Any CPU.Build.0 = Debug|Any CPU
		{36A88A66-048C-497C-8783-E11E80A6834A}.Release|Any CPU.ActiveCfg = Release|Any CPU
		{36A88A66-048C-497C-8783-E11E80A6834A}.Release|Any CPU.Build.0 = Release|Any CPU
		{2ABDE96E-B8B5-4052-8AE8-AE1FA99956A3}.Debug|Any CPU.ActiveCfg = Debug|Any CPU
		{2ABDE96E-B8B5-4052-8AE8-AE1FA99956A3}.Debug|Any CPU.Build.0 = Debug|Any CPU
		{2ABDE96E-B8B5-4052-8AE8-AE1FA99956A3}.Release|Any CPU.ActiveCfg = Release|Any CPU
		{2ABDE96E-B8B5-4052-8AE8-AE1FA99956A3}.Release|Any CPU.Build.0 = Release|Any CPU
		{AF9BB528-D7F5-4997-B8E9-192CE17F3ABB}.Debug|Any CPU.ActiveCfg = Debug|Any CPU
		{AF9BB528-D7F5-4997-B8E9-192CE17F3ABB}.Debug|Any CPU.Build.0 = Debug|Any CPU
		{AF9BB528-D7F5-4997-B8E9-192CE17F3ABB}.Release|Any CPU.ActiveCfg = Release|Any CPU
		{AF9BB528-D7F5-4997-B8E9-192CE17F3ABB}.Release|Any CPU.Build.0 = Release|Any CPU
		{98A3AC68-6F63-4132-A972-8C1A638533CA}.Debug|Any CPU.ActiveCfg = Debug|Any CPU
		{98A3AC68-6F63-4132-A972-8C1A638533CA}.Debug|Any CPU.Build.0 = Debug|Any CPU
		{98A3AC68-6F63-4132-A972-8C1A638533CA}.Release|Any CPU.ActiveCfg = Release|Any CPU
		{98A3AC68-6F63-4132-A972-8C1A638533CA}.Release|Any CPU.Build.0 = Release|Any CPU
		{7BE6EBF6-F72D-4DB1-BDE6-8CB568DA5CC9}.Debug|Any CPU.ActiveCfg = Debug|Any CPU
		{7BE6EBF6-F72D-4DB1-BDE6-8CB568DA5CC9}.Debug|Any CPU.Build.0 = Debug|Any CPU
		{7BE6EBF6-F72D-4DB1-BDE6-8CB568DA5CC9}.Release|Any CPU.ActiveCfg = Release|Any CPU
		{7BE6EBF6-F72D-4DB1-BDE6-8CB568DA5CC9}.Release|Any CPU.Build.0 = Release|Any CPU
		{500BB356-2FB8-4BE9-92C6-2DD7EB82BE4F}.Debug|Any CPU.ActiveCfg = Debug|Any CPU
		{500BB356-2FB8-4BE9-92C6-2DD7EB82BE4F}.Debug|Any CPU.Build.0 = Debug|Any CPU
		{500BB356-2FB8-4BE9-92C6-2DD7EB82BE4F}.Release|Any CPU.ActiveCfg = Release|Any CPU
		{500BB356-2FB8-4BE9-92C6-2DD7EB82BE4F}.Release|Any CPU.Build.0 = Release|Any CPU
		{E770234D-9835-4047-B5A8-7B6D511E313F}.Debug|Any CPU.ActiveCfg = Debug|Any CPU
		{E770234D-9835-4047-B5A8-7B6D511E313F}.Debug|Any CPU.Build.0 = Debug|Any CPU
		{E770234D-9835-4047-B5A8-7B6D511E313F}.Release|Any CPU.ActiveCfg = Release|Any CPU
		{E770234D-9835-4047-B5A8-7B6D511E313F}.Release|Any CPU.Build.0 = Release|Any CPU
		{E624DE57-132B-4EE9-9BF6-B40600B0B8F0}.Debug|Any CPU.ActiveCfg = Debug|Any CPU
		{E624DE57-132B-4EE9-9BF6-B40600B0B8F0}.Debug|Any CPU.Build.0 = Debug|Any CPU
		{E624DE57-132B-4EE9-9BF6-B40600B0B8F0}.Release|Any CPU.ActiveCfg = Release|Any CPU
		{E624DE57-132B-4EE9-9BF6-B40600B0B8F0}.Release|Any CPU.Build.0 = Release|Any CPU
		{243EA8DC-3AF5-42AA-A7D3-CAD320DAB71A}.Debug|Any CPU.ActiveCfg = Debug|Any CPU
		{243EA8DC-3AF5-42AA-A7D3-CAD320DAB71A}.Debug|Any CPU.Build.0 = Debug|Any CPU
		{243EA8DC-3AF5-42AA-A7D3-CAD320DAB71A}.Release|Any CPU.ActiveCfg = Release|Any CPU
		{243EA8DC-3AF5-42AA-A7D3-CAD320DAB71A}.Release|Any CPU.Build.0 = Release|Any CPU
		{884E29AA-0528-4A20-B3A2-63DF5C209A71}.Debug|Any CPU.ActiveCfg = Debug|Any CPU
		{884E29AA-0528-4A20-B3A2-63DF5C209A71}.Debug|Any CPU.Build.0 = Debug|Any CPU
		{884E29AA-0528-4A20-B3A2-63DF5C209A71}.Release|Any CPU.ActiveCfg = Release|Any CPU
		{884E29AA-0528-4A20-B3A2-63DF5C209A71}.Release|Any CPU.Build.0 = Release|Any CPU
		{5718F365-0D6E-4962-B32A-F97B428BE6F7}.Debug|Any CPU.ActiveCfg = Debug|Any CPU
		{5718F365-0D6E-4962-B32A-F97B428BE6F7}.Debug|Any CPU.Build.0 = Debug|Any CPU
		{5718F365-0D6E-4962-B32A-F97B428BE6F7}.Release|Any CPU.ActiveCfg = Release|Any CPU
		{5718F365-0D6E-4962-B32A-F97B428BE6F7}.Release|Any CPU.Build.0 = Release|Any CPU
		{414F98BA-2530-4441-AE71-5EE467EA4902}.Debug|Any CPU.ActiveCfg = Debug|Any CPU
		{414F98BA-2530-4441-AE71-5EE467EA4902}.Debug|Any CPU.Build.0 = Debug|Any CPU
		{414F98BA-2530-4441-AE71-5EE467EA4902}.Release|Any CPU.ActiveCfg = Release|Any CPU
		{414F98BA-2530-4441-AE71-5EE467EA4902}.Release|Any CPU.Build.0 = Release|Any CPU
		{94D48015-12E2-4881-B4FB-1FEE76528F20}.Debug|Any CPU.ActiveCfg = Debug|Any CPU
		{94D48015-12E2-4881-B4FB-1FEE76528F20}.Debug|Any CPU.Build.0 = Debug|Any CPU
		{94D48015-12E2-4881-B4FB-1FEE76528F20}.Release|Any CPU.ActiveCfg = Release|Any CPU
		{94D48015-12E2-4881-B4FB-1FEE76528F20}.Release|Any CPU.Build.0 = Release|Any CPU
		{BA670546-1B9B-4C58-9E27-E53A39877755}.Debug|Any CPU.ActiveCfg = Debug|Any CPU
		{BA670546-1B9B-4C58-9E27-E53A39877755}.Debug|Any CPU.Build.0 = Debug|Any CPU
		{BA670546-1B9B-4C58-9E27-E53A39877755}.Release|Any CPU.ActiveCfg = Release|Any CPU
		{BA670546-1B9B-4C58-9E27-E53A39877755}.Release|Any CPU.Build.0 = Release|Any CPU
		{8392E996-46E4-4CA6-AF01-7DFCC2DBA310}.Debug|Any CPU.ActiveCfg = Debug|Any CPU
		{8392E996-46E4-4CA6-AF01-7DFCC2DBA310}.Debug|Any CPU.Build.0 = Debug|Any CPU
		{8392E996-46E4-4CA6-AF01-7DFCC2DBA310}.Release|Any CPU.ActiveCfg = Release|Any CPU
		{8392E996-46E4-4CA6-AF01-7DFCC2DBA310}.Release|Any CPU.Build.0 = Release|Any CPU
		{030D3C77-32C0-4C3E-8466-CF26B3DB9415}.Debug|Any CPU.ActiveCfg = Debug|Any CPU
		{030D3C77-32C0-4C3E-8466-CF26B3DB9415}.Debug|Any CPU.Build.0 = Debug|Any CPU
		{030D3C77-32C0-4C3E-8466-CF26B3DB9415}.Release|Any CPU.ActiveCfg = Release|Any CPU
		{030D3C77-32C0-4C3E-8466-CF26B3DB9415}.Release|Any CPU.Build.0 = Release|Any CPU
		{D16EA655-63E1-4C55-9800-5993F2C3AB56}.Debug|Any CPU.ActiveCfg = Debug|Any CPU
		{D16EA655-63E1-4C55-9800-5993F2C3AB56}.Debug|Any CPU.Build.0 = Debug|Any CPU
		{D16EA655-63E1-4C55-9800-5993F2C3AB56}.Release|Any CPU.ActiveCfg = Release|Any CPU
		{D16EA655-63E1-4C55-9800-5993F2C3AB56}.Release|Any CPU.Build.0 = Release|Any CPU
		{08FD1C2E-9C67-46F2-9FDA-3CCC7A1EBC1C}.Debug|Any CPU.ActiveCfg = Debug|Any CPU
		{08FD1C2E-9C67-46F2-9FDA-3CCC7A1EBC1C}.Debug|Any CPU.Build.0 = Debug|Any CPU
		{08FD1C2E-9C67-46F2-9FDA-3CCC7A1EBC1C}.Release|Any CPU.ActiveCfg = Release|Any CPU
		{08FD1C2E-9C67-46F2-9FDA-3CCC7A1EBC1C}.Release|Any CPU.Build.0 = Release|Any CPU
		{2DA56BEC-DC06-439F-BA0D-4C2E255AC8F2}.Debug|Any CPU.ActiveCfg = Debug|Any CPU
		{2DA56BEC-DC06-439F-BA0D-4C2E255AC8F2}.Debug|Any CPU.Build.0 = Debug|Any CPU
		{2DA56BEC-DC06-439F-BA0D-4C2E255AC8F2}.Release|Any CPU.ActiveCfg = Release|Any CPU
		{2DA56BEC-DC06-439F-BA0D-4C2E255AC8F2}.Release|Any CPU.Build.0 = Release|Any CPU
		{65FC29F0-3BBF-40DE-9F17-252D2D8BC696}.Debug|Any CPU.ActiveCfg = Debug|Any CPU
		{65FC29F0-3BBF-40DE-9F17-252D2D8BC696}.Debug|Any CPU.Build.0 = Debug|Any CPU
		{65FC29F0-3BBF-40DE-9F17-252D2D8BC696}.Release|Any CPU.ActiveCfg = Release|Any CPU
		{65FC29F0-3BBF-40DE-9F17-252D2D8BC696}.Release|Any CPU.Build.0 = Release|Any CPU
		{6D55489F-6205-4685-B2B8-FD90638E4C66}.Debug|Any CPU.ActiveCfg = Debug|Any CPU
		{6D55489F-6205-4685-B2B8-FD90638E4C66}.Debug|Any CPU.Build.0 = Debug|Any CPU
		{6D55489F-6205-4685-B2B8-FD90638E4C66}.Release|Any CPU.ActiveCfg = Release|Any CPU
		{6D55489F-6205-4685-B2B8-FD90638E4C66}.Release|Any CPU.Build.0 = Release|Any CPU
		{0C4A9CF9-A737-4A68-8E79-FD1EC78B1214}.Debug|Any CPU.ActiveCfg = Debug|Any CPU
		{0C4A9CF9-A737-4A68-8E79-FD1EC78B1214}.Debug|Any CPU.Build.0 = Debug|Any CPU
		{0C4A9CF9-A737-4A68-8E79-FD1EC78B1214}.Release|Any CPU.ActiveCfg = Release|Any CPU
		{0C4A9CF9-A737-4A68-8E79-FD1EC78B1214}.Release|Any CPU.Build.0 = Release|Any CPU
		{2B0C65A3-49BB-4B9A-9F2F-937746136A35}.Debug|Any CPU.ActiveCfg = Debug|Any CPU
		{2B0C65A3-49BB-4B9A-9F2F-937746136A35}.Debug|Any CPU.Build.0 = Debug|Any CPU
		{2B0C65A3-49BB-4B9A-9F2F-937746136A35}.Release|Any CPU.ActiveCfg = Release|Any CPU
		{2B0C65A3-49BB-4B9A-9F2F-937746136A35}.Release|Any CPU.Build.0 = Release|Any CPU
		{8943882B-6B15-4877-92A0-9A672C0E610F}.Debug|Any CPU.ActiveCfg = Debug|Any CPU
		{8943882B-6B15-4877-92A0-9A672C0E610F}.Debug|Any CPU.Build.0 = Debug|Any CPU
		{8943882B-6B15-4877-92A0-9A672C0E610F}.Release|Any CPU.ActiveCfg = Release|Any CPU
		{8943882B-6B15-4877-92A0-9A672C0E610F}.Release|Any CPU.Build.0 = Release|Any CPU
		{21EB4F18-CC8A-4BDC-8ECF-E779FAEF4CC7}.Debug|Any CPU.ActiveCfg = Debug|Any CPU
		{21EB4F18-CC8A-4BDC-8ECF-E779FAEF4CC7}.Debug|Any CPU.Build.0 = Debug|Any CPU
		{21EB4F18-CC8A-4BDC-8ECF-E779FAEF4CC7}.Release|Any CPU.ActiveCfg = Release|Any CPU
		{21EB4F18-CC8A-4BDC-8ECF-E779FAEF4CC7}.Release|Any CPU.Build.0 = Release|Any CPU
		{856BA381-5589-4CA8-8057-BECD6F441291}.Debug|Any CPU.ActiveCfg = Debug|Any CPU
		{856BA381-5589-4CA8-8057-BECD6F441291}.Debug|Any CPU.Build.0 = Debug|Any CPU
		{856BA381-5589-4CA8-8057-BECD6F441291}.Release|Any CPU.ActiveCfg = Release|Any CPU
		{856BA381-5589-4CA8-8057-BECD6F441291}.Release|Any CPU.Build.0 = Release|Any CPU
		{771AA972-CA9F-4CDF-B926-03FCEA054588}.Debug|Any CPU.ActiveCfg = Debug|Any CPU
		{771AA972-CA9F-4CDF-B926-03FCEA054588}.Debug|Any CPU.Build.0 = Debug|Any CPU
		{771AA972-CA9F-4CDF-B926-03FCEA054588}.Release|Any CPU.ActiveCfg = Release|Any CPU
		{771AA972-CA9F-4CDF-B926-03FCEA054588}.Release|Any CPU.Build.0 = Release|Any CPU
		{0A063A5B-51AA-4649-B2A5-D800AC4FF999}.Debug|Any CPU.ActiveCfg = Debug|Any CPU
		{0A063A5B-51AA-4649-B2A5-D800AC4FF999}.Debug|Any CPU.Build.0 = Debug|Any CPU
		{0A063A5B-51AA-4649-B2A5-D800AC4FF999}.Release|Any CPU.ActiveCfg = Release|Any CPU
		{0A063A5B-51AA-4649-B2A5-D800AC4FF999}.Release|Any CPU.Build.0 = Release|Any CPU
		{14003A22-C6D4-4DCA-B580-3A9E14D8EA92}.Debug|Any CPU.ActiveCfg = Debug|Any CPU
		{14003A22-C6D4-4DCA-B580-3A9E14D8EA92}.Debug|Any CPU.Build.0 = Debug|Any CPU
		{14003A22-C6D4-4DCA-B580-3A9E14D8EA92}.Release|Any CPU.ActiveCfg = Release|Any CPU
		{14003A22-C6D4-4DCA-B580-3A9E14D8EA92}.Release|Any CPU.Build.0 = Release|Any CPU
		{6D7F0AF7-43B8-444F-8983-0D870F630C5F}.Debug|Any CPU.ActiveCfg = Debug|Any CPU
		{6D7F0AF7-43B8-444F-8983-0D870F630C5F}.Debug|Any CPU.Build.0 = Debug|Any CPU
		{6D7F0AF7-43B8-444F-8983-0D870F630C5F}.Release|Any CPU.ActiveCfg = Release|Any CPU
		{6D7F0AF7-43B8-444F-8983-0D870F630C5F}.Release|Any CPU.Build.0 = Release|Any CPU
		{B7D48840-5EC2-4CB1-8864-C7BA0E341CDB}.Debug|Any CPU.ActiveCfg = Debug|Any CPU
		{B7D48840-5EC2-4CB1-8864-C7BA0E341CDB}.Debug|Any CPU.Build.0 = Debug|Any CPU
		{B7D48840-5EC2-4CB1-8864-C7BA0E341CDB}.Release|Any CPU.ActiveCfg = Release|Any CPU
		{B7D48840-5EC2-4CB1-8864-C7BA0E341CDB}.Release|Any CPU.Build.0 = Release|Any CPU
		{7B7256FE-6102-40AF-9DE2-EF9559399A19}.Debug|Any CPU.ActiveCfg = Debug|Any CPU
		{7B7256FE-6102-40AF-9DE2-EF9559399A19}.Debug|Any CPU.Build.0 = Debug|Any CPU
		{7B7256FE-6102-40AF-9DE2-EF9559399A19}.Release|Any CPU.ActiveCfg = Release|Any CPU
		{7B7256FE-6102-40AF-9DE2-EF9559399A19}.Release|Any CPU.Build.0 = Release|Any CPU
		{2C759203-88CD-4910-8E0D-759CC077B07C}.Debug|Any CPU.ActiveCfg = Debug|Any CPU
		{2C759203-88CD-4910-8E0D-759CC077B07C}.Debug|Any CPU.Build.0 = Debug|Any CPU
		{2C759203-88CD-4910-8E0D-759CC077B07C}.Release|Any CPU.ActiveCfg = Release|Any CPU
		{2C759203-88CD-4910-8E0D-759CC077B07C}.Release|Any CPU.Build.0 = Release|Any CPU
		{110AA0AD-638A-4A4B-A482-BE71209E789F}.Debug|Any CPU.ActiveCfg = Debug|Any CPU
		{110AA0AD-638A-4A4B-A482-BE71209E789F}.Debug|Any CPU.Build.0 = Debug|Any CPU
		{110AA0AD-638A-4A4B-A482-BE71209E789F}.Release|Any CPU.ActiveCfg = Release|Any CPU
		{110AA0AD-638A-4A4B-A482-BE71209E789F}.Release|Any CPU.Build.0 = Release|Any CPU
		{7BBBFF42-0C4A-4C9D-864A-CA1B56C882CD}.Debug|Any CPU.ActiveCfg = Debug|Any CPU
		{7BBBFF42-0C4A-4C9D-864A-CA1B56C882CD}.Debug|Any CPU.Build.0 = Debug|Any CPU
		{7BBBFF42-0C4A-4C9D-864A-CA1B56C882CD}.Release|Any CPU.ActiveCfg = Release|Any CPU
		{7BBBFF42-0C4A-4C9D-864A-CA1B56C882CD}.Release|Any CPU.Build.0 = Release|Any CPU
		{FDECB3ED-114C-49E5-9C88-687A10E5EF3C}.Debug|Any CPU.ActiveCfg = Debug|Any CPU
		{FDECB3ED-114C-49E5-9C88-687A10E5EF3C}.Debug|Any CPU.Build.0 = Debug|Any CPU
		{FDECB3ED-114C-49E5-9C88-687A10E5EF3C}.Release|Any CPU.ActiveCfg = Release|Any CPU
		{FDECB3ED-114C-49E5-9C88-687A10E5EF3C}.Release|Any CPU.Build.0 = Release|Any CPU
		{20140056-BA22-45FC-AD99-9E9D72BDC4D2}.Debug|Any CPU.ActiveCfg = Debug|Any CPU
		{20140056-BA22-45FC-AD99-9E9D72BDC4D2}.Debug|Any CPU.Build.0 = Debug|Any CPU
		{20140056-BA22-45FC-AD99-9E9D72BDC4D2}.Release|Any CPU.ActiveCfg = Release|Any CPU
		{20140056-BA22-45FC-AD99-9E9D72BDC4D2}.Release|Any CPU.Build.0 = Release|Any CPU
		{F8BBDFC6-F244-49D6-8B18-E1C74AD32677}.Debug|Any CPU.ActiveCfg = Debug|Any CPU
		{F8BBDFC6-F244-49D6-8B18-E1C74AD32677}.Debug|Any CPU.Build.0 = Debug|Any CPU
		{F8BBDFC6-F244-49D6-8B18-E1C74AD32677}.Release|Any CPU.ActiveCfg = Release|Any CPU
		{F8BBDFC6-F244-49D6-8B18-E1C74AD32677}.Release|Any CPU.Build.0 = Release|Any CPU
		{47EFB040-51AD-4DC0-8085-F8AE5D47F174}.Debug|Any CPU.ActiveCfg = Debug|Any CPU
		{47EFB040-51AD-4DC0-8085-F8AE5D47F174}.Debug|Any CPU.Build.0 = Debug|Any CPU
		{47EFB040-51AD-4DC0-8085-F8AE5D47F174}.Release|Any CPU.ActiveCfg = Release|Any CPU
		{47EFB040-51AD-4DC0-8085-F8AE5D47F174}.Release|Any CPU.Build.0 = Release|Any CPU
		{460D52CD-E4E9-41E0-BD28-396258FDEAF8}.Debug|Any CPU.ActiveCfg = Debug|Any CPU
		{460D52CD-E4E9-41E0-BD28-396258FDEAF8}.Debug|Any CPU.Build.0 = Debug|Any CPU
		{460D52CD-E4E9-41E0-BD28-396258FDEAF8}.Release|Any CPU.ActiveCfg = Release|Any CPU
		{460D52CD-E4E9-41E0-BD28-396258FDEAF8}.Release|Any CPU.Build.0 = Release|Any CPU
		{DE02298D-8232-47B2-A1AC-61B38C3F2A89}.Debug|Any CPU.ActiveCfg = Debug|Any CPU
		{DE02298D-8232-47B2-A1AC-61B38C3F2A89}.Debug|Any CPU.Build.0 = Debug|Any CPU
		{DE02298D-8232-47B2-A1AC-61B38C3F2A89}.Release|Any CPU.ActiveCfg = Release|Any CPU
		{DE02298D-8232-47B2-A1AC-61B38C3F2A89}.Release|Any CPU.Build.0 = Release|Any CPU
		{CDB0FAF0-BF74-44F3-9882-58F642534642}.Debug|Any CPU.ActiveCfg = Debug|Any CPU
		{CDB0FAF0-BF74-44F3-9882-58F642534642}.Debug|Any CPU.Build.0 = Debug|Any CPU
		{CDB0FAF0-BF74-44F3-9882-58F642534642}.Release|Any CPU.ActiveCfg = Release|Any CPU
		{CDB0FAF0-BF74-44F3-9882-58F642534642}.Release|Any CPU.Build.0 = Release|Any CPU
		{1B13A8E5-27AD-4EC0-9D51-F977AB3D2E5C}.Debug|Any CPU.ActiveCfg = Debug|Any CPU
		{1B13A8E5-27AD-4EC0-9D51-F977AB3D2E5C}.Debug|Any CPU.Build.0 = Debug|Any CPU
		{1B13A8E5-27AD-4EC0-9D51-F977AB3D2E5C}.Release|Any CPU.ActiveCfg = Release|Any CPU
		{1B13A8E5-27AD-4EC0-9D51-F977AB3D2E5C}.Release|Any CPU.Build.0 = Release|Any CPU
		{FE9336AD-6EC8-48A3-931A-1F013FA4C3C5}.Debug|Any CPU.ActiveCfg = Debug|Any CPU
		{FE9336AD-6EC8-48A3-931A-1F013FA4C3C5}.Debug|Any CPU.Build.0 = Debug|Any CPU
		{FE9336AD-6EC8-48A3-931A-1F013FA4C3C5}.Release|Any CPU.ActiveCfg = Release|Any CPU
		{FE9336AD-6EC8-48A3-931A-1F013FA4C3C5}.Release|Any CPU.Build.0 = Release|Any CPU
		{5D1EBA61-8DBC-4F1D-80F2-6126E818D601}.Debug|Any CPU.ActiveCfg = Debug|Any CPU
		{5D1EBA61-8DBC-4F1D-80F2-6126E818D601}.Debug|Any CPU.Build.0 = Debug|Any CPU
		{5D1EBA61-8DBC-4F1D-80F2-6126E818D601}.Release|Any CPU.ActiveCfg = Release|Any CPU
		{5D1EBA61-8DBC-4F1D-80F2-6126E818D601}.Release|Any CPU.Build.0 = Release|Any CPU
		{0C6BDA19-4C8A-4CC5-8EA6-A737B590D69F}.Debug|Any CPU.ActiveCfg = Debug|Any CPU
		{0C6BDA19-4C8A-4CC5-8EA6-A737B590D69F}.Debug|Any CPU.Build.0 = Debug|Any CPU
		{0C6BDA19-4C8A-4CC5-8EA6-A737B590D69F}.Release|Any CPU.ActiveCfg = Release|Any CPU
		{0C6BDA19-4C8A-4CC5-8EA6-A737B590D69F}.Release|Any CPU.Build.0 = Release|Any CPU
		{5BCC3047-6F46-4665-A4F5-2DBE2450D75B}.Debug|Any CPU.ActiveCfg = Debug|Any CPU
		{5BCC3047-6F46-4665-A4F5-2DBE2450D75B}.Debug|Any CPU.Build.0 = Debug|Any CPU
		{5BCC3047-6F46-4665-A4F5-2DBE2450D75B}.Release|Any CPU.ActiveCfg = Release|Any CPU
		{5BCC3047-6F46-4665-A4F5-2DBE2450D75B}.Release|Any CPU.Build.0 = Release|Any CPU
		{57F1C021-E4DF-4BD8-9C34-1C6BB684DCA6}.Debug|Any CPU.ActiveCfg = Debug|Any CPU
		{57F1C021-E4DF-4BD8-9C34-1C6BB684DCA6}.Debug|Any CPU.Build.0 = Debug|Any CPU
		{57F1C021-E4DF-4BD8-9C34-1C6BB684DCA6}.Release|Any CPU.ActiveCfg = Release|Any CPU
		{57F1C021-E4DF-4BD8-9C34-1C6BB684DCA6}.Release|Any CPU.Build.0 = Release|Any CPU
		{7B1439C4-3FFC-4041-AE7B-5143AD441671}.Debug|Any CPU.ActiveCfg = Debug|Any CPU
		{7B1439C4-3FFC-4041-AE7B-5143AD441671}.Debug|Any CPU.Build.0 = Debug|Any CPU
		{7B1439C4-3FFC-4041-AE7B-5143AD441671}.Release|Any CPU.ActiveCfg = Release|Any CPU
		{7B1439C4-3FFC-4041-AE7B-5143AD441671}.Release|Any CPU.Build.0 = Release|Any CPU
		{EE32CD6C-A61D-4ACC-A3B5-06EEF93561AC}.Debug|Any CPU.ActiveCfg = Debug|Any CPU
		{EE32CD6C-A61D-4ACC-A3B5-06EEF93561AC}.Debug|Any CPU.Build.0 = Debug|Any CPU
		{EE32CD6C-A61D-4ACC-A3B5-06EEF93561AC}.Release|Any CPU.ActiveCfg = Release|Any CPU
		{EE32CD6C-A61D-4ACC-A3B5-06EEF93561AC}.Release|Any CPU.Build.0 = Release|Any CPU
		{FFCFB203-0123-42DF-8494-0EFF30AF051D}.Debug|Any CPU.ActiveCfg = Debug|Any CPU
		{FFCFB203-0123-42DF-8494-0EFF30AF051D}.Debug|Any CPU.Build.0 = Debug|Any CPU
		{FFCFB203-0123-42DF-8494-0EFF30AF051D}.Release|Any CPU.ActiveCfg = Release|Any CPU
		{FFCFB203-0123-42DF-8494-0EFF30AF051D}.Release|Any CPU.Build.0 = Release|Any CPU
	EndGlobalSection
	GlobalSection(SolutionProperties) = preSolution
		HideSolutionNode = FALSE
	EndGlobalSection
	GlobalSection(NestedProjects) = preSolution
		{1B17F1EF-FA3D-4176-A4FB-62551D61C554} = {FE4C5ADC-5970-4EF6-8608-10AB9B076F4B}
		{112C0190-0661-404D-9754-5314C9FEA709} = {FE4C5ADC-5970-4EF6-8608-10AB9B076F4B}
		{F638D80F-620D-42B2-A126-5B42D464A884} = {FE4C5ADC-5970-4EF6-8608-10AB9B076F4B}
		{DE938CBD-BC58-4954-AC6B-587630E98886} = {FE4C5ADC-5970-4EF6-8608-10AB9B076F4B}
		{E7991A3C-8DB2-4BFF-B0AE-6BC12B554BD5} = {FE4C5ADC-5970-4EF6-8608-10AB9B076F4B}
		{6E09F857-65A2-4750-AF42-C0B73D53BB25} = {FE4C5ADC-5970-4EF6-8608-10AB9B076F4B}
		{FC3F0EA9-E7B9-4550-8AB4-2EFE613CB694} = {FE4C5ADC-5970-4EF6-8608-10AB9B076F4B}
		{0DE0E53A-D16D-4412-A100-1A2E82A76C92} = {FE4C5ADC-5970-4EF6-8608-10AB9B076F4B}
		{F44550E7-3D28-4E1F-9BD4-6E9999F550F6} = {FE4C5ADC-5970-4EF6-8608-10AB9B076F4B}
		{4D4704C1-A0F2-4494-82DB-3423A0E380EC} = {FE4C5ADC-5970-4EF6-8608-10AB9B076F4B}
		{07D2749B-5B7E-4DAC-89A5-8221C67FA6B7} = {FE4C5ADC-5970-4EF6-8608-10AB9B076F4B}
		{5B45A18D-63CE-4A53-83ED-57D899E82A34} = {FE4C5ADC-5970-4EF6-8608-10AB9B076F4B}
		{36A88A66-048C-497C-8783-E11E80A6834A} = {FE4C5ADC-5970-4EF6-8608-10AB9B076F4B}
		{2ABDE96E-B8B5-4052-8AE8-AE1FA99956A3} = {FE4C5ADC-5970-4EF6-8608-10AB9B076F4B}
		{AF9BB528-D7F5-4997-B8E9-192CE17F3ABB} = {FE4C5ADC-5970-4EF6-8608-10AB9B076F4B}
		{98A3AC68-6F63-4132-A972-8C1A638533CA} = {FE4C5ADC-5970-4EF6-8608-10AB9B076F4B}
		{7BE6EBF6-F72D-4DB1-BDE6-8CB568DA5CC9} = {FE4C5ADC-5970-4EF6-8608-10AB9B076F4B}
		{500BB356-2FB8-4BE9-92C6-2DD7EB82BE4F} = {FE4C5ADC-5970-4EF6-8608-10AB9B076F4B}
		{E770234D-9835-4047-B5A8-7B6D511E313F} = {54C9B235-394C-44CF-8D91-CBF0A066BFF0}
		{E624DE57-132B-4EE9-9BF6-B40600B0B8F0} = {54C9B235-394C-44CF-8D91-CBF0A066BFF0}
		{243EA8DC-3AF5-42AA-A7D3-CAD320DAB71A} = {54C9B235-394C-44CF-8D91-CBF0A066BFF0}
		{884E29AA-0528-4A20-B3A2-63DF5C209A71} = {54C9B235-394C-44CF-8D91-CBF0A066BFF0}
		{5718F365-0D6E-4962-B32A-F97B428BE6F7} = {54C9B235-394C-44CF-8D91-CBF0A066BFF0}
		{414F98BA-2530-4441-AE71-5EE467EA4902} = {54C9B235-394C-44CF-8D91-CBF0A066BFF0}
		{94D48015-12E2-4881-B4FB-1FEE76528F20} = {54C9B235-394C-44CF-8D91-CBF0A066BFF0}
		{BA670546-1B9B-4C58-9E27-E53A39877755} = {54C9B235-394C-44CF-8D91-CBF0A066BFF0}
		{8392E996-46E4-4CA6-AF01-7DFCC2DBA310} = {54C9B235-394C-44CF-8D91-CBF0A066BFF0}
		{030D3C77-32C0-4C3E-8466-CF26B3DB9415} = {54C9B235-394C-44CF-8D91-CBF0A066BFF0}
		{D16EA655-63E1-4C55-9800-5993F2C3AB56} = {54C9B235-394C-44CF-8D91-CBF0A066BFF0}
		{08FD1C2E-9C67-46F2-9FDA-3CCC7A1EBC1C} = {54C9B235-394C-44CF-8D91-CBF0A066BFF0}
		{2DA56BEC-DC06-439F-BA0D-4C2E255AC8F2} = {54C9B235-394C-44CF-8D91-CBF0A066BFF0}
		{65FC29F0-3BBF-40DE-9F17-252D2D8BC696} = {54C9B235-394C-44CF-8D91-CBF0A066BFF0}
		{6D55489F-6205-4685-B2B8-FD90638E4C66} = {54C9B235-394C-44CF-8D91-CBF0A066BFF0}
		{0C4A9CF9-A737-4A68-8E79-FD1EC78B1214} = {B095E9EA-0CF4-41AD-BC5A-A9CA7A823A9B}
		{2B0C65A3-49BB-4B9A-9F2F-937746136A35} = {B095E9EA-0CF4-41AD-BC5A-A9CA7A823A9B}
		{8943882B-6B15-4877-92A0-9A672C0E610F} = {B095E9EA-0CF4-41AD-BC5A-A9CA7A823A9B}
		{21EB4F18-CC8A-4BDC-8ECF-E779FAEF4CC7} = {B095E9EA-0CF4-41AD-BC5A-A9CA7A823A9B}
		{856BA381-5589-4CA8-8057-BECD6F441291} = {B095E9EA-0CF4-41AD-BC5A-A9CA7A823A9B}
		{771AA972-CA9F-4CDF-B926-03FCEA054588} = {DB2FF3A5-D370-4A13-B2AF-B965088C9D1A}
		{0A063A5B-51AA-4649-B2A5-D800AC4FF999} = {DB2FF3A5-D370-4A13-B2AF-B965088C9D1A}
		{14003A22-C6D4-4DCA-B580-3A9E14D8EA92} = {DB2FF3A5-D370-4A13-B2AF-B965088C9D1A}
		{6D7F0AF7-43B8-444F-8983-0D870F630C5F} = {DB2FF3A5-D370-4A13-B2AF-B965088C9D1A}
		{B7D48840-5EC2-4CB1-8864-C7BA0E341CDB} = {DB2FF3A5-D370-4A13-B2AF-B965088C9D1A}
		{7B7256FE-6102-40AF-9DE2-EF9559399A19} = {DB2FF3A5-D370-4A13-B2AF-B965088C9D1A}
		{2C759203-88CD-4910-8E0D-759CC077B07C} = {DB2FF3A5-D370-4A13-B2AF-B965088C9D1A}
		{110AA0AD-638A-4A4B-A482-BE71209E789F} = {DB2FF3A5-D370-4A13-B2AF-B965088C9D1A}
		{7BBBFF42-0C4A-4C9D-864A-CA1B56C882CD} = {DB2FF3A5-D370-4A13-B2AF-B965088C9D1A}
		{FDECB3ED-114C-49E5-9C88-687A10E5EF3C} = {DB2FF3A5-D370-4A13-B2AF-B965088C9D1A}
		{20140056-BA22-45FC-AD99-9E9D72BDC4D2} = {DB2FF3A5-D370-4A13-B2AF-B965088C9D1A}
		{F8BBDFC6-F244-49D6-8B18-E1C74AD32677} = {DB2FF3A5-D370-4A13-B2AF-B965088C9D1A}
		{47EFB040-51AD-4DC0-8085-F8AE5D47F174} = {DB2FF3A5-D370-4A13-B2AF-B965088C9D1A}
		{460D52CD-E4E9-41E0-BD28-396258FDEAF8} = {DB2FF3A5-D370-4A13-B2AF-B965088C9D1A}
		{DE02298D-8232-47B2-A1AC-61B38C3F2A89} = {DB2FF3A5-D370-4A13-B2AF-B965088C9D1A}
		{CDB0FAF0-BF74-44F3-9882-58F642534642} = {DB2FF3A5-D370-4A13-B2AF-B965088C9D1A}
		{1B13A8E5-27AD-4EC0-9D51-F977AB3D2E5C} = {DB2FF3A5-D370-4A13-B2AF-B965088C9D1A}
		{FE9336AD-6EC8-48A3-931A-1F013FA4C3C5} = {AEAA7FAA-289F-4834-99A8-B5AB805176F1}
		{5D1EBA61-8DBC-4F1D-80F2-6126E818D601} = {AEAA7FAA-289F-4834-99A8-B5AB805176F1}
		{0C6BDA19-4C8A-4CC5-8EA6-A737B590D69F} = {AEBAD86A-542B-4205-ABF0-812794050DF9}
		{5BCC3047-6F46-4665-A4F5-2DBE2450D75B} = {AEBAD86A-542B-4205-ABF0-812794050DF9}
		{57F1C021-E4DF-4BD8-9C34-1C6BB684DCA6} = {AEBAD86A-542B-4205-ABF0-812794050DF9}
		{7B1439C4-3FFC-4041-AE7B-5143AD441671} = {AEBAD86A-542B-4205-ABF0-812794050DF9}
		{EE32CD6C-A61D-4ACC-A3B5-06EEF93561AC} = {AEBAD86A-542B-4205-ABF0-812794050DF9}
		{FFCFB203-0123-42DF-8494-0EFF30AF051D} = {AEBAD86A-542B-4205-ABF0-812794050DF9}
	EndGlobalSection
	GlobalSection(ExtensibilityGlobals) = postSolution
		SolutionGuid = {5448066D-164D-4327-B1E5-E0085F162E20}
	EndGlobalSection
EndGlobal
