
Microsoft Visual Studio Solution File, Format Version 12.00
# Visual Studio Version 17
VisualStudioVersion = 17.6.33815.320
MinimumVisualStudioVersion = 10.0.40219.1
Project("{FAE04EC0-301F-11D3-BF4B-00C04F79EFBC}") = "C01_Define", "C01_Define\C01_Define.csproj", "{58119426-DEDE-40AC-90CB-E1A842BC0A72}"
EndProject
Project("{FAE04EC0-301F-11D3-BF4B-00C04F79EFBC}") = "C02_Constraints", "C02_Constraints\C02_Constraints.csproj", "{0DA38B7B-5053-4F7E-98CD-DD19B2DCE5B4}"
EndProject
Global
	GlobalSection(SolutionConfigurationPlatforms) = preSolution
		Debug|Any CPU = Debug|Any CPU
		Release|Any CPU = Release|Any CPU
	EndGlobalSection
	GlobalSection(ProjectConfigurationPlatforms) = postSolution
		{58119426-DEDE-40AC-90CB-E1A842BC0A72}.Debug|Any CPU.ActiveCfg = Debug|Any CPU
		{58119426-DEDE-40AC-90CB-E1A842BC0A72}.Debug|Any CPU.Build.0 = Debug|Any CPU
		{58119426-DEDE-40AC-90CB-E1A842BC0A72}.Release|Any CPU.ActiveCfg = Release|Any CPU
		{58119426-DEDE-40AC-90CB-E1A842BC0A72}.Release|Any CPU.Build.0 = Release|Any CPU
		{0DA38B7B-5053-4F7E-98CD-DD19B2DCE5B4}.Debug|Any CPU.ActiveCfg = Debug|Any CPU
		{0DA38B7B-5053-4F7E-98CD-DD19B2DCE5B4}.Debug|Any CPU.Build.0 = Debug|Any CPU
		{0DA38B7B-5053-4F7E-98CD-DD19B2DCE5B4}.Release|Any CPU.ActiveCfg = Release|Any CPU
		{0DA38B7B-5053-4F7E-98CD-DD19B2DCE5B4}.Release|Any CPU.Build.0 = Release|Any CPU
	EndGlobalSection
	GlobalSection(SolutionProperties) = preSolution
		HideSolutionNode = FALSE
	EndGlobalSection
	GlobalSection(ExtensibilityGlobals) = postSolution
		SolutionGuid = {B6906E89-46EB-454A-BA88-B3AE7381C546}
	EndGlobalSection
EndGlobal
