
Microsoft Visual Studio Solution File, Format Version 12.00
# Visual Studio Version 17
VisualStudioVersion = 17.14.36518.9
MinimumVisualStudioVersion = 10.0.40219.1
Project("{2150E333-8FDC-42A3-9474-1A3956D46DE8}") = "Examples", "Examples", "{02EA681E-C7D8-13C7-8484-4AC65E1B71E8}"
EndProject
Project("{2150E333-8FDC-42A3-9474-1A3956D46DE8}") = "Exercises", "Exercises", "{A9D3937B-49BC-400F-ACA8-6405B55E4665}"
EndProject
Project("{8BC9CEB8-8B4A-11D0-8D11-00A0C91BC942}") = "Ex01_01", "Examples\Ex01_01\Ex01_01.vcxproj", "{FDCEF96B-0893-448A-BBC7-BF12B871DBB8}"
EndProject
Global
	GlobalSection(SolutionConfigurationPlatforms) = preSolution
		Debug|x64 = Debug|x64
		Debug|x86 = Debug|x86
		Release|x64 = Release|x64
		Release|x86 = Release|x86
	EndGlobalSection
	GlobalSection(ProjectConfigurationPlatforms) = postSolution
		{FDCEF96B-0893-448A-BBC7-BF12B871DBB8}.Debug|x64.ActiveCfg = Debug|x64
		{FDCEF96B-0893-448A-BBC7-BF12B871DBB8}.Debug|x64.Build.0 = Debug|x64
		{FDCEF96B-0893-448A-BBC7-BF12B871DBB8}.Debug|x86.ActiveCfg = Debug|Win32
		{FDCEF96B-0893-448A-BBC7-BF12B871DBB8}.Debug|x86.Build.0 = Debug|Win32
		{FDCEF96B-0893-448A-BBC7-BF12B871DBB8}.Release|x64.ActiveCfg = Release|x64
		{FDCEF96B-0893-448A-BBC7-BF12B871DBB8}.Release|x64.Build.0 = Release|x64
		{FDCEF96B-0893-448A-BBC7-BF12B871DBB8}.Release|x86.ActiveCfg = Release|Win32
		{FDCEF96B-0893-448A-BBC7-BF12B871DBB8}.Release|x86.Build.0 = Release|Win32
	EndGlobalSection
	GlobalSection(SolutionProperties) = preSolution
		HideSolutionNode = FALSE
	EndGlobalSection
	GlobalSection(NestedProjects) = preSolution
		{FDCEF96B-0893-448A-BBC7-BF12B871DBB8} = {02EA681E-C7D8-13C7-8484-4AC65E1B71E8}
	EndGlobalSection
	GlobalSection(ExtensibilityGlobals) = postSolution
		SolutionGuid = {4D16A8C8-DD2B-4DF3-8241-39691BD981CD}
	EndGlobalSection
EndGlobal
