<Solution>
  <Configurations>
    <Platform Name="x64" />
    <Platform Name="x86" />
  </Configurations>
  <Project Path="C190201_subscripting/C190201_subscripting.vcxproj" />
  <Project Path="C190202_function_call/C190202_function_call.vcxproj" />
  <Project Path="C190203_dereferencing/C190203_dereferencing.vcxproj" />
</Solution>
