
Microsoft Visual Studio Solution File, Format Version 12.00
# Visual Studio Version 17
VisualStudioVersion = 17.4.33205.214
MinimumVisualStudioVersion = 10.0.40219.1
Project("{2150E333-8FDC-42A3-9474-1A3956D46DE8}") = "Common", "Common", "{890064E2-853F-432B-BDE0-872237114056}"
EndProject
Project("{9A19103F-16F7-4668-BE54-9A1E7A4F7556}") = "Helpers", "Common\Helpers\Helpers.csproj", "{DF8D0484-EAF1-4E95-A036-2F311A391202}"
EndProject
Project("{2150E333-8FDC-42A3-9474-1A3956D46DE8}") = "C01", "C01", "{43ED50F9-7EA7-4F19-9701-94F23F97EF09}"
EndProject
Project("{9A19103F-16F7-4668-BE54-9A1E7A4F7556}") = "C0101.Introduction", "C01\C0101.Introduction\C0101.Introduction.csproj", "{A3120E74-9E48-415A-91DE-13848EE97CE8}"
EndProject
Project("{9A19103F-16F7-4668-BE54-9A1E7A4F7556}") = "C0102.ShoppyExample", "C01\C0102.ShoppyExample\C0102.ShoppyExample.csproj", "{9715FFE5-F14A-4E7A-8609-8A608F6B272F}"
EndProject
Project("{2150E333-8FDC-42A3-9474-1A3956D46DE8}") = "C02", "C02", "{88DA7618-DECD-4944-854F-1AD1B09E22A8}"
EndProject
Project("{9A19103F-16F7-4668-BE54-9A1E7A4F7556}") = "C0201.EventHandling", "C02\C0201.EventHandling\C0201.EventHandling.csproj", "{6345828E-7E2C-4429-A545-FB7155F8DCA3}"
EndProject
Project("{9A19103F-16F7-4668-BE54-9A1E7A4F7556}") = "C0202.FirstRx", "C02\C0202.FirstRx\C0202.FirstRx.csproj", "{C3A62E0A-2B09-4605-BB3D-FCA64B9D57EA}"
EndProject
Project("{2150E333-8FDC-42A3-9474-1A3956D46DE8}") = "C03", "C03", "{51E462EC-73EE-4C26-B95B-041CEB1188E8}"
EndProject
Project("{9A19103F-16F7-4668-BE54-9A1E7A4F7556}") = "C0301.Delegates", "C03\C0301.Delegates\C0301.Delegates.csproj", "{5F91B6DC-0B52-44E3-BEBF-3767B6FCB53C}"
EndProject
Project("{9A19103F-16F7-4668-BE54-9A1E7A4F7556}") = "C0302.AnonymousMethods", "C03\C0302.AnonymousMethods\C0302.AnonymousMethods.csproj", "{59626215-9C27-43A6-9C9D-94453A899C1F}"
EndProject
Project("{9A19103F-16F7-4668-BE54-9A1E7A4F7556}") = "C0303.LambdaExpressions", "C03\C0303.LambdaExpressions\C0303.LambdaExpressions.csproj", "{D20C168E-969C-41B2-B02D-E6834B097F36}"
EndProject
Project("{2150E333-8FDC-42A3-9474-1A3956D46DE8}") = "C04", "C04", "{1AD0EB50-F4BF-4F78-ADA2-823567075401}"
EndProject
Project("{2150E333-8FDC-42A3-9474-1A3956D46DE8}") = "AppendixA", "AppendixA", "{B3D36D25-13A9-40E8-9F15-0DE735D86C81}"
EndProject
Project("{2150E333-8FDC-42A3-9474-1A3956D46DE8}") = "AppendixB", "AppendixB", "{229094E8-F6E2-4F57-9AA0-A7157B56B7E1}"
EndProject
Project("{2150E333-8FDC-42A3-9474-1A3956D46DE8}") = "AppendixC", "AppendixC", "{67543C46-04EE-494F-9760-2238D5962D17}"
EndProject
Project("{9A19103F-16F7-4668-BE54-9A1E7A4F7556}") = "A0101", "AppendixA\A0101\A0101.csproj", "{0D7A83BA-72D2-44FE-8CD2-FA5BA70E05AB}"
EndProject
Project("{9A19103F-16F7-4668-BE54-9A1E7A4F7556}") = "A0102", "AppendixA\A0102\A0102.csproj", "{98BDD08F-F4CE-47BE-BF71-1FF7561A1831}"
EndProject
Project("{9A19103F-16F7-4668-BE54-9A1E7A4F7556}") = "A0103", "AppendixA\A0103\A0103.csproj", "{656743B2-9D6B-41C8-9887-2B65E5703369}"
EndProject
Project("{9A19103F-16F7-4668-BE54-9A1E7A4F7556}") = "A0104", "AppendixA\A0104\A0104.csproj", "{7098B168-CD9F-4DEA-9ADB-8A0349FEF32D}"
EndProject
Project("{9A19103F-16F7-4668-BE54-9A1E7A4F7556}") = "A0105", "AppendixA\A0105\A0105.csproj", "{575C7503-71EE-4990-9DE0-3A6840AFD619}"
EndProject
Project("{9A19103F-16F7-4668-BE54-9A1E7A4F7556}") = "A0106", "AppendixA\A0106\A0106.csproj", "{11F9B987-5858-456E-B8D2-AD2ACB754EC4}"
EndProject
Project("{9A19103F-16F7-4668-BE54-9A1E7A4F7556}") = "C0203.Shared", "C02\C0203.Shared\C0203.Shared.csproj", "{D994FB40-A892-484A-B20B-B71474C7CD69}"
EndProject
Project("{9A19103F-16F7-4668-BE54-9A1E7A4F7556}") = "C0304.ActionFunc", "C03\C0304.ActionFunc\C0304.ActionFunc.csproj", "{7479809C-EEA6-4D94-BF7C-45D08191459C}"
EndProject
Project("{9A19103F-16F7-4668-BE54-9A1E7A4F7556}") = "C0305.StrategyPattern", "C03\C0305.StrategyPattern\C0305.StrategyPattern.csproj", "{0C51E575-CDF5-4546-B2CD-A84812BC3F1E}"
EndProject
Project("{9A19103F-16F7-4668-BE54-9A1E7A4F7556}") = "C0306.FactoryPattern", "C03\C0306.FactoryPattern\C0306.FactoryPattern.csproj", "{01A5C3FB-07D1-4DC5-8043-24FED46024D8}"
EndProject
Project("{9A19103F-16F7-4668-BE54-9A1E7A4F7556}") = "C0307.ExtensionMethods", "C03\C0307.ExtensionMethods\C0307.ExtensionMethods.csproj", "{2F740231-CD18-4837-81ED-BA0B8DB781E1}"
EndProject
Project("{9A19103F-16F7-4668-BE54-9A1E7A4F7556}") = "C0308.Fluent", "C03\C0308.Fluent\C0308.Fluent.csproj", "{9A50914D-DC1E-4B56-A323-09CBD4A8E926}"
EndProject
Project("{9A19103F-16F7-4668-BE54-9A1E7A4F7556}") = "C0309.LINQs", "C03\C0309.LINQs\C0309.LINQs.csproj", "{D49DDEC3-0D4E-41A2-B018-6AFB97252347}"
EndProject
Project("{9A19103F-16F7-4668-BE54-9A1E7A4F7556}") = "C0310.AnonymousTypes", "C03\C0310.AnonymousTypes\C0310.AnonymousTypes.csproj", "{6A75F5B2-3403-416E-877C-E7759B5E41A0}"
EndProject
Project("{9A19103F-16F7-4668-BE54-9A1E7A4F7556}") = "C0311.YieldReturn", "C03\C0311.YieldReturn\C0311.YieldReturn.csproj", "{776A4BD7-973E-41CE-A3C3-B977A9FA5D1D}"
EndProject
Project("{9A19103F-16F7-4668-BE54-9A1E7A4F7556}") = "C0312.DeferredExtensions", "C03\C0312.DeferredExtensions\C0312.DeferredExtensions.csproj", "{A0C83B25-D787-4E4C-A4F3-BBCFB71394A4}"
EndProject
Project("{2150E333-8FDC-42A3-9474-1A3956D46DE8}") = "C05", "C05", "{042B958C-DB79-486D-AF36-582CA01E50E0}"
EndProject
Project("{2150E333-8FDC-42A3-9474-1A3956D46DE8}") = "C06", "C06", "{19179CFE-FD85-4666-8351-DAFA8FB59BCF}"
EndProject
Project("{9A19103F-16F7-4668-BE54-9A1E7A4F7556}") = "C0501.ThreadAsync", "C05\C0501.ThreadAsync\C0501.ThreadAsync.csproj", "{0E5A8773-CC22-45E4-B736-311B4AF6CCBC}"
EndProject
Project("{9A19103F-16F7-4668-BE54-9A1E7A4F7556}") = "C0502.SynchronouslyGeneration", "C05\C0502.SynchronouslyGeneration\C0502.SynchronouslyGeneration.csproj", "{B884824A-B357-4361-A4EA-636F84C73219}"
EndProject
Project("{9A19103F-16F7-4668-BE54-9A1E7A4F7556}") = "C0300.SideEffects", "C03\C0300.SideEffects\C0300.SideEffects.csproj", "{3F0B2947-C7FC-4819-A89A-7FA5F508B8CD}"
EndProject
Project("{9A19103F-16F7-4668-BE54-9A1E7A4F7556}") = "C0500.Threads", "C05\C0500.Threads\C0500.Threads.csproj", "{9850064C-3133-49B5-B4FB-8523DA22C903}"
EndProject
Project("{9A19103F-16F7-4668-BE54-9A1E7A4F7556}") = "MagicalPrime", "C05\MagicalPrime\MagicalPrime.csproj", "{D77C8B19-5ADE-44C1-99AB-1F99BE38E866}"
EndProject
Project("{9A19103F-16F7-4668-BE54-9A1E7A4F7556}") = "C0503.GenerateObservables", "C05\C0503.GenerateObservables\C0503.GenerateObservables.csproj", "{F982ED7F-AD33-4435-8D8A-3D25280E1856}"
EndProject
Project("{9A19103F-16F7-4668-BE54-9A1E7A4F7556}") = "P117", "C05\P117\P117.csproj", "{BE7DB315-9B09-4F33-8D9A-136AFC62C168}"
EndProject
Project("{9A19103F-16F7-4668-BE54-9A1E7A4F7556}") = "P118", "C05\P118\P118.csproj", "{16B1F2DC-3954-4107-9817-F6E7F4AE3146}"
EndProject
Project("{9A19103F-16F7-4668-BE54-9A1E7A4F7556}") = "P120", "C05\P120\P120.csproj", "{31A32665-9A32-45BA-8B26-A4C34CAF2E84}"
EndProject
Project("{9A19103F-16F7-4668-BE54-9A1E7A4F7556}") = "P090", "C04\P090\P090.csproj", "{DE17CF59-D2EE-4D1E-A0F1-4D1598D1F8D4}"
EndProject
Project("{9A19103F-16F7-4668-BE54-9A1E7A4F7556}") = "P094", "C04\P094\P094.csproj", "{CB6500BB-3774-4DB6-94F2-B2F9F9EE58F8}"
EndProject
Project("{9A19103F-16F7-4668-BE54-9A1E7A4F7556}") = "P097", "C04\P097\P097.csproj", "{C62A51CD-3DB4-45FB-AE7A-DE5054774DA1}"
EndProject
Project("{9A19103F-16F7-4668-BE54-9A1E7A4F7556}") = "P100", "C04\P100\P100.csproj", "{90781A8E-6103-4142-8234-1394B1040680}"
EndProject
Project("{9A19103F-16F7-4668-BE54-9A1E7A4F7556}") = "P102", "C04\P102\P102.csproj", "{A8F1677E-4788-415F-9F4C-6AD4ED2EE5C3}"
EndProject
Project("{9A19103F-16F7-4668-BE54-9A1E7A4F7556}") = "P105", "C04\P105\P105.csproj", "{4F72F276-6BB4-4477-AD3D-81591622C7BC}"
EndProject
Project("{9A19103F-16F7-4668-BE54-9A1E7A4F7556}") = "P107", "C04\P107\P107.csproj", "{16DE19AD-3237-43E6-BFF1-CAA97526851B}"
EndProject
Project("{9A19103F-16F7-4668-BE54-9A1E7A4F7556}") = "P109", "C04\P109\P109.csproj", "{1738865E-4BE1-45A8-8238-39C480659553}"
EndProject
Project("{9A19103F-16F7-4668-BE54-9A1E7A4F7556}") = "P110", "C04\P110\P110.csproj", "{73C1072C-52C6-4D33-8267-59F54CF8CD44}"
EndProject
Project("{9A19103F-16F7-4668-BE54-9A1E7A4F7556}") = "P121", "C05\P121\P121.csproj", "{7E2E42D2-EC48-44C4-AB7C-A84F6D0EFF30}"
EndProject
Project("{9A19103F-16F7-4668-BE54-9A1E7A4F7556}") = "P138", "C06\P138\P138.csproj", "{3FDD56CB-BC1D-4CFF-89A3-A557F1836C5F}"
EndProject
Project("{9A19103F-16F7-4668-BE54-9A1E7A4F7556}") = "P141", "C06\P141\P141.csproj", "{B9BF86B0-297F-4ADF-AE7A-F398D15D82E1}"
EndProject
Project("{9A19103F-16F7-4668-BE54-9A1E7A4F7556}") = "P142", "C06\P142\P142.csproj", "{98960476-9D41-428C-A2E4-8F297D000B5E}"
EndProject
Project("{9A19103F-16F7-4668-BE54-9A1E7A4F7556}") = "P143", "C06\P143\P143.csproj", "{4B261A18-A822-4243-B81A-161BF7A938F5}"
EndProject
Project("{2150E333-8FDC-42A3-9474-1A3956D46DE8}") = "C07", "C07", "{E0B31F1F-0AEA-4963-9559-AACE6424A69A}"
EndProject
Project("{9A19103F-16F7-4668-BE54-9A1E7A4F7556}") = "P160", "C07\P160\P160.csproj", "{9CAC867A-B706-403F-B174-C802E8399873}"
EndProject
Project("{9A19103F-16F7-4668-BE54-9A1E7A4F7556}") = "P161", "C07\P161\P161.csproj", "{B7E68A91-65FC-4273-AA1E-4FA361243BE5}"
EndProject
Project("{9A19103F-16F7-4668-BE54-9A1E7A4F7556}") = "P164", "C07\P164\P164.csproj", "{1783D0E2-E739-4630-9845-AEB0EFF1989E}"
EndProject
Project("{9A19103F-16F7-4668-BE54-9A1E7A4F7556}") = "P167", "C07\P167\P167.csproj", "{CB2BC77B-E0F1-4325-8EC1-40AFD94876C0}"
EndProject
Project("{9A19103F-16F7-4668-BE54-9A1E7A4F7556}") = "P168", "C07\P168\P168.csproj", "{513AD1F3-6364-4D22-AA93-98229340ED7F}"
EndProject
Project("{9A19103F-16F7-4668-BE54-9A1E7A4F7556}") = "P170", "C07\P170\P170.csproj", "{FCA4527A-E398-4440-BC48-34A44EF6FF7E}"
EndProject
Project("{9A19103F-16F7-4668-BE54-9A1E7A4F7556}") = "P119", "C05\P119\P119.csproj", "{4163071C-9055-4180-8BEA-72DD62ADD6B7}"
EndProject
Project("{9A19103F-16F7-4668-BE54-9A1E7A4F7556}") = "B0101", "AppendixB\B0101\B0101.csproj", "{E5FC4449-EA58-41FF-AB50-007E4FD7411C}"
EndProject
Project("{9A19103F-16F7-4668-BE54-9A1E7A4F7556}") = "B0201", "AppendixB\B0201\B0201.csproj", "{258B62AD-D217-4546-8ACB-9A036334F9E3}"
EndProject
Project("{9A19103F-16F7-4668-BE54-9A1E7A4F7556}") = "RxLibrary", "AppendixC\RxLibrary\RxLibrary.csproj", "{B73182D7-D6A4-4BAA-928F-50A71AEC2A69}"
EndProject
Project("{9A19103F-16F7-4668-BE54-9A1E7A4F7556}") = "RxLibrary.MSTests", "AppendixC\RxLibrary.MSTests\RxLibrary.MSTests.csproj", "{01F4B3CF-F436-4CDB-AA71-E25AD7F227F9}"
EndProject
Project("{2150E333-8FDC-42A3-9474-1A3956D46DE8}") = "C08", "C08", "{D640476E-C5B6-4708-8DE4-5696588121E7}"
EndProject
Project("{2150E333-8FDC-42A3-9474-1A3956D46DE8}") = "C09", "C09", "{DB9DA6B0-F2BE-440B-A363-398E00534C15}"
EndProject
Project("{2150E333-8FDC-42A3-9474-1A3956D46DE8}") = "C10", "C10", "{8D15006E-4D72-47D5-B648-E3C40BC40A22}"
EndProject
Project("{2150E333-8FDC-42A3-9474-1A3956D46DE8}") = "C11", "C11", "{42961578-0257-473F-A289-E45617C5F2DE}"
EndProject
Project("{FAE04EC0-301F-11D3-BF4B-00C04F79EFBC}") = "P093", "C04\P093\P093.csproj", "{F508FBDC-74DF-4FD4-B5F9-21A538121CAD}"
EndProject
Project("{FAE04EC0-301F-11D3-BF4B-00C04F79EFBC}") = "P102OneParam", "C04\P102OneParam\P102OneParam.csproj", "{2C4C08B9-B7C5-48E2-8E32-3F02E6E9CD07}"
EndProject
Project("{FAE04EC0-301F-11D3-BF4B-00C04F79EFBC}") = "P094ObservableBase", "C04\P094ObservableBase\P094ObservableBase.csproj", "{B7E3435E-3BCC-46EB-A191-18D36FEDC8E2}"
EndProject
Project("{FAE04EC0-301F-11D3-BF4B-00C04F79EFBC}") = "P147", "C06\P147\P147.csproj", "{856DDEB4-DBC2-4533-91C5-9CB982F5CC5E}"
EndProject
Project("{FAE04EC0-301F-11D3-BF4B-00C04F79EFBC}") = "P154", "C06\P154\P154.csproj", "{8B3CA47D-E883-47A5-9CF6-2B61B8BD9918}"
EndProject
Project("{FAE04EC0-301F-11D3-BF4B-00C04F79EFBC}") = "P165", "C07\P165\P165.csproj", "{F240A011-6ED8-470E-ADF7-DBA3EB929715}"
EndProject
Project("{FAE04EC0-301F-11D3-BF4B-00C04F79EFBC}") = "P173", "C07\P173\P173.csproj", "{66A1D780-8D0A-441F-B83A-253315D6B788}"
EndProject
Project("{FAE04EC0-301F-11D3-BF4B-00C04F79EFBC}") = "P187", "C08\P187\P187.csproj", "{7AB1BC68-D21B-4918-BB1B-F5AA58392BE5}"
EndProject
Project("{FAE04EC0-301F-11D3-BF4B-00C04F79EFBC}") = "P200", "C08\P200\P200.csproj", "{3217E156-E93B-47E6-9BA3-5679731C2F93}"
EndProject
Project("{FAE04EC0-301F-11D3-BF4B-00C04F79EFBC}") = "P206", "C09\P206\P206.csproj", "{3202DF88-AF98-4641-8376-C62F487722D3}"
EndProject
Project("{FAE04EC0-301F-11D3-BF4B-00C04F79EFBC}") = "P185BasicQueryOperators", "C08\P185BasicQueryOperators\P185BasicQueryOperators.csproj", "{B9FFF4EA-9DD0-49FA-9062-C7896A7D8A80}"
EndProject
Project("{FAE04EC0-301F-11D3-BF4B-00C04F79EFBC}") = "P195DistinctUntilChanged", "C08\P195DistinctUntilChanged\P195DistinctUntilChanged.csproj", "{FD84E685-D29B-4103-A362-C3085582EA38}"
EndProject
Project("{FAE04EC0-301F-11D3-BF4B-00C04F79EFBC}") = "P197Aggregate", "C08\P197Aggregate\P197Aggregate.csproj", "{2D1A5D51-10C7-44E2-83A7-0D5AFE975147}"
EndProject
Project("{FAE04EC0-301F-11D3-BF4B-00C04F79EFBC}") = "P214Group", "C09\P214Group\P214Group.csproj", "{4BC732DC-595C-4C2E-9FDB-3D0F9C513A1A}"
EndProject
Project("{FAE04EC0-301F-11D3-BF4B-00C04F79EFBC}") = "P234Schedulers", "C10\P234Schedulers\P234Schedulers.csproj", "{BACB4C5A-DFC3-488F-86ED-E67FA96D4671}"
EndProject
Project("{FAE04EC0-301F-11D3-BF4B-00C04F79EFBC}") = "P242", "C10\P242\P242.csproj", "{BEF5D858-4B26-4987-BA95-8613C64372D9}"
EndProject
Project("{FAE04EC0-301F-11D3-BF4B-00C04F79EFBC}") = "P251ObserveOnDispatcher", "C10\P251ObserveOnDispatcher\P251ObserveOnDispatcher.csproj", "{FA51449C-ED9F-4EC2-8E89-D055B1CA7C09}"
EndProject
Project("{FAE04EC0-301F-11D3-BF4B-00C04F79EFBC}") = "P252", "C10\P252\P252.csproj", "{ABCDE3CA-B09E-437C-90CA-CB08AF116167}"
EndProject
Project("{FAE04EC0-301F-11D3-BF4B-00C04F79EFBC}") = "P254", "C10\P254\P254.csproj", "{77A9C3B7-6D74-48C6-8CE9-9EF8889EF601}"
EndProject
Project("{FAE04EC0-301F-11D3-BF4B-00C04F79EFBC}") = "P261ReactToErrors", "C11\P261ReactToErrors\P261ReactToErrors.csproj", "{154FB3CB-9436-415A-AD53-AEEC3CD6F5BE}"
EndProject
Project("{FAE04EC0-301F-11D3-BF4B-00C04F79EFBC}") = "P278", "C11\P278\P278.csproj", "{D0319A86-3BD9-4C75-AD08-27E38B09CFDC}"
EndProject
Project("{FAE04EC0-301F-11D3-BF4B-00C04F79EFBC}") = "C0103.AsyncDemo", "C01\C0103.AsyncDemo\C0103.AsyncDemo.csproj", "{5D9223A5-E94A-447E-A8B6-E3C34C9AFEA4}"
EndProject
Project("{FAE04EC0-301F-11D3-BF4B-00C04F79EFBC}") = "C0204.StreamProcess", "C02\C0204.StreamProcess\C0204.StreamProcess.csproj", "{D7F63A44-7A2C-4BC0-916B-FEF1873F460B}"
EndProject
Project("{FAE04EC0-301F-11D3-BF4B-00C04F79EFBC}") = "P093SimplestObservableBase", "C04\P093SimplestObservableBase\P093SimplestObservableBase.csproj", "{C38774C1-2219-4038-B235-F228BEE2260D}"
EndProject
Project("{FAE04EC0-301F-11D3-BF4B-00C04F79EFBC}") = "P094SimpleClient", "C04\P094SimpleClient\P094SimpleClient.csproj", "{5E0704D0-DBE5-48A5-9527-32BAE951A2AE}"
EndProject
Project("{FAE04EC0-301F-11D3-BF4B-00C04F79EFBC}") = "C00DeriveFromBase", "C04\C00DeriveFromBase\C00DeriveFromBase.csproj", "{FFC8648B-D6E3-4AF0-BC7C-19329F1053CD}"
EndProject
Project("{2150E333-8FDC-42A3-9474-1A3956D46DE8}") = "C055", "C055", "{24746E01-1271-4E69-B80D-F58CAC7A55CB}"
EndProject
Project("{FAE04EC0-301F-11D3-BF4B-00C04F79EFBC}") = "C0501MagicPrimeGeneratorExample", "C055\C0501MagicPrimeGeneratorExample\C0501MagicPrimeGeneratorExample.csproj", "{F0C357D9-7857-426F-A83E-D200C9993BE4}"
EndProject
Project("{FAE04EC0-301F-11D3-BF4B-00C04F79EFBC}") = "C0502GenerateObservable", "C055\C0502GenerateObservable\C0502GenerateObservable.csproj", "{CD60AF30-1265-44BA-AD74-F7F334D6C2C3}"
EndProject
Project("{FAE04EC0-301F-11D3-BF4B-00C04F79EFBC}") = "C0503GenerateAsyncCreate", "C055\C0503GenerateAsyncCreate\C0503GenerateAsyncCreate.csproj", "{C4A5E5C2-20C9-4ACD-B88A-12BD7F42EEE7}"
EndProject
Project("{2150E333-8FDC-42A3-9474-1A3956D46DE8}") = "Events", "Events", "{FD4B8D06-FE39-4E06-88D7-50A1CEE3F6E7}"
EndProject
Project("{FAE04EC0-301F-11D3-BF4B-00C04F79EFBC}") = "E01", "Events\E01\E01.csproj", "{FEA705A1-6539-4FAE-BDAF-FE3D846151C0}"
EndProject
Project("{FAE04EC0-301F-11D3-BF4B-00C04F79EFBC}") = "E02", "Events\E02\E02.csproj", "{D0610D80-EB8A-4A19-91E1-09F0E357D484}"
EndProject
Project("{FAE04EC0-301F-11D3-BF4B-00C04F79EFBC}") = "E03", "Events\E03\E03.csproj", "{DEE4D601-A1F0-4F58-8D88-021A6947C21A}"
EndProject
Project("{FAE04EC0-301F-11D3-BF4B-00C04F79EFBC}") = "E04", "Events\E04\E04.csproj", "{31E6BC55-D492-4ED6-86BA-EABECFD9CEE6}"
EndProject
Project("{FAE04EC0-301F-11D3-BF4B-00C04F79EFBC}") = "E00", "Events\E00\E00.csproj", "{33E35FCE-FBD6-4E20-9150-2981AD425AC9}"
EndProject
Global
	GlobalSection(SolutionConfigurationPlatforms) = preSolution
		Debug|Any CPU = Debug|Any CPU
		Release|Any CPU = Release|Any CPU
	EndGlobalSection
	GlobalSection(ProjectConfigurationPlatforms) = postSolution
		{DF8D0484-EAF1-4E95-A036-2F311A391202}.Debug|Any CPU.ActiveCfg = Debug|Any CPU
		{DF8D0484-EAF1-4E95-A036-2F311A391202}.Debug|Any CPU.Build.0 = Debug|Any CPU
		{DF8D0484-EAF1-4E95-A036-2F311A391202}.Release|Any CPU.ActiveCfg = Release|Any CPU
		{DF8D0484-EAF1-4E95-A036-2F311A391202}.Release|Any CPU.Build.0 = Release|Any CPU
		{A3120E74-9E48-415A-91DE-13848EE97CE8}.Debug|Any CPU.ActiveCfg = Debug|Any CPU
		{A3120E74-9E48-415A-91DE-13848EE97CE8}.Debug|Any CPU.Build.0 = Debug|Any CPU
		{A3120E74-9E48-415A-91DE-13848EE97CE8}.Release|Any CPU.ActiveCfg = Release|Any CPU
		{A3120E74-9E48-415A-91DE-13848EE97CE8}.Release|Any CPU.Build.0 = Release|Any CPU
		{9715FFE5-F14A-4E7A-8609-8A608F6B272F}.Debug|Any CPU.ActiveCfg = Debug|Any CPU
		{9715FFE5-F14A-4E7A-8609-8A608F6B272F}.Debug|Any CPU.Build.0 = Debug|Any CPU
		{9715FFE5-F14A-4E7A-8609-8A608F6B272F}.Release|Any CPU.ActiveCfg = Release|Any CPU
		{9715FFE5-F14A-4E7A-8609-8A608F6B272F}.Release|Any CPU.Build.0 = Release|Any CPU
		{6345828E-7E2C-4429-A545-FB7155F8DCA3}.Debug|Any CPU.ActiveCfg = Debug|Any CPU
		{6345828E-7E2C-4429-A545-FB7155F8DCA3}.Debug|Any CPU.Build.0 = Debug|Any CPU
		{6345828E-7E2C-4429-A545-FB7155F8DCA3}.Release|Any CPU.ActiveCfg = Release|Any CPU
		{6345828E-7E2C-4429-A545-FB7155F8DCA3}.Release|Any CPU.Build.0 = Release|Any CPU
		{C3A62E0A-2B09-4605-BB3D-FCA64B9D57EA}.Debug|Any CPU.ActiveCfg = Debug|Any CPU
		{C3A62E0A-2B09-4605-BB3D-FCA64B9D57EA}.Debug|Any CPU.Build.0 = Debug|Any CPU
		{C3A62E0A-2B09-4605-BB3D-FCA64B9D57EA}.Release|Any CPU.ActiveCfg = Release|Any CPU
		{C3A62E0A-2B09-4605-BB3D-FCA64B9D57EA}.Release|Any CPU.Build.0 = Release|Any CPU
		{5F91B6DC-0B52-44E3-BEBF-3767B6FCB53C}.Debug|Any CPU.ActiveCfg = Debug|Any CPU
		{5F91B6DC-0B52-44E3-BEBF-3767B6FCB53C}.Debug|Any CPU.Build.0 = Debug|Any CPU
		{5F91B6DC-0B52-44E3-BEBF-3767B6FCB53C}.Release|Any CPU.ActiveCfg = Release|Any CPU
		{5F91B6DC-0B52-44E3-BEBF-3767B6FCB53C}.Release|Any CPU.Build.0 = Release|Any CPU
		{59626215-9C27-43A6-9C9D-94453A899C1F}.Debug|Any CPU.ActiveCfg = Debug|Any CPU
		{59626215-9C27-43A6-9C9D-94453A899C1F}.Debug|Any CPU.Build.0 = Debug|Any CPU
		{59626215-9C27-43A6-9C9D-94453A899C1F}.Release|Any CPU.ActiveCfg = Release|Any CPU
		{59626215-9C27-43A6-9C9D-94453A899C1F}.Release|Any CPU.Build.0 = Release|Any CPU
		{D20C168E-969C-41B2-B02D-E6834B097F36}.Debug|Any CPU.ActiveCfg = Debug|Any CPU
		{D20C168E-969C-41B2-B02D-E6834B097F36}.Debug|Any CPU.Build.0 = Debug|Any CPU
		{D20C168E-969C-41B2-B02D-E6834B097F36}.Release|Any CPU.ActiveCfg = Release|Any CPU
		{D20C168E-969C-41B2-B02D-E6834B097F36}.Release|Any CPU.Build.0 = Release|Any CPU
		{0D7A83BA-72D2-44FE-8CD2-FA5BA70E05AB}.Debug|Any CPU.ActiveCfg = Debug|Any CPU
		{0D7A83BA-72D2-44FE-8CD2-FA5BA70E05AB}.Debug|Any CPU.Build.0 = Debug|Any CPU
		{0D7A83BA-72D2-44FE-8CD2-FA5BA70E05AB}.Release|Any CPU.ActiveCfg = Release|Any CPU
		{0D7A83BA-72D2-44FE-8CD2-FA5BA70E05AB}.Release|Any CPU.Build.0 = Release|Any CPU
		{98BDD08F-F4CE-47BE-BF71-1FF7561A1831}.Debug|Any CPU.ActiveCfg = Debug|Any CPU
		{98BDD08F-F4CE-47BE-BF71-1FF7561A1831}.Debug|Any CPU.Build.0 = Debug|Any CPU
		{98BDD08F-F4CE-47BE-BF71-1FF7561A1831}.Release|Any CPU.ActiveCfg = Release|Any CPU
		{98BDD08F-F4CE-47BE-BF71-1FF7561A1831}.Release|Any CPU.Build.0 = Release|Any CPU
		{656743B2-9D6B-41C8-9887-2B65E5703369}.Debug|Any CPU.ActiveCfg = Debug|Any CPU
		{656743B2-9D6B-41C8-9887-2B65E5703369}.Debug|Any CPU.Build.0 = Debug|Any CPU
		{656743B2-9D6B-41C8-9887-2B65E5703369}.Release|Any CPU.ActiveCfg = Release|Any CPU
		{656743B2-9D6B-41C8-9887-2B65E5703369}.Release|Any CPU.Build.0 = Release|Any CPU
		{7098B168-CD9F-4DEA-9ADB-8A0349FEF32D}.Debug|Any CPU.ActiveCfg = Debug|Any CPU
		{7098B168-CD9F-4DEA-9ADB-8A0349FEF32D}.Debug|Any CPU.Build.0 = Debug|Any CPU
		{7098B168-CD9F-4DEA-9ADB-8A0349FEF32D}.Release|Any CPU.ActiveCfg = Release|Any CPU
		{7098B168-CD9F-4DEA-9ADB-8A0349FEF32D}.Release|Any CPU.Build.0 = Release|Any CPU
		{575C7503-71EE-4990-9DE0-3A6840AFD619}.Debug|Any CPU.ActiveCfg = Debug|Any CPU
		{575C7503-71EE-4990-9DE0-3A6840AFD619}.Debug|Any CPU.Build.0 = Debug|Any CPU
		{575C7503-71EE-4990-9DE0-3A6840AFD619}.Release|Any CPU.ActiveCfg = Release|Any CPU
		{575C7503-71EE-4990-9DE0-3A6840AFD619}.Release|Any CPU.Build.0 = Release|Any CPU
		{11F9B987-5858-456E-B8D2-AD2ACB754EC4}.Debug|Any CPU.ActiveCfg = Debug|Any CPU
		{11F9B987-5858-456E-B8D2-AD2ACB754EC4}.Debug|Any CPU.Build.0 = Debug|Any CPU
		{11F9B987-5858-456E-B8D2-AD2ACB754EC4}.Release|Any CPU.ActiveCfg = Release|Any CPU
		{11F9B987-5858-456E-B8D2-AD2ACB754EC4}.Release|Any CPU.Build.0 = Release|Any CPU
		{D994FB40-A892-484A-B20B-B71474C7CD69}.Debug|Any CPU.ActiveCfg = Debug|Any CPU
		{D994FB40-A892-484A-B20B-B71474C7CD69}.Debug|Any CPU.Build.0 = Debug|Any CPU
		{D994FB40-A892-484A-B20B-B71474C7CD69}.Release|Any CPU.ActiveCfg = Release|Any CPU
		{D994FB40-A892-484A-B20B-B71474C7CD69}.Release|Any CPU.Build.0 = Release|Any CPU
		{7479809C-EEA6-4D94-BF7C-45D08191459C}.Debug|Any CPU.ActiveCfg = Debug|Any CPU
		{7479809C-EEA6-4D94-BF7C-45D08191459C}.Debug|Any CPU.Build.0 = Debug|Any CPU
		{7479809C-EEA6-4D94-BF7C-45D08191459C}.Release|Any CPU.ActiveCfg = Release|Any CPU
		{7479809C-EEA6-4D94-BF7C-45D08191459C}.Release|Any CPU.Build.0 = Release|Any CPU
		{0C51E575-CDF5-4546-B2CD-A84812BC3F1E}.Debug|Any CPU.ActiveCfg = Debug|Any CPU
		{0C51E575-CDF5-4546-B2CD-A84812BC3F1E}.Debug|Any CPU.Build.0 = Debug|Any CPU
		{0C51E575-CDF5-4546-B2CD-A84812BC3F1E}.Release|Any CPU.ActiveCfg = Release|Any CPU
		{0C51E575-CDF5-4546-B2CD-A84812BC3F1E}.Release|Any CPU.Build.0 = Release|Any CPU
		{01A5C3FB-07D1-4DC5-8043-24FED46024D8}.Debug|Any CPU.ActiveCfg = Debug|Any CPU
		{01A5C3FB-07D1-4DC5-8043-24FED46024D8}.Debug|Any CPU.Build.0 = Debug|Any CPU
		{01A5C3FB-07D1-4DC5-8043-24FED46024D8}.Release|Any CPU.ActiveCfg = Release|Any CPU
		{01A5C3FB-07D1-4DC5-8043-24FED46024D8}.Release|Any CPU.Build.0 = Release|Any CPU
		{2F740231-CD18-4837-81ED-BA0B8DB781E1}.Debug|Any CPU.ActiveCfg = Debug|Any CPU
		{2F740231-CD18-4837-81ED-BA0B8DB781E1}.Debug|Any CPU.Build.0 = Debug|Any CPU
		{2F740231-CD18-4837-81ED-BA0B8DB781E1}.Release|Any CPU.ActiveCfg = Release|Any CPU
		{2F740231-CD18-4837-81ED-BA0B8DB781E1}.Release|Any CPU.Build.0 = Release|Any CPU
		{9A50914D-DC1E-4B56-A323-09CBD4A8E926}.Debug|Any CPU.ActiveCfg = Debug|Any CPU
		{9A50914D-DC1E-4B56-A323-09CBD4A8E926}.Debug|Any CPU.Build.0 = Debug|Any CPU
		{9A50914D-DC1E-4B56-A323-09CBD4A8E926}.Release|Any CPU.ActiveCfg = Release|Any CPU
		{9A50914D-DC1E-4B56-A323-09CBD4A8E926}.Release|Any CPU.Build.0 = Release|Any CPU
		{D49DDEC3-0D4E-41A2-B018-6AFB97252347}.Debug|Any CPU.ActiveCfg = Debug|Any CPU
		{D49DDEC3-0D4E-41A2-B018-6AFB97252347}.Debug|Any CPU.Build.0 = Debug|Any CPU
		{D49DDEC3-0D4E-41A2-B018-6AFB97252347}.Release|Any CPU.ActiveCfg = Release|Any CPU
		{D49DDEC3-0D4E-41A2-B018-6AFB97252347}.Release|Any CPU.Build.0 = Release|Any CPU
		{6A75F5B2-3403-416E-877C-E7759B5E41A0}.Debug|Any CPU.ActiveCfg = Debug|Any CPU
		{6A75F5B2-3403-416E-877C-E7759B5E41A0}.Debug|Any CPU.Build.0 = Debug|Any CPU
		{6A75F5B2-3403-416E-877C-E7759B5E41A0}.Release|Any CPU.ActiveCfg = Release|Any CPU
		{6A75F5B2-3403-416E-877C-E7759B5E41A0}.Release|Any CPU.Build.0 = Release|Any CPU
		{776A4BD7-973E-41CE-A3C3-B977A9FA5D1D}.Debug|Any CPU.ActiveCfg = Debug|Any CPU
		{776A4BD7-973E-41CE-A3C3-B977A9FA5D1D}.Debug|Any CPU.Build.0 = Debug|Any CPU
		{776A4BD7-973E-41CE-A3C3-B977A9FA5D1D}.Release|Any CPU.ActiveCfg = Release|Any CPU
		{776A4BD7-973E-41CE-A3C3-B977A9FA5D1D}.Release|Any CPU.Build.0 = Release|Any CPU
		{A0C83B25-D787-4E4C-A4F3-BBCFB71394A4}.Debug|Any CPU.ActiveCfg = Debug|Any CPU
		{A0C83B25-D787-4E4C-A4F3-BBCFB71394A4}.Debug|Any CPU.Build.0 = Debug|Any CPU
		{A0C83B25-D787-4E4C-A4F3-BBCFB71394A4}.Release|Any CPU.ActiveCfg = Release|Any CPU
		{A0C83B25-D787-4E4C-A4F3-BBCFB71394A4}.Release|Any CPU.Build.0 = Release|Any CPU
		{0E5A8773-CC22-45E4-B736-311B4AF6CCBC}.Debug|Any CPU.ActiveCfg = Debug|Any CPU
		{0E5A8773-CC22-45E4-B736-311B4AF6CCBC}.Debug|Any CPU.Build.0 = Debug|Any CPU
		{0E5A8773-CC22-45E4-B736-311B4AF6CCBC}.Release|Any CPU.ActiveCfg = Release|Any CPU
		{0E5A8773-CC22-45E4-B736-311B4AF6CCBC}.Release|Any CPU.Build.0 = Release|Any CPU
		{B884824A-B357-4361-A4EA-636F84C73219}.Debug|Any CPU.ActiveCfg = Debug|Any CPU
		{B884824A-B357-4361-A4EA-636F84C73219}.Debug|Any CPU.Build.0 = Debug|Any CPU
		{B884824A-B357-4361-A4EA-636F84C73219}.Release|Any CPU.ActiveCfg = Release|Any CPU
		{B884824A-B357-4361-A4EA-636F84C73219}.Release|Any CPU.Build.0 = Release|Any CPU
		{3F0B2947-C7FC-4819-A89A-7FA5F508B8CD}.Debug|Any CPU.ActiveCfg = Debug|Any CPU
		{3F0B2947-C7FC-4819-A89A-7FA5F508B8CD}.Debug|Any CPU.Build.0 = Debug|Any CPU
		{3F0B2947-C7FC-4819-A89A-7FA5F508B8CD}.Release|Any CPU.ActiveCfg = Release|Any CPU
		{3F0B2947-C7FC-4819-A89A-7FA5F508B8CD}.Release|Any CPU.Build.0 = Release|Any CPU
		{9850064C-3133-49B5-B4FB-8523DA22C903}.Debug|Any CPU.ActiveCfg = Debug|Any CPU
		{9850064C-3133-49B5-B4FB-8523DA22C903}.Debug|Any CPU.Build.0 = Debug|Any CPU
		{9850064C-3133-49B5-B4FB-8523DA22C903}.Release|Any CPU.ActiveCfg = Release|Any CPU
		{9850064C-3133-49B5-B4FB-8523DA22C903}.Release|Any CPU.Build.0 = Release|Any CPU
		{D77C8B19-5ADE-44C1-99AB-1F99BE38E866}.Debug|Any CPU.ActiveCfg = Debug|Any CPU
		{D77C8B19-5ADE-44C1-99AB-1F99BE38E866}.Debug|Any CPU.Build.0 = Debug|Any CPU
		{D77C8B19-5ADE-44C1-99AB-1F99BE38E866}.Release|Any CPU.ActiveCfg = Release|Any CPU
		{D77C8B19-5ADE-44C1-99AB-1F99BE38E866}.Release|Any CPU.Build.0 = Release|Any CPU
		{F982ED7F-AD33-4435-8D8A-3D25280E1856}.Debug|Any CPU.ActiveCfg = Debug|Any CPU
		{F982ED7F-AD33-4435-8D8A-3D25280E1856}.Debug|Any CPU.Build.0 = Debug|Any CPU
		{F982ED7F-AD33-4435-8D8A-3D25280E1856}.Release|Any CPU.ActiveCfg = Release|Any CPU
		{F982ED7F-AD33-4435-8D8A-3D25280E1856}.Release|Any CPU.Build.0 = Release|Any CPU
		{BE7DB315-9B09-4F33-8D9A-136AFC62C168}.Debug|Any CPU.ActiveCfg = Debug|Any CPU
		{BE7DB315-9B09-4F33-8D9A-136AFC62C168}.Debug|Any CPU.Build.0 = Debug|Any CPU
		{BE7DB315-9B09-4F33-8D9A-136AFC62C168}.Release|Any CPU.ActiveCfg = Release|Any CPU
		{BE7DB315-9B09-4F33-8D9A-136AFC62C168}.Release|Any CPU.Build.0 = Release|Any CPU
		{16B1F2DC-3954-4107-9817-F6E7F4AE3146}.Debug|Any CPU.ActiveCfg = Debug|Any CPU
		{16B1F2DC-3954-4107-9817-F6E7F4AE3146}.Debug|Any CPU.Build.0 = Debug|Any CPU
		{16B1F2DC-3954-4107-9817-F6E7F4AE3146}.Release|Any CPU.ActiveCfg = Release|Any CPU
		{16B1F2DC-3954-4107-9817-F6E7F4AE3146}.Release|Any CPU.Build.0 = Release|Any CPU
		{31A32665-9A32-45BA-8B26-A4C34CAF2E84}.Debug|Any CPU.ActiveCfg = Debug|Any CPU
		{31A32665-9A32-45BA-8B26-A4C34CAF2E84}.Debug|Any CPU.Build.0 = Debug|Any CPU
		{31A32665-9A32-45BA-8B26-A4C34CAF2E84}.Release|Any CPU.ActiveCfg = Release|Any CPU
		{31A32665-9A32-45BA-8B26-A4C34CAF2E84}.Release|Any CPU.Build.0 = Release|Any CPU
		{DE17CF59-D2EE-4D1E-A0F1-4D1598D1F8D4}.Debug|Any CPU.ActiveCfg = Debug|Any CPU
		{DE17CF59-D2EE-4D1E-A0F1-4D1598D1F8D4}.Debug|Any CPU.Build.0 = Debug|Any CPU
		{DE17CF59-D2EE-4D1E-A0F1-4D1598D1F8D4}.Release|Any CPU.ActiveCfg = Release|Any CPU
		{DE17CF59-D2EE-4D1E-A0F1-4D1598D1F8D4}.Release|Any CPU.Build.0 = Release|Any CPU
		{CB6500BB-3774-4DB6-94F2-B2F9F9EE58F8}.Debug|Any CPU.ActiveCfg = Debug|Any CPU
		{CB6500BB-3774-4DB6-94F2-B2F9F9EE58F8}.Debug|Any CPU.Build.0 = Debug|Any CPU
		{CB6500BB-3774-4DB6-94F2-B2F9F9EE58F8}.Release|Any CPU.ActiveCfg = Release|Any CPU
		{CB6500BB-3774-4DB6-94F2-B2F9F9EE58F8}.Release|Any CPU.Build.0 = Release|Any CPU
		{C62A51CD-3DB4-45FB-AE7A-DE5054774DA1}.Debug|Any CPU.ActiveCfg = Debug|Any CPU
		{C62A51CD-3DB4-45FB-AE7A-DE5054774DA1}.Debug|Any CPU.Build.0 = Debug|Any CPU
		{C62A51CD-3DB4-45FB-AE7A-DE5054774DA1}.Release|Any CPU.ActiveCfg = Release|Any CPU
		{C62A51CD-3DB4-45FB-AE7A-DE5054774DA1}.Release|Any CPU.Build.0 = Release|Any CPU
		{90781A8E-6103-4142-8234-1394B1040680}.Debug|Any CPU.ActiveCfg = Debug|Any CPU
		{90781A8E-6103-4142-8234-1394B1040680}.Debug|Any CPU.Build.0 = Debug|Any CPU
		{90781A8E-6103-4142-8234-1394B1040680}.Release|Any CPU.ActiveCfg = Release|Any CPU
		{90781A8E-6103-4142-8234-1394B1040680}.Release|Any CPU.Build.0 = Release|Any CPU
		{A8F1677E-4788-415F-9F4C-6AD4ED2EE5C3}.Debug|Any CPU.ActiveCfg = Debug|Any CPU
		{A8F1677E-4788-415F-9F4C-6AD4ED2EE5C3}.Debug|Any CPU.Build.0 = Debug|Any CPU
		{A8F1677E-4788-415F-9F4C-6AD4ED2EE5C3}.Release|Any CPU.ActiveCfg = Release|Any CPU
		{A8F1677E-4788-415F-9F4C-6AD4ED2EE5C3}.Release|Any CPU.Build.0 = Release|Any CPU
		{4F72F276-6BB4-4477-AD3D-81591622C7BC}.Debug|Any CPU.ActiveCfg = Debug|Any CPU
		{4F72F276-6BB4-4477-AD3D-81591622C7BC}.Debug|Any CPU.Build.0 = Debug|Any CPU
		{4F72F276-6BB4-4477-AD3D-81591622C7BC}.Release|Any CPU.ActiveCfg = Release|Any CPU
		{4F72F276-6BB4-4477-AD3D-81591622C7BC}.Release|Any CPU.Build.0 = Release|Any CPU
		{16DE19AD-3237-43E6-BFF1-CAA97526851B}.Debug|Any CPU.ActiveCfg = Debug|Any CPU
		{16DE19AD-3237-43E6-BFF1-CAA97526851B}.Debug|Any CPU.Build.0 = Debug|Any CPU
		{16DE19AD-3237-43E6-BFF1-CAA97526851B}.Release|Any CPU.ActiveCfg = Release|Any CPU
		{16DE19AD-3237-43E6-BFF1-CAA97526851B}.Release|Any CPU.Build.0 = Release|Any CPU
		{1738865E-4BE1-45A8-8238-39C480659553}.Debug|Any CPU.ActiveCfg = Debug|Any CPU
		{1738865E-4BE1-45A8-8238-39C480659553}.Debug|Any CPU.Build.0 = Debug|Any CPU
		{1738865E-4BE1-45A8-8238-39C480659553}.Release|Any CPU.ActiveCfg = Release|Any CPU
		{1738865E-4BE1-45A8-8238-39C480659553}.Release|Any CPU.Build.0 = Release|Any CPU
		{73C1072C-52C6-4D33-8267-59F54CF8CD44}.Debug|Any CPU.ActiveCfg = Debug|Any CPU
		{73C1072C-52C6-4D33-8267-59F54CF8CD44}.Debug|Any CPU.Build.0 = Debug|Any CPU
		{73C1072C-52C6-4D33-8267-59F54CF8CD44}.Release|Any CPU.ActiveCfg = Release|Any CPU
		{73C1072C-52C6-4D33-8267-59F54CF8CD44}.Release|Any CPU.Build.0 = Release|Any CPU
		{7E2E42D2-EC48-44C4-AB7C-A84F6D0EFF30}.Debug|Any CPU.ActiveCfg = Debug|Any CPU
		{7E2E42D2-EC48-44C4-AB7C-A84F6D0EFF30}.Debug|Any CPU.Build.0 = Debug|Any CPU
		{7E2E42D2-EC48-44C4-AB7C-A84F6D0EFF30}.Release|Any CPU.ActiveCfg = Release|Any CPU
		{7E2E42D2-EC48-44C4-AB7C-A84F6D0EFF30}.Release|Any CPU.Build.0 = Release|Any CPU
		{3FDD56CB-BC1D-4CFF-89A3-A557F1836C5F}.Debug|Any CPU.ActiveCfg = Debug|Any CPU
		{3FDD56CB-BC1D-4CFF-89A3-A557F1836C5F}.Debug|Any CPU.Build.0 = Debug|Any CPU
		{3FDD56CB-BC1D-4CFF-89A3-A557F1836C5F}.Release|Any CPU.ActiveCfg = Release|Any CPU
		{3FDD56CB-BC1D-4CFF-89A3-A557F1836C5F}.Release|Any CPU.Build.0 = Release|Any CPU
		{B9BF86B0-297F-4ADF-AE7A-F398D15D82E1}.Debug|Any CPU.ActiveCfg = Debug|Any CPU
		{B9BF86B0-297F-4ADF-AE7A-F398D15D82E1}.Debug|Any CPU.Build.0 = Debug|Any CPU
		{B9BF86B0-297F-4ADF-AE7A-F398D15D82E1}.Release|Any CPU.ActiveCfg = Release|Any CPU
		{B9BF86B0-297F-4ADF-AE7A-F398D15D82E1}.Release|Any CPU.Build.0 = Release|Any CPU
		{98960476-9D41-428C-A2E4-8F297D000B5E}.Debug|Any CPU.ActiveCfg = Debug|Any CPU
		{98960476-9D41-428C-A2E4-8F297D000B5E}.Debug|Any CPU.Build.0 = Debug|Any CPU
		{98960476-9D41-428C-A2E4-8F297D000B5E}.Release|Any CPU.ActiveCfg = Release|Any CPU
		{98960476-9D41-428C-A2E4-8F297D000B5E}.Release|Any CPU.Build.0 = Release|Any CPU
		{4B261A18-A822-4243-B81A-161BF7A938F5}.Debug|Any CPU.ActiveCfg = Debug|Any CPU
		{4B261A18-A822-4243-B81A-161BF7A938F5}.Debug|Any CPU.Build.0 = Debug|Any CPU
		{4B261A18-A822-4243-B81A-161BF7A938F5}.Release|Any CPU.ActiveCfg = Release|Any CPU
		{4B261A18-A822-4243-B81A-161BF7A938F5}.Release|Any CPU.Build.0 = Release|Any CPU
		{9CAC867A-B706-403F-B174-C802E8399873}.Debug|Any CPU.ActiveCfg = Debug|Any CPU
		{9CAC867A-B706-403F-B174-C802E8399873}.Debug|Any CPU.Build.0 = Debug|Any CPU
		{9CAC867A-B706-403F-B174-C802E8399873}.Release|Any CPU.ActiveCfg = Release|Any CPU
		{9CAC867A-B706-403F-B174-C802E8399873}.Release|Any CPU.Build.0 = Release|Any CPU
		{B7E68A91-65FC-4273-AA1E-4FA361243BE5}.Debug|Any CPU.ActiveCfg = Debug|Any CPU
		{B7E68A91-65FC-4273-AA1E-4FA361243BE5}.Debug|Any CPU.Build.0 = Debug|Any CPU
		{B7E68A91-65FC-4273-AA1E-4FA361243BE5}.Release|Any CPU.ActiveCfg = Release|Any CPU
		{B7E68A91-65FC-4273-AA1E-4FA361243BE5}.Release|Any CPU.Build.0 = Release|Any CPU
		{1783D0E2-E739-4630-9845-AEB0EFF1989E}.Debug|Any CPU.ActiveCfg = Debug|Any CPU
		{1783D0E2-E739-4630-9845-AEB0EFF1989E}.Debug|Any CPU.Build.0 = Debug|Any CPU
		{1783D0E2-E739-4630-9845-AEB0EFF1989E}.Release|Any CPU.ActiveCfg = Release|Any CPU
		{1783D0E2-E739-4630-9845-AEB0EFF1989E}.Release|Any CPU.Build.0 = Release|Any CPU
		{CB2BC77B-E0F1-4325-8EC1-40AFD94876C0}.Debug|Any CPU.ActiveCfg = Debug|Any CPU
		{CB2BC77B-E0F1-4325-8EC1-40AFD94876C0}.Debug|Any CPU.Build.0 = Debug|Any CPU
		{CB2BC77B-E0F1-4325-8EC1-40AFD94876C0}.Release|Any CPU.ActiveCfg = Release|Any CPU
		{CB2BC77B-E0F1-4325-8EC1-40AFD94876C0}.Release|Any CPU.Build.0 = Release|Any CPU
		{513AD1F3-6364-4D22-AA93-98229340ED7F}.Debug|Any CPU.ActiveCfg = Debug|Any CPU
		{513AD1F3-6364-4D22-AA93-98229340ED7F}.Debug|Any CPU.Build.0 = Debug|Any CPU
		{513AD1F3-6364-4D22-AA93-98229340ED7F}.Release|Any CPU.ActiveCfg = Release|Any CPU
		{513AD1F3-6364-4D22-AA93-98229340ED7F}.Release|Any CPU.Build.0 = Release|Any CPU
		{FCA4527A-E398-4440-BC48-34A44EF6FF7E}.Debug|Any CPU.ActiveCfg = Debug|Any CPU
		{FCA4527A-E398-4440-BC48-34A44EF6FF7E}.Debug|Any CPU.Build.0 = Debug|Any CPU
		{FCA4527A-E398-4440-BC48-34A44EF6FF7E}.Release|Any CPU.ActiveCfg = Release|Any CPU
		{FCA4527A-E398-4440-BC48-34A44EF6FF7E}.Release|Any CPU.Build.0 = Release|Any CPU
		{4163071C-9055-4180-8BEA-72DD62ADD6B7}.Debug|Any CPU.ActiveCfg = Debug|Any CPU
		{4163071C-9055-4180-8BEA-72DD62ADD6B7}.Debug|Any CPU.Build.0 = Debug|Any CPU
		{4163071C-9055-4180-8BEA-72DD62ADD6B7}.Release|Any CPU.ActiveCfg = Release|Any CPU
		{4163071C-9055-4180-8BEA-72DD62ADD6B7}.Release|Any CPU.Build.0 = Release|Any CPU
		{E5FC4449-EA58-41FF-AB50-007E4FD7411C}.Debug|Any CPU.ActiveCfg = Debug|Any CPU
		{E5FC4449-EA58-41FF-AB50-007E4FD7411C}.Debug|Any CPU.Build.0 = Debug|Any CPU
		{E5FC4449-EA58-41FF-AB50-007E4FD7411C}.Release|Any CPU.ActiveCfg = Release|Any CPU
		{E5FC4449-EA58-41FF-AB50-007E4FD7411C}.Release|Any CPU.Build.0 = Release|Any CPU
		{258B62AD-D217-4546-8ACB-9A036334F9E3}.Debug|Any CPU.ActiveCfg = Debug|Any CPU
		{258B62AD-D217-4546-8ACB-9A036334F9E3}.Debug|Any CPU.Build.0 = Debug|Any CPU
		{258B62AD-D217-4546-8ACB-9A036334F9E3}.Release|Any CPU.ActiveCfg = Release|Any CPU
		{258B62AD-D217-4546-8ACB-9A036334F9E3}.Release|Any CPU.Build.0 = Release|Any CPU
		{B73182D7-D6A4-4BAA-928F-50A71AEC2A69}.Debug|Any CPU.ActiveCfg = Debug|Any CPU
		{B73182D7-D6A4-4BAA-928F-50A71AEC2A69}.Debug|Any CPU.Build.0 = Debug|Any CPU
		{B73182D7-D6A4-4BAA-928F-50A71AEC2A69}.Release|Any CPU.ActiveCfg = Release|Any CPU
		{B73182D7-D6A4-4BAA-928F-50A71AEC2A69}.Release|Any CPU.Build.0 = Release|Any CPU
		{01F4B3CF-F436-4CDB-AA71-E25AD7F227F9}.Debug|Any CPU.ActiveCfg = Debug|Any CPU
		{01F4B3CF-F436-4CDB-AA71-E25AD7F227F9}.Debug|Any CPU.Build.0 = Debug|Any CPU
		{01F4B3CF-F436-4CDB-AA71-E25AD7F227F9}.Release|Any CPU.ActiveCfg = Release|Any CPU
		{01F4B3CF-F436-4CDB-AA71-E25AD7F227F9}.Release|Any CPU.Build.0 = Release|Any CPU
		{F508FBDC-74DF-4FD4-B5F9-21A538121CAD}.Debug|Any CPU.ActiveCfg = Debug|Any CPU
		{F508FBDC-74DF-4FD4-B5F9-21A538121CAD}.Debug|Any CPU.Build.0 = Debug|Any CPU
		{F508FBDC-74DF-4FD4-B5F9-21A538121CAD}.Release|Any CPU.ActiveCfg = Release|Any CPU
		{F508FBDC-74DF-4FD4-B5F9-21A538121CAD}.Release|Any CPU.Build.0 = Release|Any CPU
		{2C4C08B9-B7C5-48E2-8E32-3F02E6E9CD07}.Debug|Any CPU.ActiveCfg = Debug|Any CPU
		{2C4C08B9-B7C5-48E2-8E32-3F02E6E9CD07}.Debug|Any CPU.Build.0 = Debug|Any CPU
		{2C4C08B9-B7C5-48E2-8E32-3F02E6E9CD07}.Release|Any CPU.ActiveCfg = Release|Any CPU
		{2C4C08B9-B7C5-48E2-8E32-3F02E6E9CD07}.Release|Any CPU.Build.0 = Release|Any CPU
		{B7E3435E-3BCC-46EB-A191-18D36FEDC8E2}.Debug|Any CPU.ActiveCfg = Debug|Any CPU
		{B7E3435E-3BCC-46EB-A191-18D36FEDC8E2}.Debug|Any CPU.Build.0 = Debug|Any CPU
		{B7E3435E-3BCC-46EB-A191-18D36FEDC8E2}.Release|Any CPU.ActiveCfg = Release|Any CPU
		{B7E3435E-3BCC-46EB-A191-18D36FEDC8E2}.Release|Any CPU.Build.0 = Release|Any CPU
		{856DDEB4-DBC2-4533-91C5-9CB982F5CC5E}.Debug|Any CPU.ActiveCfg = Debug|Any CPU
		{856DDEB4-DBC2-4533-91C5-9CB982F5CC5E}.Debug|Any CPU.Build.0 = Debug|Any CPU
		{856DDEB4-DBC2-4533-91C5-9CB982F5CC5E}.Release|Any CPU.ActiveCfg = Release|Any CPU
		{856DDEB4-DBC2-4533-91C5-9CB982F5CC5E}.Release|Any CPU.Build.0 = Release|Any CPU
		{8B3CA47D-E883-47A5-9CF6-2B61B8BD9918}.Debug|Any CPU.ActiveCfg = Debug|Any CPU
		{8B3CA47D-E883-47A5-9CF6-2B61B8BD9918}.Debug|Any CPU.Build.0 = Debug|Any CPU
		{8B3CA47D-E883-47A5-9CF6-2B61B8BD9918}.Release|Any CPU.ActiveCfg = Release|Any CPU
		{8B3CA47D-E883-47A5-9CF6-2B61B8BD9918}.Release|Any CPU.Build.0 = Release|Any CPU
		{F240A011-6ED8-470E-ADF7-DBA3EB929715}.Debug|Any CPU.ActiveCfg = Debug|Any CPU
		{F240A011-6ED8-470E-ADF7-DBA3EB929715}.Debug|Any CPU.Build.0 = Debug|Any CPU
		{F240A011-6ED8-470E-ADF7-DBA3EB929715}.Release|Any CPU.ActiveCfg = Release|Any CPU
		{F240A011-6ED8-470E-ADF7-DBA3EB929715}.Release|Any CPU.Build.0 = Release|Any CPU
		{66A1D780-8D0A-441F-B83A-253315D6B788}.Debug|Any CPU.ActiveCfg = Debug|Any CPU
		{66A1D780-8D0A-441F-B83A-253315D6B788}.Debug|Any CPU.Build.0 = Debug|Any CPU
		{66A1D780-8D0A-441F-B83A-253315D6B788}.Release|Any CPU.ActiveCfg = Release|Any CPU
		{66A1D780-8D0A-441F-B83A-253315D6B788}.Release|Any CPU.Build.0 = Release|Any CPU
		{7AB1BC68-D21B-4918-BB1B-F5AA58392BE5}.Debug|Any CPU.ActiveCfg = Debug|Any CPU
		{7AB1BC68-D21B-4918-BB1B-F5AA58392BE5}.Debug|Any CPU.Build.0 = Debug|Any CPU
		{7AB1BC68-D21B-4918-BB1B-F5AA58392BE5}.Release|Any CPU.ActiveCfg = Release|Any CPU
		{7AB1BC68-D21B-4918-BB1B-F5AA58392BE5}.Release|Any CPU.Build.0 = Release|Any CPU
		{3217E156-E93B-47E6-9BA3-5679731C2F93}.Debug|Any CPU.ActiveCfg = Debug|Any CPU
		{3217E156-E93B-47E6-9BA3-5679731C2F93}.Debug|Any CPU.Build.0 = Debug|Any CPU
		{3217E156-E93B-47E6-9BA3-5679731C2F93}.Release|Any CPU.ActiveCfg = Release|Any CPU
		{3217E156-E93B-47E6-9BA3-5679731C2F93}.Release|Any CPU.Build.0 = Release|Any CPU
		{3202DF88-AF98-4641-8376-C62F487722D3}.Debug|Any CPU.ActiveCfg = Debug|Any CPU
		{3202DF88-AF98-4641-8376-C62F487722D3}.Debug|Any CPU.Build.0 = Debug|Any CPU
		{3202DF88-AF98-4641-8376-C62F487722D3}.Release|Any CPU.ActiveCfg = Release|Any CPU
		{3202DF88-AF98-4641-8376-C62F487722D3}.Release|Any CPU.Build.0 = Release|Any CPU
		{B9FFF4EA-9DD0-49FA-9062-C7896A7D8A80}.Debug|Any CPU.ActiveCfg = Debug|Any CPU
		{B9FFF4EA-9DD0-49FA-9062-C7896A7D8A80}.Debug|Any CPU.Build.0 = Debug|Any CPU
		{B9FFF4EA-9DD0-49FA-9062-C7896A7D8A80}.Release|Any CPU.ActiveCfg = Release|Any CPU
		{B9FFF4EA-9DD0-49FA-9062-C7896A7D8A80}.Release|Any CPU.Build.0 = Release|Any CPU
		{FD84E685-D29B-4103-A362-C3085582EA38}.Debug|Any CPU.ActiveCfg = Debug|Any CPU
		{FD84E685-D29B-4103-A362-C3085582EA38}.Debug|Any CPU.Build.0 = Debug|Any CPU
		{FD84E685-D29B-4103-A362-C3085582EA38}.Release|Any CPU.ActiveCfg = Release|Any CPU
		{FD84E685-D29B-4103-A362-C3085582EA38}.Release|Any CPU.Build.0 = Release|Any CPU
		{2D1A5D51-10C7-44E2-83A7-0D5AFE975147}.Debug|Any CPU.ActiveCfg = Debug|Any CPU
		{2D1A5D51-10C7-44E2-83A7-0D5AFE975147}.Debug|Any CPU.Build.0 = Debug|Any CPU
		{2D1A5D51-10C7-44E2-83A7-0D5AFE975147}.Release|Any CPU.ActiveCfg = Release|Any CPU
		{2D1A5D51-10C7-44E2-83A7-0D5AFE975147}.Release|Any CPU.Build.0 = Release|Any CPU
		{4BC732DC-595C-4C2E-9FDB-3D0F9C513A1A}.Debug|Any CPU.ActiveCfg = Debug|Any CPU
		{4BC732DC-595C-4C2E-9FDB-3D0F9C513A1A}.Debug|Any CPU.Build.0 = Debug|Any CPU
		{4BC732DC-595C-4C2E-9FDB-3D0F9C513A1A}.Release|Any CPU.ActiveCfg = Release|Any CPU
		{4BC732DC-595C-4C2E-9FDB-3D0F9C513A1A}.Release|Any CPU.Build.0 = Release|Any CPU
		{BACB4C5A-DFC3-488F-86ED-E67FA96D4671}.Debug|Any CPU.ActiveCfg = Debug|Any CPU
		{BACB4C5A-DFC3-488F-86ED-E67FA96D4671}.Debug|Any CPU.Build.0 = Debug|Any CPU
		{BACB4C5A-DFC3-488F-86ED-E67FA96D4671}.Release|Any CPU.ActiveCfg = Release|Any CPU
		{BACB4C5A-DFC3-488F-86ED-E67FA96D4671}.Release|Any CPU.Build.0 = Release|Any CPU
		{BEF5D858-4B26-4987-BA95-8613C64372D9}.Debug|Any CPU.ActiveCfg = Debug|Any CPU
		{BEF5D858-4B26-4987-BA95-8613C64372D9}.Debug|Any CPU.Build.0 = Debug|Any CPU
		{BEF5D858-4B26-4987-BA95-8613C64372D9}.Release|Any CPU.ActiveCfg = Release|Any CPU
		{BEF5D858-4B26-4987-BA95-8613C64372D9}.Release|Any CPU.Build.0 = Release|Any CPU
		{FA51449C-ED9F-4EC2-8E89-D055B1CA7C09}.Debug|Any CPU.ActiveCfg = Debug|Any CPU
		{FA51449C-ED9F-4EC2-8E89-D055B1CA7C09}.Debug|Any CPU.Build.0 = Debug|Any CPU
		{FA51449C-ED9F-4EC2-8E89-D055B1CA7C09}.Release|Any CPU.ActiveCfg = Release|Any CPU
		{FA51449C-ED9F-4EC2-8E89-D055B1CA7C09}.Release|Any CPU.Build.0 = Release|Any CPU
		{ABCDE3CA-B09E-437C-90CA-CB08AF116167}.Debug|Any CPU.ActiveCfg = Debug|Any CPU
		{ABCDE3CA-B09E-437C-90CA-CB08AF116167}.Debug|Any CPU.Build.0 = Debug|Any CPU
		{ABCDE3CA-B09E-437C-90CA-CB08AF116167}.Release|Any CPU.ActiveCfg = Release|Any CPU
		{ABCDE3CA-B09E-437C-90CA-CB08AF116167}.Release|Any CPU.Build.0 = Release|Any CPU
		{77A9C3B7-6D74-48C6-8CE9-9EF8889EF601}.Debug|Any CPU.ActiveCfg = Debug|Any CPU
		{77A9C3B7-6D74-48C6-8CE9-9EF8889EF601}.Debug|Any CPU.Build.0 = Debug|Any CPU
		{77A9C3B7-6D74-48C6-8CE9-9EF8889EF601}.Release|Any CPU.ActiveCfg = Release|Any CPU
		{77A9C3B7-6D74-48C6-8CE9-9EF8889EF601}.Release|Any CPU.Build.0 = Release|Any CPU
		{154FB3CB-9436-415A-AD53-AEEC3CD6F5BE}.Debug|Any CPU.ActiveCfg = Debug|Any CPU
		{154FB3CB-9436-415A-AD53-AEEC3CD6F5BE}.Debug|Any CPU.Build.0 = Debug|Any CPU
		{154FB3CB-9436-415A-AD53-AEEC3CD6F5BE}.Release|Any CPU.ActiveCfg = Release|Any CPU
		{154FB3CB-9436-415A-AD53-AEEC3CD6F5BE}.Release|Any CPU.Build.0 = Release|Any CPU
		{D0319A86-3BD9-4C75-AD08-27E38B09CFDC}.Debug|Any CPU.ActiveCfg = Debug|Any CPU
		{D0319A86-3BD9-4C75-AD08-27E38B09CFDC}.Debug|Any CPU.Build.0 = Debug|Any CPU
		{D0319A86-3BD9-4C75-AD08-27E38B09CFDC}.Release|Any CPU.ActiveCfg = Release|Any CPU
		{D0319A86-3BD9-4C75-AD08-27E38B09CFDC}.Release|Any CPU.Build.0 = Release|Any CPU
		{5D9223A5-E94A-447E-A8B6-E3C34C9AFEA4}.Debug|Any CPU.ActiveCfg = Debug|Any CPU
		{5D9223A5-E94A-447E-A8B6-E3C34C9AFEA4}.Debug|Any CPU.Build.0 = Debug|Any CPU
		{5D9223A5-E94A-447E-A8B6-E3C34C9AFEA4}.Release|Any CPU.ActiveCfg = Release|Any CPU
		{5D9223A5-E94A-447E-A8B6-E3C34C9AFEA4}.Release|Any CPU.Build.0 = Release|Any CPU
		{D7F63A44-7A2C-4BC0-916B-FEF1873F460B}.Debug|Any CPU.ActiveCfg = Debug|Any CPU
		{D7F63A44-7A2C-4BC0-916B-FEF1873F460B}.Debug|Any CPU.Build.0 = Debug|Any CPU
		{D7F63A44-7A2C-4BC0-916B-FEF1873F460B}.Release|Any CPU.ActiveCfg = Release|Any CPU
		{D7F63A44-7A2C-4BC0-916B-FEF1873F460B}.Release|Any CPU.Build.0 = Release|Any CPU
		{C38774C1-2219-4038-B235-F228BEE2260D}.Debug|Any CPU.ActiveCfg = Debug|Any CPU
		{C38774C1-2219-4038-B235-F228BEE2260D}.Debug|Any CPU.Build.0 = Debug|Any CPU
		{C38774C1-2219-4038-B235-F228BEE2260D}.Release|Any CPU.ActiveCfg = Release|Any CPU
		{C38774C1-2219-4038-B235-F228BEE2260D}.Release|Any CPU.Build.0 = Release|Any CPU
		{5E0704D0-DBE5-48A5-9527-32BAE951A2AE}.Debug|Any CPU.ActiveCfg = Debug|Any CPU
		{5E0704D0-DBE5-48A5-9527-32BAE951A2AE}.Debug|Any CPU.Build.0 = Debug|Any CPU
		{5E0704D0-DBE5-48A5-9527-32BAE951A2AE}.Release|Any CPU.ActiveCfg = Release|Any CPU
		{5E0704D0-DBE5-48A5-9527-32BAE951A2AE}.Release|Any CPU.Build.0 = Release|Any CPU
		{FFC8648B-D6E3-4AF0-BC7C-19329F1053CD}.Debug|Any CPU.ActiveCfg = Debug|Any CPU
		{FFC8648B-D6E3-4AF0-BC7C-19329F1053CD}.Debug|Any CPU.Build.0 = Debug|Any CPU
		{FFC8648B-D6E3-4AF0-BC7C-19329F1053CD}.Release|Any CPU.ActiveCfg = Release|Any CPU
		{FFC8648B-D6E3-4AF0-BC7C-19329F1053CD}.Release|Any CPU.Build.0 = Release|Any CPU
		{F0C357D9-7857-426F-A83E-D200C9993BE4}.Debug|Any CPU.ActiveCfg = Debug|Any CPU
		{F0C357D9-7857-426F-A83E-D200C9993BE4}.Debug|Any CPU.Build.0 = Debug|Any CPU
		{F0C357D9-7857-426F-A83E-D200C9993BE4}.Release|Any CPU.ActiveCfg = Release|Any CPU
		{F0C357D9-7857-426F-A83E-D200C9993BE4}.Release|Any CPU.Build.0 = Release|Any CPU
		{CD60AF30-1265-44BA-AD74-F7F334D6C2C3}.Debug|Any CPU.ActiveCfg = Debug|Any CPU
		{CD60AF30-1265-44BA-AD74-F7F334D6C2C3}.Debug|Any CPU.Build.0 = Debug|Any CPU
		{CD60AF30-1265-44BA-AD74-F7F334D6C2C3}.Release|Any CPU.ActiveCfg = Release|Any CPU
		{CD60AF30-1265-44BA-AD74-F7F334D6C2C3}.Release|Any CPU.Build.0 = Release|Any CPU
		{C4A5E5C2-20C9-4ACD-B88A-12BD7F42EEE7}.Debug|Any CPU.ActiveCfg = Debug|Any CPU
		{C4A5E5C2-20C9-4ACD-B88A-12BD7F42EEE7}.Debug|Any CPU.Build.0 = Debug|Any CPU
		{C4A5E5C2-20C9-4ACD-B88A-12BD7F42EEE7}.Release|Any CPU.ActiveCfg = Release|Any CPU
		{C4A5E5C2-20C9-4ACD-B88A-12BD7F42EEE7}.Release|Any CPU.Build.0 = Release|Any CPU
		{FEA705A1-6539-4FAE-BDAF-FE3D846151C0}.Debug|Any CPU.ActiveCfg = Debug|Any CPU
		{FEA705A1-6539-4FAE-BDAF-FE3D846151C0}.Debug|Any CPU.Build.0 = Debug|Any CPU
		{FEA705A1-6539-4FAE-BDAF-FE3D846151C0}.Release|Any CPU.ActiveCfg = Release|Any CPU
		{FEA705A1-6539-4FAE-BDAF-FE3D846151C0}.Release|Any CPU.Build.0 = Release|Any CPU
		{D0610D80-EB8A-4A19-91E1-09F0E357D484}.Debug|Any CPU.ActiveCfg = Debug|Any CPU
		{D0610D80-EB8A-4A19-91E1-09F0E357D484}.Debug|Any CPU.Build.0 = Debug|Any CPU
		{D0610D80-EB8A-4A19-91E1-09F0E357D484}.Release|Any CPU.ActiveCfg = Release|Any CPU
		{D0610D80-EB8A-4A19-91E1-09F0E357D484}.Release|Any CPU.Build.0 = Release|Any CPU
		{DEE4D601-A1F0-4F58-8D88-021A6947C21A}.Debug|Any CPU.ActiveCfg = Debug|Any CPU
		{DEE4D601-A1F0-4F58-8D88-021A6947C21A}.Debug|Any CPU.Build.0 = Debug|Any CPU
		{DEE4D601-A1F0-4F58-8D88-021A6947C21A}.Release|Any CPU.ActiveCfg = Release|Any CPU
		{DEE4D601-A1F0-4F58-8D88-021A6947C21A}.Release|Any CPU.Build.0 = Release|Any CPU
		{31E6BC55-D492-4ED6-86BA-EABECFD9CEE6}.Debug|Any CPU.ActiveCfg = Debug|Any CPU
		{31E6BC55-D492-4ED6-86BA-EABECFD9CEE6}.Debug|Any CPU.Build.0 = Debug|Any CPU
		{31E6BC55-D492-4ED6-86BA-EABECFD9CEE6}.Release|Any CPU.ActiveCfg = Release|Any CPU
		{31E6BC55-D492-4ED6-86BA-EABECFD9CEE6}.Release|Any CPU.Build.0 = Release|Any CPU
		{33E35FCE-FBD6-4E20-9150-2981AD425AC9}.Debug|Any CPU.ActiveCfg = Debug|Any CPU
		{33E35FCE-FBD6-4E20-9150-2981AD425AC9}.Debug|Any CPU.Build.0 = Debug|Any CPU
		{33E35FCE-FBD6-4E20-9150-2981AD425AC9}.Release|Any CPU.ActiveCfg = Release|Any CPU
		{33E35FCE-FBD6-4E20-9150-2981AD425AC9}.Release|Any CPU.Build.0 = Release|Any CPU
	EndGlobalSection
	GlobalSection(SolutionProperties) = preSolution
		HideSolutionNode = FALSE
	EndGlobalSection
	GlobalSection(NestedProjects) = preSolution
		{DF8D0484-EAF1-4E95-A036-2F311A391202} = {890064E2-853F-432B-BDE0-872237114056}
		{A3120E74-9E48-415A-91DE-13848EE97CE8} = {43ED50F9-7EA7-4F19-9701-94F23F97EF09}
		{9715FFE5-F14A-4E7A-8609-8A608F6B272F} = {43ED50F9-7EA7-4F19-9701-94F23F97EF09}
		{6345828E-7E2C-4429-A545-FB7155F8DCA3} = {88DA7618-DECD-4944-854F-1AD1B09E22A8}
		{C3A62E0A-2B09-4605-BB3D-FCA64B9D57EA} = {88DA7618-DECD-4944-854F-1AD1B09E22A8}
		{5F91B6DC-0B52-44E3-BEBF-3767B6FCB53C} = {51E462EC-73EE-4C26-B95B-041CEB1188E8}
		{59626215-9C27-43A6-9C9D-94453A899C1F} = {51E462EC-73EE-4C26-B95B-041CEB1188E8}
		{D20C168E-969C-41B2-B02D-E6834B097F36} = {51E462EC-73EE-4C26-B95B-041CEB1188E8}
		{0D7A83BA-72D2-44FE-8CD2-FA5BA70E05AB} = {B3D36D25-13A9-40E8-9F15-0DE735D86C81}
		{98BDD08F-F4CE-47BE-BF71-1FF7561A1831} = {B3D36D25-13A9-40E8-9F15-0DE735D86C81}
		{656743B2-9D6B-41C8-9887-2B65E5703369} = {B3D36D25-13A9-40E8-9F15-0DE735D86C81}
		{7098B168-CD9F-4DEA-9ADB-8A0349FEF32D} = {B3D36D25-13A9-40E8-9F15-0DE735D86C81}
		{575C7503-71EE-4990-9DE0-3A6840AFD619} = {B3D36D25-13A9-40E8-9F15-0DE735D86C81}
		{11F9B987-5858-456E-B8D2-AD2ACB754EC4} = {B3D36D25-13A9-40E8-9F15-0DE735D86C81}
		{D994FB40-A892-484A-B20B-B71474C7CD69} = {88DA7618-DECD-4944-854F-1AD1B09E22A8}
		{7479809C-EEA6-4D94-BF7C-45D08191459C} = {51E462EC-73EE-4C26-B95B-041CEB1188E8}
		{0C51E575-CDF5-4546-B2CD-A84812BC3F1E} = {51E462EC-73EE-4C26-B95B-041CEB1188E8}
		{01A5C3FB-07D1-4DC5-8043-24FED46024D8} = {51E462EC-73EE-4C26-B95B-041CEB1188E8}
		{2F740231-CD18-4837-81ED-BA0B8DB781E1} = {51E462EC-73EE-4C26-B95B-041CEB1188E8}
		{9A50914D-DC1E-4B56-A323-09CBD4A8E926} = {51E462EC-73EE-4C26-B95B-041CEB1188E8}
		{D49DDEC3-0D4E-41A2-B018-6AFB97252347} = {51E462EC-73EE-4C26-B95B-041CEB1188E8}
		{6A75F5B2-3403-416E-877C-E7759B5E41A0} = {51E462EC-73EE-4C26-B95B-041CEB1188E8}
		{776A4BD7-973E-41CE-A3C3-B977A9FA5D1D} = {51E462EC-73EE-4C26-B95B-041CEB1188E8}
		{A0C83B25-D787-4E4C-A4F3-BBCFB71394A4} = {51E462EC-73EE-4C26-B95B-041CEB1188E8}
		{0E5A8773-CC22-45E4-B736-311B4AF6CCBC} = {042B958C-DB79-486D-AF36-582CA01E50E0}
		{B884824A-B357-4361-A4EA-636F84C73219} = {042B958C-DB79-486D-AF36-582CA01E50E0}
		{3F0B2947-C7FC-4819-A89A-7FA5F508B8CD} = {51E462EC-73EE-4C26-B95B-041CEB1188E8}
		{9850064C-3133-49B5-B4FB-8523DA22C903} = {042B958C-DB79-486D-AF36-582CA01E50E0}
		{D77C8B19-5ADE-44C1-99AB-1F99BE38E866} = {042B958C-DB79-486D-AF36-582CA01E50E0}
		{F982ED7F-AD33-4435-8D8A-3D25280E1856} = {042B958C-DB79-486D-AF36-582CA01E50E0}
		{BE7DB315-9B09-4F33-8D9A-136AFC62C168} = {042B958C-DB79-486D-AF36-582CA01E50E0}
		{16B1F2DC-3954-4107-9817-F6E7F4AE3146} = {042B958C-DB79-486D-AF36-582CA01E50E0}
		{31A32665-9A32-45BA-8B26-A4C34CAF2E84} = {042B958C-DB79-486D-AF36-582CA01E50E0}
		{DE17CF59-D2EE-4D1E-A0F1-4D1598D1F8D4} = {1AD0EB50-F4BF-4F78-ADA2-823567075401}
		{CB6500BB-3774-4DB6-94F2-B2F9F9EE58F8} = {1AD0EB50-F4BF-4F78-ADA2-823567075401}
		{C62A51CD-3DB4-45FB-AE7A-DE5054774DA1} = {1AD0EB50-F4BF-4F78-ADA2-823567075401}
		{90781A8E-6103-4142-8234-1394B1040680} = {1AD0EB50-F4BF-4F78-ADA2-823567075401}
		{A8F1677E-4788-415F-9F4C-6AD4ED2EE5C3} = {1AD0EB50-F4BF-4F78-ADA2-823567075401}
		{4F72F276-6BB4-4477-AD3D-81591622C7BC} = {1AD0EB50-F4BF-4F78-ADA2-823567075401}
		{16DE19AD-3237-43E6-BFF1-CAA97526851B} = {1AD0EB50-F4BF-4F78-ADA2-823567075401}
		{1738865E-4BE1-45A8-8238-39C480659553} = {1AD0EB50-F4BF-4F78-ADA2-823567075401}
		{73C1072C-52C6-4D33-8267-59F54CF8CD44} = {1AD0EB50-F4BF-4F78-ADA2-823567075401}
		{7E2E42D2-EC48-44C4-AB7C-A84F6D0EFF30} = {042B958C-DB79-486D-AF36-582CA01E50E0}
		{3FDD56CB-BC1D-4CFF-89A3-A557F1836C5F} = {19179CFE-FD85-4666-8351-DAFA8FB59BCF}
		{B9BF86B0-297F-4ADF-AE7A-F398D15D82E1} = {19179CFE-FD85-4666-8351-DAFA8FB59BCF}
		{98960476-9D41-428C-A2E4-8F297D000B5E} = {19179CFE-FD85-4666-8351-DAFA8FB59BCF}
		{4B261A18-A822-4243-B81A-161BF7A938F5} = {19179CFE-FD85-4666-8351-DAFA8FB59BCF}
		{9CAC867A-B706-403F-B174-C802E8399873} = {E0B31F1F-0AEA-4963-9559-AACE6424A69A}
		{B7E68A91-65FC-4273-AA1E-4FA361243BE5} = {E0B31F1F-0AEA-4963-9559-AACE6424A69A}
		{1783D0E2-E739-4630-9845-AEB0EFF1989E} = {E0B31F1F-0AEA-4963-9559-AACE6424A69A}
		{CB2BC77B-E0F1-4325-8EC1-40AFD94876C0} = {E0B31F1F-0AEA-4963-9559-AACE6424A69A}
		{513AD1F3-6364-4D22-AA93-98229340ED7F} = {E0B31F1F-0AEA-4963-9559-AACE6424A69A}
		{FCA4527A-E398-4440-BC48-34A44EF6FF7E} = {E0B31F1F-0AEA-4963-9559-AACE6424A69A}
		{4163071C-9055-4180-8BEA-72DD62ADD6B7} = {042B958C-DB79-486D-AF36-582CA01E50E0}
		{E5FC4449-EA58-41FF-AB50-007E4FD7411C} = {229094E8-F6E2-4F57-9AA0-A7157B56B7E1}
		{258B62AD-D217-4546-8ACB-9A036334F9E3} = {229094E8-F6E2-4F57-9AA0-A7157B56B7E1}
		{B73182D7-D6A4-4BAA-928F-50A71AEC2A69} = {67543C46-04EE-494F-9760-2238D5962D17}
		{01F4B3CF-F436-4CDB-AA71-E25AD7F227F9} = {67543C46-04EE-494F-9760-2238D5962D17}
		{F508FBDC-74DF-4FD4-B5F9-21A538121CAD} = {1AD0EB50-F4BF-4F78-ADA2-823567075401}
		{2C4C08B9-B7C5-48E2-8E32-3F02E6E9CD07} = {1AD0EB50-F4BF-4F78-ADA2-823567075401}
		{B7E3435E-3BCC-46EB-A191-18D36FEDC8E2} = {1AD0EB50-F4BF-4F78-ADA2-823567075401}
		{856DDEB4-DBC2-4533-91C5-9CB982F5CC5E} = {19179CFE-FD85-4666-8351-DAFA8FB59BCF}
		{8B3CA47D-E883-47A5-9CF6-2B61B8BD9918} = {19179CFE-FD85-4666-8351-DAFA8FB59BCF}
		{F240A011-6ED8-470E-ADF7-DBA3EB929715} = {E0B31F1F-0AEA-4963-9559-AACE6424A69A}
		{66A1D780-8D0A-441F-B83A-253315D6B788} = {E0B31F1F-0AEA-4963-9559-AACE6424A69A}
		{7AB1BC68-D21B-4918-BB1B-F5AA58392BE5} = {D640476E-C5B6-4708-8DE4-5696588121E7}
		{3217E156-E93B-47E6-9BA3-5679731C2F93} = {D640476E-C5B6-4708-8DE4-5696588121E7}
		{3202DF88-AF98-4641-8376-C62F487722D3} = {DB9DA6B0-F2BE-440B-A363-398E00534C15}
		{B9FFF4EA-9DD0-49FA-9062-C7896A7D8A80} = {D640476E-C5B6-4708-8DE4-5696588121E7}
		{FD84E685-D29B-4103-A362-C3085582EA38} = {D640476E-C5B6-4708-8DE4-5696588121E7}
		{2D1A5D51-10C7-44E2-83A7-0D5AFE975147} = {D640476E-C5B6-4708-8DE4-5696588121E7}
		{4BC732DC-595C-4C2E-9FDB-3D0F9C513A1A} = {DB9DA6B0-F2BE-440B-A363-398E00534C15}
		{BACB4C5A-DFC3-488F-86ED-E67FA96D4671} = {8D15006E-4D72-47D5-B648-E3C40BC40A22}
		{BEF5D858-4B26-4987-BA95-8613C64372D9} = {8D15006E-4D72-47D5-B648-E3C40BC40A22}
		{FA51449C-ED9F-4EC2-8E89-D055B1CA7C09} = {8D15006E-4D72-47D5-B648-E3C40BC40A22}
		{ABCDE3CA-B09E-437C-90CA-CB08AF116167} = {8D15006E-4D72-47D5-B648-E3C40BC40A22}
		{77A9C3B7-6D74-48C6-8CE9-9EF8889EF601} = {8D15006E-4D72-47D5-B648-E3C40BC40A22}
		{154FB3CB-9436-415A-AD53-AEEC3CD6F5BE} = {42961578-0257-473F-A289-E45617C5F2DE}
		{D0319A86-3BD9-4C75-AD08-27E38B09CFDC} = {42961578-0257-473F-A289-E45617C5F2DE}
		{5D9223A5-E94A-447E-A8B6-E3C34C9AFEA4} = {43ED50F9-7EA7-4F19-9701-94F23F97EF09}
		{D7F63A44-7A2C-4BC0-916B-FEF1873F460B} = {88DA7618-DECD-4944-854F-1AD1B09E22A8}
		{C38774C1-2219-4038-B235-F228BEE2260D} = {1AD0EB50-F4BF-4F78-ADA2-823567075401}
		{5E0704D0-DBE5-48A5-9527-32BAE951A2AE} = {1AD0EB50-F4BF-4F78-ADA2-823567075401}
		{FFC8648B-D6E3-4AF0-BC7C-19329F1053CD} = {1AD0EB50-F4BF-4F78-ADA2-823567075401}
		{F0C357D9-7857-426F-A83E-D200C9993BE4} = {24746E01-1271-4E69-B80D-F58CAC7A55CB}
		{CD60AF30-1265-44BA-AD74-F7F334D6C2C3} = {24746E01-1271-4E69-B80D-F58CAC7A55CB}
		{C4A5E5C2-20C9-4ACD-B88A-12BD7F42EEE7} = {24746E01-1271-4E69-B80D-F58CAC7A55CB}
		{FEA705A1-6539-4FAE-BDAF-FE3D846151C0} = {FD4B8D06-FE39-4E06-88D7-50A1CEE3F6E7}
		{D0610D80-EB8A-4A19-91E1-09F0E357D484} = {FD4B8D06-FE39-4E06-88D7-50A1CEE3F6E7}
		{DEE4D601-A1F0-4F58-8D88-021A6947C21A} = {FD4B8D06-FE39-4E06-88D7-50A1CEE3F6E7}
		{31E6BC55-D492-4ED6-86BA-EABECFD9CEE6} = {FD4B8D06-FE39-4E06-88D7-50A1CEE3F6E7}
		{33E35FCE-FBD6-4E20-9150-2981AD425AC9} = {FD4B8D06-FE39-4E06-88D7-50A1CEE3F6E7}
	EndGlobalSection
	GlobalSection(ExtensibilityGlobals) = postSolution
		SolutionGuid = {2D4ACC69-4525-4618-8D78-73316235ECB2}
	EndGlobalSection
EndGlobal
